
Microsoft Visual Studio Solution File, Format Version 12.00
# Visual Studio Version 17
VisualStudioVersion = 17.4.33103.184
MinimumVisualStudioVersion = 10.0.40219.1
Project("{9A19103F-16F7-4668-BE54-9A1E7A4F7556}") = "00-HelloWorld", "00-HelloWorld\00-HelloWorld.csproj", "{8205C970-53A5-476F-8334-4111D248BB80}"
EndProject
Project("{9A19103F-16F7-4668-BE54-9A1E7A4F7556}") = "00-Template", "00-Template\00-Template.csproj", "{2E501891-EDCA-4556-8809-0B63B403DD90}"
EndProject
Project("{9A19103F-16F7-4668-BE54-9A1E7A4F7556}") = "01-Objects", "01-Objects\01-Objects.csproj", "{50FD43D1-4463-472F-B159-C136C600140B}"
EndProject
Project("{9A19103F-16F7-4668-BE54-9A1E7A4F7556}") = "01-Properties", "01-Properties\01-Properties.csproj", "{CE66C7D5-1811-4091-B9C8-9CE69EB05E86}"
EndProject
Project("{9A19103F-16F7-4668-BE54-9A1E7A4F7556}") = "02-Initializers", "02-Initializers\02-Initializers.csproj", "{78B3C4C5-1684-4775-AA67-B8B3D14B3B17}"
EndProject
Project("{9A19103F-16F7-4668-BE54-9A1E7A4F7556}") = "03-Enumeration", "03-Enumeration\03-Enumeration.csproj", "{39DE479C-C5EE-4248-88B7-34D289FFEE03}"
EndProject
Project("{9A19103F-16F7-4668-BE54-9A1E7A4F7556}") = "04-Inheritance", "04-Inheritance\04-Inheritance.csproj", "{786B4655-12B2-45B9-80C8-D697EFC9AD35}"
EndProject
Project("{9A19103F-16F7-4668-BE54-9A1E7A4F7556}") = "04-AbstractClasses", "04-AbstractClasses\04-AbstractClasses.csproj", "{14408658-E37D-4415-910A-170E8BC3C3A5}"
EndProject
Project("{9A19103F-16F7-4668-BE54-9A1E7A4F7556}") = "04-Exceptions", "04-Exceptions\04-Exceptions.csproj", "{374948BA-3DF7-4772-9358-DB52F5D6B988}"
EndProject
Project("{FAE04EC0-301F-11D3-BF4B-00C04F79EFBC}") = "04-CustomExceptions", "04-CustomExceptions\04-CustomExceptions.csproj", "{E2B23800-F295-4457-BE93-2E6BA8E1E02B}"
EndProject
Global
	GlobalSection(SolutionConfigurationPlatforms) = preSolution
		Debug|Any CPU = Debug|Any CPU
		Release|Any CPU = Release|Any CPU
	EndGlobalSection
	GlobalSection(ProjectConfigurationPlatforms) = postSolution
		{8205C970-53A5-476F-8334-4111D248BB80}.Debug|Any CPU.ActiveCfg = Debug|Any CPU
		{8205C970-53A5-476F-8334-4111D248BB80}.Debug|Any CPU.Build.0 = Debug|Any CPU
		{8205C970-53A5-476F-8334-4111D248BB80}.Release|Any CPU.ActiveCfg = Release|Any CPU
		{8205C970-53A5-476F-8334-4111D248BB80}.Release|Any CPU.Build.0 = Release|Any CPU
		{2E501891-EDCA-4556-8809-0B63B403DD90}.Debug|Any CPU.ActiveCfg = Debug|Any CPU
		{2E501891-EDCA-4556-8809-0B63B403DD90}.Debug|Any CPU.Build.0 = Debug|Any CPU
		{2E501891-EDCA-4556-8809-0B63B403DD90}.Release|Any CPU.ActiveCfg = Release|Any CPU
		{2E501891-EDCA-4556-8809-0B63B403DD90}.Release|Any CPU.Build.0 = Release|Any CPU
		{50FD43D1-4463-472F-B159-C136C600140B}.Debug|Any CPU.ActiveCfg = Debug|Any CPU
		{50FD43D1-4463-472F-B159-C136C600140B}.Debug|Any CPU.Build.0 = Debug|Any CPU
		{50FD43D1-4463-472F-B159-C136C600140B}.Release|Any CPU.ActiveCfg = Release|Any CPU
		{50FD43D1-4463-472F-B159-C136C600140B}.Release|Any CPU.Build.0 = Release|Any CPU
		{CE66C7D5-1811-4091-B9C8-9CE69EB05E86}.Debug|Any CPU.ActiveCfg = Debug|Any CPU
		{CE66C7D5-1811-4091-B9C8-9CE69EB05E86}.Debug|Any CPU.Build.0 = Debug|Any CPU
		{CE66C7D5-1811-4091-B9C8-9CE69EB05E86}.Release|Any CPU.ActiveCfg = Release|Any CPU
		{CE66C7D5-1811-4091-B9C8-9CE69EB05E86}.Release|Any CPU.Build.0 = Release|Any CPU
		{78B3C4C5-1684-4775-AA67-B8B3D14B3B17}.Debug|Any CPU.ActiveCfg = Debug|Any CPU
		{78B3C4C5-1684-4775-AA67-B8B3D14B3B17}.Debug|Any CPU.Build.0 = Debug|Any CPU
		{78B3C4C5-1684-4775-AA67-B8B3D14B3B17}.Release|Any CPU.ActiveCfg = Release|Any CPU
		{78B3C4C5-1684-4775-AA67-B8B3D14B3B17}.Release|Any CPU.Build.0 = Release|Any CPU
		{39DE479C-C5EE-4248-88B7-34D289FFEE03}.Debug|Any CPU.ActiveCfg = Debug|Any CPU
		{39DE479C-C5EE-4248-88B7-34D289FFEE03}.Debug|Any CPU.Build.0 = Debug|Any CPU
		{39DE479C-C5EE-4248-88B7-34D289FFEE03}.Release|Any CPU.ActiveCfg = Release|Any CPU
		{39DE479C-C5EE-4248-88B7-34D289FFEE03}.Release|Any CPU.Build.0 = Release|Any CPU
		{786B4655-12B2-45B9-80C8-D697EFC9AD35}.Debug|Any CPU.ActiveCfg = Debug|Any CPU
		{786B4655-12B2-45B9-80C8-D697EFC9AD35}.Debug|Any CPU.Build.0 = Debug|Any CPU
		{786B4655-12B2-45B9-80C8-D697EFC9AD35}.Release|Any CPU.ActiveCfg = Release|Any CPU
		{786B4655-12B2-45B9-80C8-D697EFC9AD35}.Release|Any CPU.Build.0 = Release|Any CPU
		{14408658-E37D-4415-910A-170E8BC3C3A5}.Debug|Any CPU.ActiveCfg = Debug|Any CPU
		{14408658-E37D-4415-910A-170E8BC3C3A5}.Debug|Any CPU.Build.0 = Debug|Any CPU
		{14408658-E37D-4415-910A-170E8BC3C3A5}.Release|Any CPU.ActiveCfg = Release|Any CPU
		{14408658-E37D-4415-910A-170E8BC3C3A5}.Release|Any CPU.Build.0 = Release|Any CPU
		{374948BA-3DF7-4772-9358-DB52F5D6B988}.Debug|Any CPU.ActiveCfg = Debug|Any CPU
		{374948BA-3DF7-4772-9358-DB52F5D6B988}.Debug|Any CPU.Build.0 = Debug|Any CPU
		{374948BA-3DF7-4772-9358-DB52F5D6B988}.Release|Any CPU.ActiveCfg = Release|Any CPU
		{374948BA-3DF7-4772-9358-DB52F5D6B988}.Release|Any CPU.Build.0 = Release|Any CPU
		{E2B23800-F295-4457-BE93-2E6BA8E1E02B}.Debug|Any CPU.ActiveCfg = Debug|Any CPU
		{E2B23800-F295-4457-BE93-2E6BA8E1E02B}.Debug|Any CPU.Build.0 = Debug|Any CPU
		{E2B23800-F295-4457-BE93-2E6BA8E1E02B}.Release|Any CPU.ActiveCfg = Release|Any CPU
		{E2B23800-F295-4457-BE93-2E6BA8E1E02B}.Release|Any CPU.Build.0 = Release|Any CPU
	EndGlobalSection
	GlobalSection(SolutionProperties) = preSolution
		HideSolutionNode = FALSE
	EndGlobalSection
	GlobalSection(ExtensibilityGlobals) = postSolution
		SolutionGuid = {DF9102D7-E284-4898-9C33-9C2227D29B4C}
	EndGlobalSection
EndGlobal
