
Microsoft Visual Studio Solution File, Format Version 12.00
# Visual Studio Version 17
VisualStudioVersion = 17.4.33103.184
MinimumVisualStudioVersion = 10.0.40219.1
Project("{9A19103F-16F7-4668-BE54-9A1E7A4F7556}") = "XX-Alexandria", "XX-Alexandria\XX-Alexandria.csproj", "{F533BFA2-E7AE-4910-8D16-4D1D29BF86B9}"
EndProject
Project("{9A19103F-16F7-4668-BE54-9A1E7A4F7556}") = "10-1-TextFiles", "10-1-Files\10-1-TextFiles.csproj", "{3BEBABC1-DFCC-4DB4-9B50-CF05CD221B86}"
EndProject
Project("{9A19103F-16F7-4668-BE54-9A1E7A4F7556}") = "XX-Dictionary", "09-1-Dictionary\XX-Dictionary.csproj", "{1AD54900-84FE-4350-B29B-B428EFCEDA35}"
EndProject
Project("{9A19103F-16F7-4668-BE54-9A1E7A4F7556}") = "06-5-DateTime", "06-5-DateTime\06-5-DateTime.csproj", "{DCD523EA-476E-4757-B73A-3F46EF5C26FA}"
EndProject
Project("{9A19103F-16F7-4668-BE54-9A1E7A4F7556}") = "06-4-StringBuilder", "06-4-StringBuilder\06-4-StringBuilder.csproj", "{BC252A9D-0BC2-4461-844B-5C9A3BF0CE62}"
EndProject
Project("{9A19103F-16F7-4668-BE54-9A1E7A4F7556}") = "06-3-IComparer", "06-3-IComparer\06-3-IComparer.csproj", "{641608EC-ADD3-47CB-9C71-3B8B3259E60A}"
EndProject
Project("{9A19103F-16F7-4668-BE54-9A1E7A4F7556}") = "06-2-IComparable", "06-2-IComparable\06-2-IComparable.csproj", "{E9A4ABE7-92A3-484D-B99B-F14BC547722C}"
EndProject
Project("{9A19103F-16F7-4668-BE54-9A1E7A4F7556}") = "06-1-Interfaces", "06-1-Interfaces\06-1-Interfaces.csproj", "{A6715E6E-1480-4AF8-B504-42C7ABE6598D}"
EndProject
Project("{9A19103F-16F7-4668-BE54-9A1E7A4F7556}") = "05-2-SortingLists", "05-1-SortingLists\05-2-SortingLists.csproj", "{BFAC7266-43D5-49E2-9BB3-7491A18D2FFA}"
EndProject
Project("{9A19103F-16F7-4668-BE54-9A1E7A4F7556}") = "05-1-Algorithms", "05-1-Algorithms\05-1-Algorithms.csproj", "{D27A3A00-9E9B-4D95-BC55-3B6FD17CF84E}"
EndProject
Project("{9A19103F-16F7-4668-BE54-9A1E7A4F7556}") = "04-7-DiceRoller", "04-7-DiceRoller\04-7-DiceRoller.csproj", "{38D0BB5E-ED2B-43E7-9695-E8DBCAC858BD}"
EndProject
Project("{9A19103F-16F7-4668-BE54-9A1E7A4F7556}") = "04-6-CustomExceptions", "04-6-CustomExceptions\04-6-CustomExceptions.csproj", "{388F6C15-D46F-45B5-8450-2086677B399D}"
EndProject
Project("{9A19103F-16F7-4668-BE54-9A1E7A4F7556}") = "04-5-Exceptions", "04-5-Exceptions\04-5-Exceptions.csproj", "{246AA16D-B176-4021-B2E7-76932BBC156E}"
EndProject
Project("{9A19103F-16F7-4668-BE54-9A1E7A4F7556}") = "04-4-ExceptionsBasic", "04-4-ExceptionsBasic\04-4-ExceptionsBasic.csproj", "{F60CA139-96DF-4483-A508-205F0ED0F557}"
EndProject
Project("{9A19103F-16F7-4668-BE54-9A1E7A4F7556}") = "04-3-Shapes", "04-3-Shapes\04-3-Shapes.csproj", "{FA040134-DA5E-4A96-A0F7-8F14E856E977}"
EndProject
Project("{9A19103F-16F7-4668-BE54-9A1E7A4F7556}") = "04-2-AbstractClasses", "04-2-AbstractClasses\04-2-AbstractClasses.csproj", "{BD3D6600-39AE-45D0-9BB8-D063FCC529C4}"
EndProject
Project("{9A19103F-16F7-4668-BE54-9A1E7A4F7556}") = "04-1-Inheritance", "04-1-Inheritance\04-1-Inheritance.csproj", "{193D4ED7-7C3C-490F-9FD9-D95A1B97AABD}"
EndProject
Project("{9A19103F-16F7-4668-BE54-9A1E7A4F7556}") = "02-1-Initializers", "02-1-Initializers\02-1-Initializers.csproj", "{D5844816-9544-4CDC-BFFC-A56C69AAA15E}"
EndProject
Project("{9A19103F-16F7-4668-BE54-9A1E7A4F7556}") = "01-2-AutoProperties", "01-2-AutoProperties\01-2-AutoProperties.csproj", "{D46DA1EE-BA9F-4B7A-BA3D-D1FDDF7932E0}"
EndProject
Project("{9A19103F-16F7-4668-BE54-9A1E7A4F7556}") = "01-1-Objects", "01-1-Objects\01-1-Objects.csproj", "{FB6B672D-9E9A-4AA9-93E8-0A5156EF8DC3}"
EndProject
Project("{9A19103F-16F7-4668-BE54-9A1E7A4F7556}") = "07-1-StaticHelpers", "07-1-StaticHelpers\07-1-StaticHelpers.csproj", "{66590F8B-A97F-428D-906B-524BA73074D8}"
EndProject
Project("{9A19103F-16F7-4668-BE54-9A1E7A4F7556}") = "06-6-GenericMethods", "06-06-GenericMethods\06-6-GenericMethods.csproj", "{3AD64FA3-2571-4203-A7C7-6A644305BEF0}"
EndProject
Project("{9A19103F-16F7-4668-BE54-9A1E7A4F7556}") = "07-2-StaticFields", "07-2-StaticFields\07-2-StaticFields.csproj", "{B987E945-F0C7-46BA-8A5C-8D9643151DC6}"
EndProject
Project("{9A19103F-16F7-4668-BE54-9A1E7A4F7556}") = "07-3-Abstraction", "07-3-Abstraction\07-3-Abstraction.csproj", "{346A3FFE-2035-457E-BDCA-B24FF3760741}"
EndProject
Project("{9A19103F-16F7-4668-BE54-9A1E7A4F7556}") = "XX-UsingObjects", "XX-UsingObjects\XX-UsingObjects.csproj", "{380DC266-6447-4069-8C2D-0CB84C9AF59E}"
EndProject
Project("{9A19103F-16F7-4668-BE54-9A1E7A4F7556}") = "09-1-Equals", "09-1-Equals\09-1-Equals.csproj", "{6C936EC3-DED5-472A-B9AB-C1FCA0BCBC85}"
EndProject
Project("{9A19103F-16F7-4668-BE54-9A1E7A4F7556}") = "09-2-HashCode", "09-2-HashCode\09-2-HashCode.csproj", "{FE6AB3DF-E8B7-4E36-820D-03784D126408}"
EndProject
Project("{9A19103F-16F7-4668-BE54-9A1E7A4F7556}") = "10-2-BinaryFiles", "10-2-BinaryFiles\10-2-BinaryFiles.csproj", "{79B39B32-65B2-471A-B581-3213A50E1D94}"
EndProject
Project("{9A19103F-16F7-4668-BE54-9A1E7A4F7556}") = "10-3-FileEncoding", "10-3-FileEncoding\10-3-FileEncoding.csproj", "{77A6F9F4-B9AD-4E7D-95DD-F2F396D40418}"
EndProject
Project("{9A19103F-16F7-4668-BE54-9A1E7A4F7556}") = "11-1-JSONSerialization", "11-1-JSONSerialization\11-1-JSONSerialization.csproj", "{DEAD5D40-74E8-4573-A9B0-B0D297C2E3DC}"
EndProject
Project("{9A19103F-16F7-4668-BE54-9A1E7A4F7556}") = "11-2-CopyConstructors", "11-2-CopyConstructors\11-2-CopyConstructors.csproj", "{448C76A4-1F9F-49A7-B4B5-F9B23429F583}"
EndProject
Project("{9A19103F-16F7-4668-BE54-9A1E7A4F7556}") = "11-3-ICloneable", "11-3-ICloneable\11-3-ICloneable.csproj", "{8FB1A87F-318C-45B9-9392-AEAD72284A63}"
EndProject
Project("{9A19103F-16F7-4668-BE54-9A1E7A4F7556}") = "11-4-ShallowCopy", "11-4-ShallowCopy\11-4-ShallowCopy.csproj", "{3E5AB6B0-32A6-4178-A27D-ABAE7BE98B34}"
EndProject
Project("{9A19103F-16F7-4668-BE54-9A1E7A4F7556}") = "11-5-DeepCopy", "11-5-DeepCopy\11-5-DeepCopy.csproj", "{40B12575-2E18-46B7-9D7E-DF2BDF75DA18}"
EndProject
Project("{9A19103F-16F7-4668-BE54-9A1E7A4F7556}") = "11-6-DeepCopy", "11-6-DeepCopy\11-6-DeepCopy.csproj", "{6FAAED78-EA04-4BCF-9FCA-47C8DFEB27DD}"
EndProject
Project("{9A19103F-16F7-4668-BE54-9A1E7A4F7556}") = "12-1-HelloWinForms", "12-1-HelloWinForms\12-1-HelloWinForms.csproj", "{53D2BCB5-FAB5-420E-BC32-D982D46B9291}"
EndProject
Project("{9A19103F-16F7-4668-BE54-9A1E7A4F7556}") = "12-2-WinTroll", "12-2-WinTroll\12-2-WinTroll.csproj", "{C5361593-42B7-4D75-8FD9-139320231094}"
EndProject
Project("{9A19103F-16F7-4668-BE54-9A1E7A4F7556}") = "12-3-SuperDiceRoller", "12-3-SuperDiceRoller\12-3-SuperDiceRoller.csproj", "{8970EB19-AAD1-40A5-92DD-60C2659DE0E4}"
EndProject
Project("{9A19103F-16F7-4668-BE54-9A1E7A4F7556}") = "02-2-Strings", "02-2-Strings\02-2-Strings.csproj", "{6B7BED27-E32E-491C-87B3-0A7496A7A950}"
EndProject
Project("{9A19103F-16F7-4668-BE54-9A1E7A4F7556}") = "02-3-Lists", "02-3-Lists\02-3-Lists.csproj", "{BF96562E-6970-44BE-AE1D-615EA49834CD}"
EndProject
Project("{9A19103F-16F7-4668-BE54-9A1E7A4F7556}") = "XX-PhysicsSim", "XX-PhysicsSim\XX-PhysicsSim.csproj", "{337A109C-62AD-4A9B-BFF9-D96BFD84F428}"
EndProject
Project("{9A19103F-16F7-4668-BE54-9A1E7A4F7556}") = "00-HelloWorld", "00-1-HelloWorld\00-HelloWorld.csproj", "{291299D2-1CE7-4A3C-879F-A016859B4434}"
EndProject
Project("{9A19103F-16F7-4668-BE54-9A1E7A4F7556}") = "XX-Containers", "XX-Containers\XX-Containers.csproj", "{0830C9B7-4B9B-4932-B649-CE663D5BF763}"
EndProject
Project("{9A19103F-16F7-4668-BE54-9A1E7A4F7556}") = "XX-BindingSource", "XX-BindingSource\XX-BindingSource.csproj", "{1183B2D8-5824-46A6-A566-85D3A048D6C8}"
EndProject
Project("{9A19103F-16F7-4668-BE54-9A1E7A4F7556}") = "XX-FileDialog", "XX-FileDialog\XX-FileDialog.csproj", "{F4E3740F-D50D-415A-A20B-B28C96D590D2}"
EndProject
Project("{9A19103F-16F7-4668-BE54-9A1E7A4F7556}") = "09-03-Hashing", "09-3-Hashing\09-03-Hashing.csproj", "{6B10CD16-3738-48FA-B8C6-EA8F5A4B3AA7}"
EndProject
Project("{9A19103F-16F7-4668-BE54-9A1E7A4F7556}") = "XX-GroupBox", "XX-GroupBox\XX-GroupBox.csproj", "{A6560BC5-9693-4B80-9F8A-19CC0DDBE8A8}"
EndProject
Project("{9A19103F-16F7-4668-BE54-9A1E7A4F7556}") = "03-1-Dependency", "03-1-Dependency\03-1-Dependency.csproj", "{4809E5CC-9633-45D1-9CD1-E5DAC45B89A1}"
EndProject
Project("{9A19103F-16F7-4668-BE54-9A1E7A4F7556}") = "03-2-Association", "03-2-Association\03-2-Association.csproj", "{CEC18183-4B30-42B6-9FA8-ED4433F94FE6}"
EndProject
Project("{9A19103F-16F7-4668-BE54-9A1E7A4F7556}") = "03-3-Aggregation", "03-3-Aggregation\03-3-Aggregation.csproj", "{66762C2E-F055-4983-A164-476C4DF29848}"
EndProject
Project("{9A19103F-16F7-4668-BE54-9A1E7A4F7556}") = "03-4-Composition", "03-4-Composition\03-4-Composition.csproj", "{43BFB39E-1F5D-4F5F-89D8-483DEAD60440}"
EndProject
Project("{9A19103F-16F7-4668-BE54-9A1E7A4F7556}") = "03-5-EnumeratedTypes", "03-5-EnumeratedTypes\03-5-EnumeratedTypes.csproj", "{0BC79B3E-713A-44E7-A225-3B822115B55D}"
EndProject
Project("{9A19103F-16F7-4668-BE54-9A1E7A4F7556}") = "03-6-WinForms", "03-6-WinForms\03-6-WinForms.csproj", "{9B98E3B2-C72C-4FFF-96B2-9A1872DC1069}"
EndProject
Project("{9A19103F-16F7-4668-BE54-9A1E7A4F7556}") = "04-0-Inheritance", "04-0-Inheritance\04-0-Inheritance.csproj", "{B5E790C6-51B1-4BF0-92CA-0CC79876E92B}"
EndProject
Project("{9A19103F-16F7-4668-BE54-9A1E7A4F7556}") = "03-7-Backpack", "03-7-Backpack\03-7-Backpack.csproj", "{8ECA1174-10D8-4E2B-8776-117FE75FC6F7}"
EndProject
Project("{9A19103F-16F7-4668-BE54-9A1E7A4F7556}") = "04-8-CircleCalculator", "04-8-CircleCalculator\04-8-CircleCalculator.csproj", "{CA11A433-4E53-4A06-BC6B-4B97B9852486}"
EndProject
Global
	GlobalSection(SolutionConfigurationPlatforms) = preSolution
		Debug|Any CPU = Debug|Any CPU
		Release|Any CPU = Release|Any CPU
	EndGlobalSection
	GlobalSection(ProjectConfigurationPlatforms) = postSolution
		{F533BFA2-E7AE-4910-8D16-4D1D29BF86B9}.Debug|Any CPU.ActiveCfg = Debug|Any CPU
		{F533BFA2-E7AE-4910-8D16-4D1D29BF86B9}.Debug|Any CPU.Build.0 = Debug|Any CPU
		{F533BFA2-E7AE-4910-8D16-4D1D29BF86B9}.Release|Any CPU.ActiveCfg = Release|Any CPU
		{F533BFA2-E7AE-4910-8D16-4D1D29BF86B9}.Release|Any CPU.Build.0 = Release|Any CPU
		{3BEBABC1-DFCC-4DB4-9B50-CF05CD221B86}.Debug|Any CPU.ActiveCfg = Debug|Any CPU
		{3BEBABC1-DFCC-4DB4-9B50-CF05CD221B86}.Debug|Any CPU.Build.0 = Debug|Any CPU
		{3BEBABC1-DFCC-4DB4-9B50-CF05CD221B86}.Release|Any CPU.ActiveCfg = Release|Any CPU
		{3BEBABC1-DFCC-4DB4-9B50-CF05CD221B86}.Release|Any CPU.Build.0 = Release|Any CPU
		{1AD54900-84FE-4350-B29B-B428EFCEDA35}.Debug|Any CPU.ActiveCfg = Debug|Any CPU
		{1AD54900-84FE-4350-B29B-B428EFCEDA35}.Debug|Any CPU.Build.0 = Debug|Any CPU
		{1AD54900-84FE-4350-B29B-B428EFCEDA35}.Release|Any CPU.ActiveCfg = Release|Any CPU
		{1AD54900-84FE-4350-B29B-B428EFCEDA35}.Release|Any CPU.Build.0 = Release|Any CPU
		{DCD523EA-476E-4757-B73A-3F46EF5C26FA}.Debug|Any CPU.ActiveCfg = Debug|Any CPU
		{DCD523EA-476E-4757-B73A-3F46EF5C26FA}.Debug|Any CPU.Build.0 = Debug|Any CPU
		{DCD523EA-476E-4757-B73A-3F46EF5C26FA}.Release|Any CPU.ActiveCfg = Release|Any CPU
		{DCD523EA-476E-4757-B73A-3F46EF5C26FA}.Release|Any CPU.Build.0 = Release|Any CPU
		{BC252A9D-0BC2-4461-844B-5C9A3BF0CE62}.Debug|Any CPU.ActiveCfg = Debug|Any CPU
		{BC252A9D-0BC2-4461-844B-5C9A3BF0CE62}.Debug|Any CPU.Build.0 = Debug|Any CPU
		{BC252A9D-0BC2-4461-844B-5C9A3BF0CE62}.Release|Any CPU.ActiveCfg = Release|Any CPU
		{BC252A9D-0BC2-4461-844B-5C9A3BF0CE62}.Release|Any CPU.Build.0 = Release|Any CPU
		{641608EC-ADD3-47CB-9C71-3B8B3259E60A}.Debug|Any CPU.ActiveCfg = Debug|Any CPU
		{641608EC-ADD3-47CB-9C71-3B8B3259E60A}.Debug|Any CPU.Build.0 = Debug|Any CPU
		{641608EC-ADD3-47CB-9C71-3B8B3259E60A}.Release|Any CPU.ActiveCfg = Release|Any CPU
		{641608EC-ADD3-47CB-9C71-3B8B3259E60A}.Release|Any CPU.Build.0 = Release|Any CPU
		{E9A4ABE7-92A3-484D-B99B-F14BC547722C}.Debug|Any CPU.ActiveCfg = Debug|Any CPU
		{E9A4ABE7-92A3-484D-B99B-F14BC547722C}.Debug|Any CPU.Build.0 = Debug|Any CPU
		{E9A4ABE7-92A3-484D-B99B-F14BC547722C}.Release|Any CPU.ActiveCfg = Release|Any CPU
		{E9A4ABE7-92A3-484D-B99B-F14BC547722C}.Release|Any CPU.Build.0 = Release|Any CPU
		{A6715E6E-1480-4AF8-B504-42C7ABE6598D}.Debug|Any CPU.ActiveCfg = Debug|Any CPU
		{A6715E6E-1480-4AF8-B504-42C7ABE6598D}.Debug|Any CPU.Build.0 = Debug|Any CPU
		{A6715E6E-1480-4AF8-B504-42C7ABE6598D}.Release|Any CPU.ActiveCfg = Release|Any CPU
		{A6715E6E-1480-4AF8-B504-42C7ABE6598D}.Release|Any CPU.Build.0 = Release|Any CPU
		{BFAC7266-43D5-49E2-9BB3-7491A18D2FFA}.Debug|Any CPU.ActiveCfg = Debug|Any CPU
		{BFAC7266-43D5-49E2-9BB3-7491A18D2FFA}.Debug|Any CPU.Build.0 = Debug|Any CPU
		{BFAC7266-43D5-49E2-9BB3-7491A18D2FFA}.Release|Any CPU.ActiveCfg = Release|Any CPU
		{BFAC7266-43D5-49E2-9BB3-7491A18D2FFA}.Release|Any CPU.Build.0 = Release|Any CPU
		{D27A3A00-9E9B-4D95-BC55-3B6FD17CF84E}.Debug|Any CPU.ActiveCfg = Debug|Any CPU
		{D27A3A00-9E9B-4D95-BC55-3B6FD17CF84E}.Debug|Any CPU.Build.0 = Debug|Any CPU
		{D27A3A00-9E9B-4D95-BC55-3B6FD17CF84E}.Release|Any CPU.ActiveCfg = Release|Any CPU
		{D27A3A00-9E9B-4D95-BC55-3B6FD17CF84E}.Release|Any CPU.Build.0 = Release|Any CPU
		{38D0BB5E-ED2B-43E7-9695-E8DBCAC858BD}.Debug|Any CPU.ActiveCfg = Debug|Any CPU
		{38D0BB5E-ED2B-43E7-9695-E8DBCAC858BD}.Debug|Any CPU.Build.0 = Debug|Any CPU
		{38D0BB5E-ED2B-43E7-9695-E8DBCAC858BD}.Release|Any CPU.ActiveCfg = Release|Any CPU
		{38D0BB5E-ED2B-43E7-9695-E8DBCAC858BD}.Release|Any CPU.Build.0 = Release|Any CPU
		{388F6C15-D46F-45B5-8450-2086677B399D}.Debug|Any CPU.ActiveCfg = Debug|Any CPU
		{388F6C15-D46F-45B5-8450-2086677B399D}.Debug|Any CPU.Build.0 = Debug|Any CPU
		{388F6C15-D46F-45B5-8450-2086677B399D}.Release|Any CPU.ActiveCfg = Release|Any CPU
		{388F6C15-D46F-45B5-8450-2086677B399D}.Release|Any CPU.Build.0 = Release|Any CPU
		{246AA16D-B176-4021-B2E7-76932BBC156E}.Debug|Any CPU.ActiveCfg = Debug|Any CPU
		{246AA16D-B176-4021-B2E7-76932BBC156E}.Debug|Any CPU.Build.0 = Debug|Any CPU
		{246AA16D-B176-4021-B2E7-76932BBC156E}.Release|Any CPU.ActiveCfg = Release|Any CPU
		{246AA16D-B176-4021-B2E7-76932BBC156E}.Release|Any CPU.Build.0 = Release|Any CPU
		{F60CA139-96DF-4483-A508-205F0ED0F557}.Debug|Any CPU.ActiveCfg = Debug|Any CPU
		{F60CA139-96DF-4483-A508-205F0ED0F557}.Debug|Any CPU.Build.0 = Debug|Any CPU
		{F60CA139-96DF-4483-A508-205F0ED0F557}.Release|Any CPU.ActiveCfg = Release|Any CPU
		{F60CA139-96DF-4483-A508-205F0ED0F557}.Release|Any CPU.Build.0 = Release|Any CPU
		{FA040134-DA5E-4A96-A0F7-8F14E856E977}.Debug|Any CPU.ActiveCfg = Debug|Any CPU
		{FA040134-DA5E-4A96-A0F7-8F14E856E977}.Debug|Any CPU.Build.0 = Debug|Any CPU
		{FA040134-DA5E-4A96-A0F7-8F14E856E977}.Release|Any CPU.ActiveCfg = Release|Any CPU
		{FA040134-DA5E-4A96-A0F7-8F14E856E977}.Release|Any CPU.Build.0 = Release|Any CPU
		{BD3D6600-39AE-45D0-9BB8-D063FCC529C4}.Debug|Any CPU.ActiveCfg = Debug|Any CPU
		{BD3D6600-39AE-45D0-9BB8-D063FCC529C4}.Debug|Any CPU.Build.0 = Debug|Any CPU
		{BD3D6600-39AE-45D0-9BB8-D063FCC529C4}.Release|Any CPU.ActiveCfg = Release|Any CPU
		{BD3D6600-39AE-45D0-9BB8-D063FCC529C4}.Release|Any CPU.Build.0 = Release|Any CPU
		{193D4ED7-7C3C-490F-9FD9-D95A1B97AABD}.Debug|Any CPU.ActiveCfg = Debug|Any CPU
		{193D4ED7-7C3C-490F-9FD9-D95A1B97AABD}.Debug|Any CPU.Build.0 = Debug|Any CPU
		{193D4ED7-7C3C-490F-9FD9-D95A1B97AABD}.Release|Any CPU.ActiveCfg = Release|Any CPU
		{193D4ED7-7C3C-490F-9FD9-D95A1B97AABD}.Release|Any CPU.Build.0 = Release|Any CPU
		{D5844816-9544-4CDC-BFFC-A56C69AAA15E}.Debug|Any CPU.ActiveCfg = Debug|Any CPU
		{D5844816-9544-4CDC-BFFC-A56C69AAA15E}.Debug|Any CPU.Build.0 = Debug|Any CPU
		{D5844816-9544-4CDC-BFFC-A56C69AAA15E}.Release|Any CPU.ActiveCfg = Release|Any CPU
		{D5844816-9544-4CDC-BFFC-A56C69AAA15E}.Release|Any CPU.Build.0 = Release|Any CPU
		{D46DA1EE-BA9F-4B7A-BA3D-D1FDDF7932E0}.Debug|Any CPU.ActiveCfg = Debug|Any CPU
		{D46DA1EE-BA9F-4B7A-BA3D-D1FDDF7932E0}.Debug|Any CPU.Build.0 = Debug|Any CPU
		{D46DA1EE-BA9F-4B7A-BA3D-D1FDDF7932E0}.Release|Any CPU.ActiveCfg = Release|Any CPU
		{D46DA1EE-BA9F-4B7A-BA3D-D1FDDF7932E0}.Release|Any CPU.Build.0 = Release|Any CPU
		{FB6B672D-9E9A-4AA9-93E8-0A5156EF8DC3}.Debug|Any CPU.ActiveCfg = Debug|Any CPU
		{FB6B672D-9E9A-4AA9-93E8-0A5156EF8DC3}.Debug|Any CPU.Build.0 = Debug|Any CPU
		{FB6B672D-9E9A-4AA9-93E8-0A5156EF8DC3}.Release|Any CPU.ActiveCfg = Release|Any CPU
		{FB6B672D-9E9A-4AA9-93E8-0A5156EF8DC3}.Release|Any CPU.Build.0 = Release|Any CPU
		{66590F8B-A97F-428D-906B-524BA73074D8}.Debug|Any CPU.ActiveCfg = Debug|Any CPU
		{66590F8B-A97F-428D-906B-524BA73074D8}.Debug|Any CPU.Build.0 = Debug|Any CPU
		{66590F8B-A97F-428D-906B-524BA73074D8}.Release|Any CPU.ActiveCfg = Release|Any CPU
		{66590F8B-A97F-428D-906B-524BA73074D8}.Release|Any CPU.Build.0 = Release|Any CPU
		{3AD64FA3-2571-4203-A7C7-6A644305BEF0}.Debug|Any CPU.ActiveCfg = Debug|Any CPU
		{3AD64FA3-2571-4203-A7C7-6A644305BEF0}.Debug|Any CPU.Build.0 = Debug|Any CPU
		{3AD64FA3-2571-4203-A7C7-6A644305BEF0}.Release|Any CPU.ActiveCfg = Release|Any CPU
		{3AD64FA3-2571-4203-A7C7-6A644305BEF0}.Release|Any CPU.Build.0 = Release|Any CPU
		{B987E945-F0C7-46BA-8A5C-8D9643151DC6}.Debug|Any CPU.ActiveCfg = Debug|Any CPU
		{B987E945-F0C7-46BA-8A5C-8D9643151DC6}.Debug|Any CPU.Build.0 = Debug|Any CPU
		{B987E945-F0C7-46BA-8A5C-8D9643151DC6}.Release|Any CPU.ActiveCfg = Release|Any CPU
		{B987E945-F0C7-46BA-8A5C-8D9643151DC6}.Release|Any CPU.Build.0 = Release|Any CPU
		{346A3FFE-2035-457E-BDCA-B24FF3760741}.Debug|Any CPU.ActiveCfg = Debug|Any CPU
		{346A3FFE-2035-457E-BDCA-B24FF3760741}.Debug|Any CPU.Build.0 = Debug|Any CPU
		{346A3FFE-2035-457E-BDCA-B24FF3760741}.Release|Any CPU.ActiveCfg = Release|Any CPU
		{346A3FFE-2035-457E-BDCA-B24FF3760741}.Release|Any CPU.Build.0 = Release|Any CPU
		{380DC266-6447-4069-8C2D-0CB84C9AF59E}.Debug|Any CPU.ActiveCfg = Debug|Any CPU
		{380DC266-6447-4069-8C2D-0CB84C9AF59E}.Debug|Any CPU.Build.0 = Debug|Any CPU
		{380DC266-6447-4069-8C2D-0CB84C9AF59E}.Release|Any CPU.ActiveCfg = Release|Any CPU
		{380DC266-6447-4069-8C2D-0CB84C9AF59E}.Release|Any CPU.Build.0 = Release|Any CPU
		{6C936EC3-DED5-472A-B9AB-C1FCA0BCBC85}.Debug|Any CPU.ActiveCfg = Debug|Any CPU
		{6C936EC3-DED5-472A-B9AB-C1FCA0BCBC85}.Debug|Any CPU.Build.0 = Debug|Any CPU
		{6C936EC3-DED5-472A-B9AB-C1FCA0BCBC85}.Release|Any CPU.ActiveCfg = Release|Any CPU
		{6C936EC3-DED5-472A-B9AB-C1FCA0BCBC85}.Release|Any CPU.Build.0 = Release|Any CPU
		{FE6AB3DF-E8B7-4E36-820D-03784D126408}.Debug|Any CPU.ActiveCfg = Debug|Any CPU
		{FE6AB3DF-E8B7-4E36-820D-03784D126408}.Debug|Any CPU.Build.0 = Debug|Any CPU
		{FE6AB3DF-E8B7-4E36-820D-03784D126408}.Release|Any CPU.ActiveCfg = Release|Any CPU
		{FE6AB3DF-E8B7-4E36-820D-03784D126408}.Release|Any CPU.Build.0 = Release|Any CPU
		{79B39B32-65B2-471A-B581-3213A50E1D94}.Debug|Any CPU.ActiveCfg = Debug|Any CPU
		{79B39B32-65B2-471A-B581-3213A50E1D94}.Debug|Any CPU.Build.0 = Debug|Any CPU
		{79B39B32-65B2-471A-B581-3213A50E1D94}.Release|Any CPU.ActiveCfg = Release|Any CPU
		{79B39B32-65B2-471A-B581-3213A50E1D94}.Release|Any CPU.Build.0 = Release|Any CPU
		{77A6F9F4-B9AD-4E7D-95DD-F2F396D40418}.Debug|Any CPU.ActiveCfg = Debug|Any CPU
		{77A6F9F4-B9AD-4E7D-95DD-F2F396D40418}.Debug|Any CPU.Build.0 = Debug|Any CPU
		{77A6F9F4-B9AD-4E7D-95DD-F2F396D40418}.Release|Any CPU.ActiveCfg = Release|Any CPU
		{77A6F9F4-B9AD-4E7D-95DD-F2F396D40418}.Release|Any CPU.Build.0 = Release|Any CPU
		{DEAD5D40-74E8-4573-A9B0-B0D297C2E3DC}.Debug|Any CPU.ActiveCfg = Debug|Any CPU
		{DEAD5D40-74E8-4573-A9B0-B0D297C2E3DC}.Debug|Any CPU.Build.0 = Debug|Any CPU
		{DEAD5D40-74E8-4573-A9B0-B0D297C2E3DC}.Release|Any CPU.ActiveCfg = Release|Any CPU
		{DEAD5D40-74E8-4573-A9B0-B0D297C2E3DC}.Release|Any CPU.Build.0 = Release|Any CPU
		{448C76A4-1F9F-49A7-B4B5-F9B23429F583}.Debug|Any CPU.ActiveCfg = Debug|Any CPU
		{448C76A4-1F9F-49A7-B4B5-F9B23429F583}.Debug|Any CPU.Build.0 = Debug|Any CPU
		{448C76A4-1F9F-49A7-B4B5-F9B23429F583}.Release|Any CPU.ActiveCfg = Release|Any CPU
		{448C76A4-1F9F-49A7-B4B5-F9B23429F583}.Release|Any CPU.Build.0 = Release|Any CPU
		{8FB1A87F-318C-45B9-9392-AEAD72284A63}.Debug|Any CPU.ActiveCfg = Debug|Any CPU
		{8FB1A87F-318C-45B9-9392-AEAD72284A63}.Debug|Any CPU.Build.0 = Debug|Any CPU
		{8FB1A87F-318C-45B9-9392-AEAD72284A63}.Release|Any CPU.ActiveCfg = Release|Any CPU
		{8FB1A87F-318C-45B9-9392-AEAD72284A63}.Release|Any CPU.Build.0 = Release|Any CPU
		{3E5AB6B0-32A6-4178-A27D-ABAE7BE98B34}.Debug|Any CPU.ActiveCfg = Debug|Any CPU
		{3E5AB6B0-32A6-4178-A27D-ABAE7BE98B34}.Debug|Any CPU.Build.0 = Debug|Any CPU
		{3E5AB6B0-32A6-4178-A27D-ABAE7BE98B34}.Release|Any CPU.ActiveCfg = Release|Any CPU
		{3E5AB6B0-32A6-4178-A27D-ABAE7BE98B34}.Release|Any CPU.Build.0 = Release|Any CPU
		{40B12575-2E18-46B7-9D7E-DF2BDF75DA18}.Debug|Any CPU.ActiveCfg = Debug|Any CPU
		{40B12575-2E18-46B7-9D7E-DF2BDF75DA18}.Debug|Any CPU.Build.0 = Debug|Any CPU
		{40B12575-2E18-46B7-9D7E-DF2BDF75DA18}.Release|Any CPU.ActiveCfg = Release|Any CPU
		{40B12575-2E18-46B7-9D7E-DF2BDF75DA18}.Release|Any CPU.Build.0 = Release|Any CPU
		{6FAAED78-EA04-4BCF-9FCA-47C8DFEB27DD}.Debug|Any CPU.ActiveCfg = Debug|Any CPU
		{6FAAED78-EA04-4BCF-9FCA-47C8DFEB27DD}.Debug|Any CPU.Build.0 = Debug|Any CPU
		{6FAAED78-EA04-4BCF-9FCA-47C8DFEB27DD}.Release|Any CPU.ActiveCfg = Release|Any CPU
		{6FAAED78-EA04-4BCF-9FCA-47C8DFEB27DD}.Release|Any CPU.Build.0 = Release|Any CPU
		{53D2BCB5-FAB5-420E-BC32-D982D46B9291}.Debug|Any CPU.ActiveCfg = Debug|Any CPU
		{53D2BCB5-FAB5-420E-BC32-D982D46B9291}.Debug|Any CPU.Build.0 = Debug|Any CPU
		{53D2BCB5-FAB5-420E-BC32-D982D46B9291}.Release|Any CPU.ActiveCfg = Release|Any CPU
		{53D2BCB5-FAB5-420E-BC32-D982D46B9291}.Release|Any CPU.Build.0 = Release|Any CPU
		{C5361593-42B7-4D75-8FD9-139320231094}.Debug|Any CPU.ActiveCfg = Debug|Any CPU
		{C5361593-42B7-4D75-8FD9-139320231094}.Debug|Any CPU.Build.0 = Debug|Any CPU
		{C5361593-42B7-4D75-8FD9-139320231094}.Release|Any CPU.ActiveCfg = Release|Any CPU
		{C5361593-42B7-4D75-8FD9-139320231094}.Release|Any CPU.Build.0 = Release|Any CPU
		{8970EB19-AAD1-40A5-92DD-60C2659DE0E4}.Debug|Any CPU.ActiveCfg = Debug|Any CPU
		{8970EB19-AAD1-40A5-92DD-60C2659DE0E4}.Debug|Any CPU.Build.0 = Debug|Any CPU
		{8970EB19-AAD1-40A5-92DD-60C2659DE0E4}.Release|Any CPU.ActiveCfg = Release|Any CPU
		{8970EB19-AAD1-40A5-92DD-60C2659DE0E4}.Release|Any CPU.Build.0 = Release|Any CPU
		{6B7BED27-E32E-491C-87B3-0A7496A7A950}.Debug|Any CPU.ActiveCfg = Debug|Any CPU
		{6B7BED27-E32E-491C-87B3-0A7496A7A950}.Debug|Any CPU.Build.0 = Debug|Any CPU
		{6B7BED27-E32E-491C-87B3-0A7496A7A950}.Release|Any CPU.ActiveCfg = Release|Any CPU
		{6B7BED27-E32E-491C-87B3-0A7496A7A950}.Release|Any CPU.Build.0 = Release|Any CPU
		{BF96562E-6970-44BE-AE1D-615EA49834CD}.Debug|Any CPU.ActiveCfg = Debug|Any CPU
		{BF96562E-6970-44BE-AE1D-615EA49834CD}.Debug|Any CPU.Build.0 = Debug|Any CPU
		{BF96562E-6970-44BE-AE1D-615EA49834CD}.Release|Any CPU.ActiveCfg = Release|Any CPU
		{BF96562E-6970-44BE-AE1D-615EA49834CD}.Release|Any CPU.Build.0 = Release|Any CPU
		{337A109C-62AD-4A9B-BFF9-D96BFD84F428}.Debug|Any CPU.ActiveCfg = Debug|Any CPU
		{337A109C-62AD-4A9B-BFF9-D96BFD84F428}.Debug|Any CPU.Build.0 = Debug|Any CPU
		{337A109C-62AD-4A9B-BFF9-D96BFD84F428}.Release|Any CPU.ActiveCfg = Release|Any CPU
		{337A109C-62AD-4A9B-BFF9-D96BFD84F428}.Release|Any CPU.Build.0 = Release|Any CPU
		{291299D2-1CE7-4A3C-879F-A016859B4434}.Debug|Any CPU.ActiveCfg = Debug|Any CPU
		{291299D2-1CE7-4A3C-879F-A016859B4434}.Debug|Any CPU.Build.0 = Debug|Any CPU
		{291299D2-1CE7-4A3C-879F-A016859B4434}.Release|Any CPU.ActiveCfg = Release|Any CPU
		{291299D2-1CE7-4A3C-879F-A016859B4434}.Release|Any CPU.Build.0 = Release|Any CPU
		{0830C9B7-4B9B-4932-B649-CE663D5BF763}.Debug|Any CPU.ActiveCfg = Debug|Any CPU
		{0830C9B7-4B9B-4932-B649-CE663D5BF763}.Debug|Any CPU.Build.0 = Debug|Any CPU
		{0830C9B7-4B9B-4932-B649-CE663D5BF763}.Release|Any CPU.ActiveCfg = Release|Any CPU
		{0830C9B7-4B9B-4932-B649-CE663D5BF763}.Release|Any CPU.Build.0 = Release|Any CPU
		{1183B2D8-5824-46A6-A566-85D3A048D6C8}.Debug|Any CPU.ActiveCfg = Debug|Any CPU
		{1183B2D8-5824-46A6-A566-85D3A048D6C8}.Debug|Any CPU.Build.0 = Debug|Any CPU
		{1183B2D8-5824-46A6-A566-85D3A048D6C8}.Release|Any CPU.ActiveCfg = Release|Any CPU
		{1183B2D8-5824-46A6-A566-85D3A048D6C8}.Release|Any CPU.Build.0 = Release|Any CPU
		{F4E3740F-D50D-415A-A20B-B28C96D590D2}.Debug|Any CPU.ActiveCfg = Debug|Any CPU
		{F4E3740F-D50D-415A-A20B-B28C96D590D2}.Debug|Any CPU.Build.0 = Debug|Any CPU
		{F4E3740F-D50D-415A-A20B-B28C96D590D2}.Release|Any CPU.ActiveCfg = Release|Any CPU
		{F4E3740F-D50D-415A-A20B-B28C96D590D2}.Release|Any CPU.Build.0 = Release|Any CPU
		{6B10CD16-3738-48FA-B8C6-EA8F5A4B3AA7}.Debug|Any CPU.ActiveCfg = Debug|Any CPU
		{6B10CD16-3738-48FA-B8C6-EA8F5A4B3AA7}.Debug|Any CPU.Build.0 = Debug|Any CPU
		{6B10CD16-3738-48FA-B8C6-EA8F5A4B3AA7}.Release|Any CPU.ActiveCfg = Release|Any CPU
		{6B10CD16-3738-48FA-B8C6-EA8F5A4B3AA7}.Release|Any CPU.Build.0 = Release|Any CPU
		{A6560BC5-9693-4B80-9F8A-19CC0DDBE8A8}.Debug|Any CPU.ActiveCfg = Debug|Any CPU
		{A6560BC5-9693-4B80-9F8A-19CC0DDBE8A8}.Debug|Any CPU.Build.0 = Debug|Any CPU
		{A6560BC5-9693-4B80-9F8A-19CC0DDBE8A8}.Release|Any CPU.ActiveCfg = Release|Any CPU
		{A6560BC5-9693-4B80-9F8A-19CC0DDBE8A8}.Release|Any CPU.Build.0 = Release|Any CPU
		{4809E5CC-9633-45D1-9CD1-E5DAC45B89A1}.Debug|Any CPU.ActiveCfg = Debug|Any CPU
		{4809E5CC-9633-45D1-9CD1-E5DAC45B89A1}.Debug|Any CPU.Build.0 = Debug|Any CPU
		{4809E5CC-9633-45D1-9CD1-E5DAC45B89A1}.Release|Any CPU.ActiveCfg = Release|Any CPU
		{4809E5CC-9633-45D1-9CD1-E5DAC45B89A1}.Release|Any CPU.Build.0 = Release|Any CPU
		{CEC18183-4B30-42B6-9FA8-ED4433F94FE6}.Debug|Any CPU.ActiveCfg = Debug|Any CPU
		{CEC18183-4B30-42B6-9FA8-ED4433F94FE6}.Debug|Any CPU.Build.0 = Debug|Any CPU
		{CEC18183-4B30-42B6-9FA8-ED4433F94FE6}.Release|Any CPU.ActiveCfg = Release|Any CPU
		{CEC18183-4B30-42B6-9FA8-ED4433F94FE6}.Release|Any CPU.Build.0 = Release|Any CPU
		{66762C2E-F055-4983-A164-476C4DF29848}.Debug|Any CPU.ActiveCfg = Debug|Any CPU
		{66762C2E-F055-4983-A164-476C4DF29848}.Debug|Any CPU.Build.0 = Debug|Any CPU
		{66762C2E-F055-4983-A164-476C4DF29848}.Release|Any CPU.ActiveCfg = Release|Any CPU
		{66762C2E-F055-4983-A164-476C4DF29848}.Release|Any CPU.Build.0 = Release|Any CPU
		{43BFB39E-1F5D-4F5F-89D8-483DEAD60440}.Debug|Any CPU.ActiveCfg = Debug|Any CPU
		{43BFB39E-1F5D-4F5F-89D8-483DEAD60440}.Debug|Any CPU.Build.0 = Debug|Any CPU
		{43BFB39E-1F5D-4F5F-89D8-483DEAD60440}.Release|Any CPU.ActiveCfg = Release|Any CPU
		{43BFB39E-1F5D-4F5F-89D8-483DEAD60440}.Release|Any CPU.Build.0 = Release|Any CPU
		{0BC79B3E-713A-44E7-A225-3B822115B55D}.Debug|Any CPU.ActiveCfg = Debug|Any CPU
		{0BC79B3E-713A-44E7-A225-3B822115B55D}.Debug|Any CPU.Build.0 = Debug|Any CPU
		{0BC79B3E-713A-44E7-A225-3B822115B55D}.Release|Any CPU.ActiveCfg = Release|Any CPU
		{0BC79B3E-713A-44E7-A225-3B822115B55D}.Release|Any CPU.Build.0 = Release|Any CPU
		{9B98E3B2-C72C-4FFF-96B2-9A1872DC1069}.Debug|Any CPU.ActiveCfg = Debug|Any CPU
		{9B98E3B2-C72C-4FFF-96B2-9A1872DC1069}.Debug|Any CPU.Build.0 = Debug|Any CPU
		{9B98E3B2-C72C-4FFF-96B2-9A1872DC1069}.Release|Any CPU.ActiveCfg = Release|Any CPU
		{9B98E3B2-C72C-4FFF-96B2-9A1872DC1069}.Release|Any CPU.Build.0 = Release|Any CPU
		{B5E790C6-51B1-4BF0-92CA-0CC79876E92B}.Debug|Any CPU.ActiveCfg = Debug|Any CPU
		{B5E790C6-51B1-4BF0-92CA-0CC79876E92B}.Debug|Any CPU.Build.0 = Debug|Any CPU
		{B5E790C6-51B1-4BF0-92CA-0CC79876E92B}.Release|Any CPU.ActiveCfg = Release|Any CPU
		{B5E790C6-51B1-4BF0-92CA-0CC79876E92B}.Release|Any CPU.Build.0 = Release|Any CPU
		{8ECA1174-10D8-4E2B-8776-117FE75FC6F7}.Debug|Any CPU.ActiveCfg = Debug|Any CPU
		{8ECA1174-10D8-4E2B-8776-117FE75FC6F7}.Debug|Any CPU.Build.0 = Debug|Any CPU
		{8ECA1174-10D8-4E2B-8776-117FE75FC6F7}.Release|Any CPU.ActiveCfg = Release|Any CPU
		{8ECA1174-10D8-4E2B-8776-117FE75FC6F7}.Release|Any CPU.Build.0 = Release|Any CPU
		{CA11A433-4E53-4A06-BC6B-4B97B9852486}.Debug|Any CPU.ActiveCfg = Debug|Any CPU
		{CA11A433-4E53-4A06-BC6B-4B97B9852486}.Debug|Any CPU.Build.0 = Debug|Any CPU
		{CA11A433-4E53-4A06-BC6B-4B97B9852486}.Release|Any CPU.ActiveCfg = Release|Any CPU
		{CA11A433-4E53-4A06-BC6B-4B97B9852486}.Release|Any CPU.Build.0 = Release|Any CPU
	EndGlobalSection
	GlobalSection(SolutionProperties) = preSolution
		HideSolutionNode = FALSE
	EndGlobalSection
	GlobalSection(ExtensibilityGlobals) = postSolution
		SolutionGuid = {DF9102D7-E284-4898-9C33-9C2227D29B4C}
	EndGlobalSection
EndGlobal
