
Microsoft Visual Studio Solution File, Format Version 12.00
# Visual Studio Version 17
VisualStudioVersion = 17.4.33103.184
MinimumVisualStudioVersion = 10.0.40219.1
Project("{FAE04EC0-301F-11D3-BF4B-00C04F79EFBC}") = "01-1-HelloWorld", "01-1-HelloWorld\01-1-HelloWorld.csproj", "{4DBC179B-A927-4120-9C1F-A65387783762}"
EndProject
Project("{FAE04EC0-301F-11D3-BF4B-00C04F79EFBC}") = "01-2-HelloForms", "01-2-HelloForms\01-2-HelloForms.csproj", "{25CC6BED-27DE-4EF4-9471-932B8DB434B7}"
EndProject
Project("{FAE04EC0-301F-11D3-BF4B-00C04F79EFBC}") = "01-3-Classes", "01-3-Classes\01-3-Classes.csproj", "{20191672-3A7A-4F1C-B062-8038BDD6D4E1}"
EndProject
Project("{FAE04EC0-301F-11D3-BF4B-00C04F79EFBC}") = "01-4-ObjectParameters", "01-4-ObjectParameters\01-4-ObjectParameters.csproj", "{28F40B18-6C9C-423E-BE67-DB117F8EFC5E}"
EndProject
Project("{FAE04EC0-301F-11D3-BF4B-00C04F79EFBC}") = "01-5-Properties", "01-5-Properties\01-5-Properties.csproj", "{8E5758DA-03FB-4A20-887A-D95A05CF9763}"
EndProject
Project("{FAE04EC0-301F-11D3-BF4B-00C04F79EFBC}") = "01-6-AutoProperties", "01-6-AutoProperties\01-6-AutoProperties.csproj", "{213BC8D9-ADA7-4E65-B14F-ED444665988A}"
EndProject
Project("{FAE04EC0-301F-11D3-BF4B-00C04F79EFBC}") = "01-7-ParameterizedConstructors", "01-7-ParameterizedConstructors\01-7-ParameterizedConstructors.csproj", "{D7B8A26F-D6EE-4A2A-ADA8-E10AAF3DEE87}"
EndProject
Project("{FAE04EC0-301F-11D3-BF4B-00C04F79EFBC}") = "01-8-ObjectInitializers", "01-8-ObjectInitializers\01-8-ObjectInitializers.csproj", "{402469FF-D62B-4E29-A236-7951627A6DE5}"
EndProject
Project("{FAE04EC0-301F-11D3-BF4B-00C04F79EFBC}") = "01-9-ObjectsInTheWild", "01-9-ObjectsInTheWild\01-9-ObjectsInTheWild.csproj", "{35F11DDA-C1E9-421E-8C3D-85F4A15ECA55}"
EndProject
Project("{FAE04EC0-301F-11D3-BF4B-00C04F79EFBC}") = "02-1-Encapsulation", "02-1-Encapsulation\02-1-Encapsulation.csproj", "{17399B1E-4054-44A3-BCBF-5ECB056D3FCC}"
EndProject
Project("{FAE04EC0-301F-11D3-BF4B-00C04F79EFBC}") = "02-2-Dependencies", "02-2-Dependency\02-2-Dependencies.csproj", "{A85165B1-3EBF-42D3-97E1-105546619F31}"
EndProject
Project("{FAE04EC0-301F-11D3-BF4B-00C04F79EFBC}") = "02-3-ObjectArrays", "02-3-ObjectArrays\02-3-ObjectArrays.csproj", "{FA65DFCA-7A8C-4EA2-B888-902641474B92}"
EndProject
Project("{FAE04EC0-301F-11D3-BF4B-00C04F79EFBC}") = "02-4-ObjectLists", "02-4-ObjectLists\02-4-ObjectLists.csproj", "{199DA4FD-7AAB-43BF-8ED6-5EF3ED631C68}"
EndProject
Project("{FAE04EC0-301F-11D3-BF4B-00C04F79EFBC}") = "02-5-ToString", "02-5-ToString\02-5-ToString.csproj", "{0F3093D0-10E3-4970-8AC4-3B7458691ED0}"
EndProject
Project("{FAE04EC0-301F-11D3-BF4B-00C04F79EFBC}") = "02-6-StaticClasses", "02-6-StaticHelpers\02-6-StaticClasses.csproj", "{8C955854-C468-4036-BBA2-8CCB9D5B7366}"
EndProject
Project("{FAE04EC0-301F-11D3-BF4B-00C04F79EFBC}") = "02-7-StaticFields", "02-7-StaticFields\02-7-StaticFields.csproj", "{1A80BDE7-E89B-4002-8E10-D169BF2CD0F8}"
EndProject
Project("{FAE04EC0-301F-11D3-BF4B-00C04F79EFBC}") = "02-8-DiceRoller", "02-8-DiceRoller\02-8-DiceRoller.csproj", "{B7B84D85-345B-468E-A55F-96B0BE652874}"
EndProject
Project("{FAE04EC0-301F-11D3-BF4B-00C04F79EFBC}") = "02-9-Backpack", "02-9-Backpack\02-9-Backpack.csproj", "{9C49D0D1-0191-4475-AAE5-934A141ABB3E}"
EndProject
Project("{FAE04EC0-301F-11D3-BF4B-00C04F79EFBC}") = "03-1-Abstraction", "03-1-Abstraction\03-1-Abstraction.csproj", "{7E61E730-8E74-4B2E-8C35-11BD8A5B98F1}"
EndProject
Project("{FAE04EC0-301F-11D3-BF4B-00C04F79EFBC}") = "03-2-Association", "03-2-Association\03-2-Association.csproj", "{D3BC6D78-CF3B-4E3F-8852-84652E6796DA}"
EndProject
Project("{FAE04EC0-301F-11D3-BF4B-00C04F79EFBC}") = "03-3-Aggregation", "03-3-Aggregation\03-3-Aggregation.csproj", "{CBE9FBDE-1723-4EFE-957D-F442EDA5E9D6}"
EndProject
Project("{FAE04EC0-301F-11D3-BF4B-00C04F79EFBC}") = "03-4-Composition", "03-4-Composition\03-4-Composition.csproj", "{74AEF05A-01B5-4C12-9767-FC27CA053550}"
EndProject
Project("{FAE04EC0-301F-11D3-BF4B-00C04F79EFBC}") = "03-5-NullValues", "03-5-NullValues\03-5-NullValues.csproj", "{52A17E8C-DA3D-41E3-ABCA-3800B2A878E5}"
EndProject
Project("{FAE04EC0-301F-11D3-BF4B-00C04F79EFBC}") = "03-6-CopyConstructors", "03-6-CopyConstructors\03-6-CopyConstructors.csproj", "{2E12A040-7E76-4963-B153-C70CA6021CB3}"
EndProject
Project("{FAE04EC0-301F-11D3-BF4B-00C04F79EFBC}") = "04-1-Inheritance", "04-1-Inheritance\04-1-Inheritance.csproj", "{3AD5C0B3-9FE9-41C9-BE21-5823F7C60831}"
EndProject
Project("{FAE04EC0-301F-11D3-BF4B-00C04F79EFBC}") = "04-2-Inheritance", "04-2-Inheritance\04-2-Inheritance.csproj", "{0E579F4E-E455-4F7C-933A-802689075ED5}"
EndProject
Project("{FAE04EC0-301F-11D3-BF4B-00C04F79EFBC}") = "04-3-Shapes", "04-3-Shapes\04-3-Shapes.csproj", "{79BD2ECF-30C7-4D3D-9B62-0749249A6237}"
EndProject
Project("{FAE04EC0-301F-11D3-BF4B-00C04F79EFBC}") = "04-7-CustomExceptions", "04-4-CustomExceptions\04-7-CustomExceptions.csproj", "{D70464FB-73B5-4080-ABA8-EA3599236358}"
EndProject
Project("{FAE04EC0-301F-11D3-BF4B-00C04F79EFBC}") = "04-5-Equals", "04-5-Equals\04-5-Equals.csproj", "{F82BD544-FE15-4C4B-9D5B-8F48D35EDA2D}"
EndProject
Project("{FAE04EC0-301F-11D3-BF4B-00C04F79EFBC}") = "04-6-HashCode", "04-6-HashCode\04-6-HashCode.csproj", "{638E8239-36B2-40ED-B170-1E9D162068EB}"
EndProject
Project("{FAE04EC0-301F-11D3-BF4B-00C04F79EFBC}") = "05-1-Polymorphism", "05-1-Polymorphism\05-1-Polymorphism.csproj", "{F806CB7B-7C6E-44AC-AFC2-314D51485ADD}"
EndProject
Project("{FAE04EC0-301F-11D3-BF4B-00C04F79EFBC}") = "06-1-AbstractClasses", "06-1-AbstractClasses\06-1-AbstractClasses.csproj", "{81CC8BAA-A5AD-42A0-A8DC-03F4028C7238}"
EndProject
Project("{FAE04EC0-301F-11D3-BF4B-00C04F79EFBC}") = "07-1-Generics", "07-1-GenericMethods\07-1-Generics.csproj", "{8C34ECDE-7B20-4469-B1B6-B182AAAA8A36}"
EndProject
Project("{FAE04EC0-301F-11D3-BF4B-00C04F79EFBC}") = "08-1-WinTroll", "08-1-WinTroll\08-1-WinTroll.csproj", "{FFD9C6E2-FA21-4D3B-94D2-1A83E66F205F}"
EndProject
Project("{FAE04EC0-301F-11D3-BF4B-00C04F79EFBC}") = "09-1-Interfaces", "09-1-Interfaces\09-1-Interfaces.csproj", "{76B83244-181D-4AD2-913C-96E9E0974769}"
EndProject
Project("{FAE04EC0-301F-11D3-BF4B-00C04F79EFBC}") = "09-2-IComparable", "09-2-IComparable\09-2-IComparable.csproj", "{A0602705-B363-4557-A383-ED2638773DB2}"
EndProject
Project("{FAE04EC0-301F-11D3-BF4B-00C04F79EFBC}") = "09-3-IComparer", "09-3-IComparer\09-3-IComparer.csproj", "{B1CB0112-6459-4C66-B377-5F1472AAAD47}"
EndProject
Project("{FAE04EC0-301F-11D3-BF4B-00C04F79EFBC}") = "09-4-ICloneable", "09-4-ICloneable\09-4-ICloneable.csproj", "{FC82178D-1794-45EB-87EE-2143E5949B62}"
EndProject
Project("{FAE04EC0-301F-11D3-BF4B-00C04F79EFBC}") = "09-5-ShallowCopy", "09-5-ShallowCopy\09-5-ShallowCopy.csproj", "{6DC5E604-1758-479F-A3BF-7755A3D7B8E4}"
EndProject
Project("{FAE04EC0-301F-11D3-BF4B-00C04F79EFBC}") = "09-6-DeepCopy", "09-6-DeepCopy\09-6-DeepCopy.csproj", "{4C63ED30-00E6-4841-BAA0-7E8253E75C36}"
EndProject
Project("{FAE04EC0-301F-11D3-BF4B-00C04F79EFBC}") = "09-7-DeepCopy", "09-7-DeepCopy\09-7-DeepCopy.csproj", "{7AA19643-5CFE-426B-9A28-5CF5762BD913}"
EndProject
Project("{2150E333-8FDC-42A3-9474-1A3956D46DE8}") = "dev", "dev", "{D1A6BA94-A7A6-44A7-95D6-38FDC4EF210D}"
EndProject
Project("{FAE04EC0-301F-11D3-BF4B-00C04F79EFBC}") = "01-1-Objects", "dev\01-1-Objects\01-1-Objects.csproj", "{956C3203-DBF2-401E-BF2A-42FEA36D3FE6}"
EndProject
Project("{FAE04EC0-301F-11D3-BF4B-00C04F79EFBC}") = "01-8-Strings", "dev\01-8-Strings\01-8-Strings.csproj", "{676562D9-3E64-484B-BA38-EEAD8EF395C9}"
EndProject
Project("{FAE04EC0-301F-11D3-BF4B-00C04F79EFBC}") = "Lists", "dev\02-3-Lists\Lists.csproj", "{9D644DE3-D50B-41A2-AF82-86D29F34026E}"
EndProject
Project("{FAE04EC0-301F-11D3-BF4B-00C04F79EFBC}") = "03-5-EnumeratedTypes", "dev\03-5-EnumeratedTypes\03-5-EnumeratedTypes.csproj", "{DF55CEF4-0E12-4B79-A5F2-2ED81980B86C}"
EndProject
Project("{FAE04EC0-301F-11D3-BF4B-00C04F79EFBC}") = "03-6-WinForms", "dev\03-6-WinForms\03-6-WinForms.csproj", "{8E332CC0-D69D-4611-B0E8-94BDBB0DC68C}"
EndProject
Project("{FAE04EC0-301F-11D3-BF4B-00C04F79EFBC}") = "ExceptionHandling", "dev\04-4-ExceptionsBasic\ExceptionHandling.csproj", "{CC5C3B06-23AB-458E-BBF1-407BF612BDD0}"
EndProject
Project("{FAE04EC0-301F-11D3-BF4B-00C04F79EFBC}") = "Exceptions2", "dev\04-5-Exceptions\Exceptions2.csproj", "{1A9984BF-3566-496C-9E61-AB98B97C496F}"
EndProject
Project("{FAE04EC0-301F-11D3-BF4B-00C04F79EFBC}") = "CircleCalculator", "dev\04-8-CircleCalculator\CircleCalculator.csproj", "{B0646EDD-EC7E-41B1-A88A-C99050E94C44}"
EndProject
Project("{FAE04EC0-301F-11D3-BF4B-00C04F79EFBC}") = "05-1-Algorithms", "dev\05-1-Algorithms\05-1-Algorithms.csproj", "{E7ECF92D-97F8-4D2C-B672-EFF2642AD654}"
EndProject
Project("{FAE04EC0-301F-11D3-BF4B-00C04F79EFBC}") = "05-2-SortingLists", "dev\05-1-SortingLists\05-2-SortingLists.csproj", "{742A46F8-0C60-4ED9-920C-981F963119B4}"
EndProject
Project("{FAE04EC0-301F-11D3-BF4B-00C04F79EFBC}") = "06-4-StringBuilder", "dev\06-4-StringBuilder\06-4-StringBuilder.csproj", "{551A99BB-29FF-4946-B5F1-2B5BD9B13952}"
EndProject
Project("{FAE04EC0-301F-11D3-BF4B-00C04F79EFBC}") = "06-5-DateTime", "dev\06-5-DateTime\06-5-DateTime.csproj", "{815650B2-3D2E-49F3-9737-AA6795E23E01}"
EndProject
Project("{FAE04EC0-301F-11D3-BF4B-00C04F79EFBC}") = "XX-Dictionary", "dev\09-1-Dictionary\XX-Dictionary.csproj", "{F0F63FFA-BBDE-467A-8D54-0757758DC12D}"
EndProject
Project("{FAE04EC0-301F-11D3-BF4B-00C04F79EFBC}") = "Hashing", "dev\09-3-Hashing\Hashing.csproj", "{9CF5AF8A-75E6-4547-9FF8-E9DF16D2A1D7}"
EndProject
Project("{FAE04EC0-301F-11D3-BF4B-00C04F79EFBC}") = "10-1-TextFiles", "dev\10-1-Files\10-1-TextFiles.csproj", "{0A1DE683-B1FE-4334-8678-0BEE71E582D9}"
EndProject
Project("{FAE04EC0-301F-11D3-BF4B-00C04F79EFBC}") = "10-2-BinaryFiles", "dev\10-2-BinaryFiles\10-2-BinaryFiles.csproj", "{1B743AAF-C83E-4514-A227-81AAA7FA8B5B}"
EndProject
Project("{FAE04EC0-301F-11D3-BF4B-00C04F79EFBC}") = "10-3-FileEncoding", "dev\10-3-FileEncoding\10-3-FileEncoding.csproj", "{75F63838-ABD6-42E3-BE76-4F0B274ED473}"
EndProject
Project("{FAE04EC0-301F-11D3-BF4B-00C04F79EFBC}") = "11-1-JSONSerialization", "dev\11-1-JSONSerialization\11-1-JSONSerialization.csproj", "{8FC404AC-8972-487A-917A-110B16232F42}"
EndProject
Project("{FAE04EC0-301F-11D3-BF4B-00C04F79EFBC}") = "12-1-HelloWinForms", "dev\12-1-HelloWinForms\12-1-HelloWinForms.csproj", "{CB8B34FB-A7CB-403A-9433-080D52C4A40F}"
EndProject
Project("{FAE04EC0-301F-11D3-BF4B-00C04F79EFBC}") = "12-3-SuperDiceRoller", "dev\12-3-SuperDiceRoller\12-3-SuperDiceRoller.csproj", "{43E23F8C-92D6-434F-9461-2A90413E57B9}"
EndProject
Project("{FAE04EC0-301F-11D3-BF4B-00C04F79EFBC}") = "XX-AhhhRealCircles", "dev\XX-AhhhRealCircles\XX-AhhhRealCircles.csproj", "{F36F1A1E-8B91-411B-ABF4-27C3A969FA70}"
EndProject
Project("{FAE04EC0-301F-11D3-BF4B-00C04F79EFBC}") = "XX-Alexandria", "dev\XX-Alexandria\XX-Alexandria.csproj", "{28819C70-6D69-4C84-8582-FE1F60E7E68B}"
EndProject
Project("{FAE04EC0-301F-11D3-BF4B-00C04F79EFBC}") = "XX-BindingSource", "dev\XX-BindingSource\XX-BindingSource.csproj", "{EB82C475-6A9D-46D7-91C3-D335421751A7}"
EndProject
Project("{FAE04EC0-301F-11D3-BF4B-00C04F79EFBC}") = "XX-Containers", "dev\XX-Containers\XX-Containers.csproj", "{A65A6C58-A260-4787-940B-453D070212BF}"
EndProject
Project("{FAE04EC0-301F-11D3-BF4B-00C04F79EFBC}") = "XX-FileDialog", "dev\XX-FileDialog\XX-FileDialog.csproj", "{E2CDAE53-E903-44F5-94D7-79571C94AB64}"
EndProject
Project("{FAE04EC0-301F-11D3-BF4B-00C04F79EFBC}") = "XX-GroupBox", "dev\XX-GroupBox\XX-GroupBox.csproj", "{3653DE2A-EEDE-4559-AA55-58D5B2A00022}"
EndProject
Project("{FAE04EC0-301F-11D3-BF4B-00C04F79EFBC}") = "XX-PhysicsSim", "dev\XX-PhysicsSim\XX-PhysicsSim.csproj", "{D50936B6-A8AA-45C0-9D54-4D7B98639539}"
EndProject
Project("{FAE04EC0-301F-11D3-BF4B-00C04F79EFBC}") = "XX-UsingObjects", "dev\XX-UsingObjects\XX-UsingObjects.csproj", "{53AD89E2-B737-42FD-B33F-9641C515F4C7}"
EndProject
Project("{FAE04EC0-301F-11D3-BF4B-00C04F79EFBC}") = "SampleClasses", "SampleClasses\SampleClasses.csproj", "{3EA2C2EA-E748-49D1-9EA3-BA96AF593BCF}"
EndProject
Global
	GlobalSection(SolutionProperties) = preSolution
		HideSolutionNode = FALSE
	EndGlobalSection
	GlobalSection(ExtensibilityGlobals) = postSolution
		SolutionGuid = {DF9102D7-E284-4898-9C33-9C2227D29B4C}
	EndGlobalSection
	GlobalSection(SolutionConfigurationPlatforms) = preSolution
		Debug|Any CPU = Debug|Any CPU
		Debug|x64 = Debug|x64
		Debug|x86 = Debug|x86
		Release|Any CPU = Release|Any CPU
		Release|x64 = Release|x64
		Release|x86 = Release|x86
	EndGlobalSection
	GlobalSection(ProjectConfigurationPlatforms) = postSolution
		{4DBC179B-A927-4120-9C1F-A65387783762}.Debug|Any CPU.ActiveCfg = Debug|Any CPU
		{4DBC179B-A927-4120-9C1F-A65387783762}.Debug|Any CPU.Build.0 = Debug|Any CPU
		{4DBC179B-A927-4120-9C1F-A65387783762}.Debug|x64.ActiveCfg = Debug|Any CPU
		{4DBC179B-A927-4120-9C1F-A65387783762}.Debug|x64.Build.0 = Debug|Any CPU
		{4DBC179B-A927-4120-9C1F-A65387783762}.Debug|x86.ActiveCfg = Debug|Any CPU
		{4DBC179B-A927-4120-9C1F-A65387783762}.Debug|x86.Build.0 = Debug|Any CPU
		{4DBC179B-A927-4120-9C1F-A65387783762}.Release|Any CPU.ActiveCfg = Release|Any CPU
		{4DBC179B-A927-4120-9C1F-A65387783762}.Release|Any CPU.Build.0 = Release|Any CPU
		{4DBC179B-A927-4120-9C1F-A65387783762}.Release|x64.ActiveCfg = Release|Any CPU
		{4DBC179B-A927-4120-9C1F-A65387783762}.Release|x64.Build.0 = Release|Any CPU
		{4DBC179B-A927-4120-9C1F-A65387783762}.Release|x86.ActiveCfg = Release|Any CPU
		{4DBC179B-A927-4120-9C1F-A65387783762}.Release|x86.Build.0 = Release|Any CPU
		{25CC6BED-27DE-4EF4-9471-932B8DB434B7}.Debug|Any CPU.ActiveCfg = Debug|Any CPU
		{25CC6BED-27DE-4EF4-9471-932B8DB434B7}.Debug|Any CPU.Build.0 = Debug|Any CPU
		{25CC6BED-27DE-4EF4-9471-932B8DB434B7}.Debug|x64.ActiveCfg = Debug|Any CPU
		{25CC6BED-27DE-4EF4-9471-932B8DB434B7}.Debug|x64.Build.0 = Debug|Any CPU
		{25CC6BED-27DE-4EF4-9471-932B8DB434B7}.Debug|x86.ActiveCfg = Debug|Any CPU
		{25CC6BED-27DE-4EF4-9471-932B8DB434B7}.Debug|x86.Build.0 = Debug|Any CPU
		{25CC6BED-27DE-4EF4-9471-932B8DB434B7}.Release|Any CPU.ActiveCfg = Release|Any CPU
		{25CC6BED-27DE-4EF4-9471-932B8DB434B7}.Release|Any CPU.Build.0 = Release|Any CPU
		{25CC6BED-27DE-4EF4-9471-932B8DB434B7}.Release|x64.ActiveCfg = Release|Any CPU
		{25CC6BED-27DE-4EF4-9471-932B8DB434B7}.Release|x64.Build.0 = Release|Any CPU
		{25CC6BED-27DE-4EF4-9471-932B8DB434B7}.Release|x86.ActiveCfg = Release|Any CPU
		{25CC6BED-27DE-4EF4-9471-932B8DB434B7}.Release|x86.Build.0 = Release|Any CPU
		{20191672-3A7A-4F1C-B062-8038BDD6D4E1}.Debug|Any CPU.ActiveCfg = Debug|Any CPU
		{20191672-3A7A-4F1C-B062-8038BDD6D4E1}.Debug|Any CPU.Build.0 = Debug|Any CPU
		{20191672-3A7A-4F1C-B062-8038BDD6D4E1}.Debug|x64.ActiveCfg = Debug|Any CPU
		{20191672-3A7A-4F1C-B062-8038BDD6D4E1}.Debug|x64.Build.0 = Debug|Any CPU
		{20191672-3A7A-4F1C-B062-8038BDD6D4E1}.Debug|x86.ActiveCfg = Debug|Any CPU
		{20191672-3A7A-4F1C-B062-8038BDD6D4E1}.Debug|x86.Build.0 = Debug|Any CPU
		{20191672-3A7A-4F1C-B062-8038BDD6D4E1}.Release|Any CPU.ActiveCfg = Release|Any CPU
		{20191672-3A7A-4F1C-B062-8038BDD6D4E1}.Release|Any CPU.Build.0 = Release|Any CPU
		{20191672-3A7A-4F1C-B062-8038BDD6D4E1}.Release|x64.ActiveCfg = Release|Any CPU
		{20191672-3A7A-4F1C-B062-8038BDD6D4E1}.Release|x64.Build.0 = Release|Any CPU
		{20191672-3A7A-4F1C-B062-8038BDD6D4E1}.Release|x86.ActiveCfg = Release|Any CPU
		{20191672-3A7A-4F1C-B062-8038BDD6D4E1}.Release|x86.Build.0 = Release|Any CPU
		{28F40B18-6C9C-423E-BE67-DB117F8EFC5E}.Debug|Any CPU.ActiveCfg = Debug|Any CPU
		{28F40B18-6C9C-423E-BE67-DB117F8EFC5E}.Debug|Any CPU.Build.0 = Debug|Any CPU
		{28F40B18-6C9C-423E-BE67-DB117F8EFC5E}.Debug|x64.ActiveCfg = Debug|Any CPU
		{28F40B18-6C9C-423E-BE67-DB117F8EFC5E}.Debug|x64.Build.0 = Debug|Any CPU
		{28F40B18-6C9C-423E-BE67-DB117F8EFC5E}.Debug|x86.ActiveCfg = Debug|Any CPU
		{28F40B18-6C9C-423E-BE67-DB117F8EFC5E}.Debug|x86.Build.0 = Debug|Any CPU
		{28F40B18-6C9C-423E-BE67-DB117F8EFC5E}.Release|Any CPU.ActiveCfg = Release|Any CPU
		{28F40B18-6C9C-423E-BE67-DB117F8EFC5E}.Release|Any CPU.Build.0 = Release|Any CPU
		{28F40B18-6C9C-423E-BE67-DB117F8EFC5E}.Release|x64.ActiveCfg = Release|Any CPU
		{28F40B18-6C9C-423E-BE67-DB117F8EFC5E}.Release|x64.Build.0 = Release|Any CPU
		{28F40B18-6C9C-423E-BE67-DB117F8EFC5E}.Release|x86.ActiveCfg = Release|Any CPU
		{28F40B18-6C9C-423E-BE67-DB117F8EFC5E}.Release|x86.Build.0 = Release|Any CPU
		{8E5758DA-03FB-4A20-887A-D95A05CF9763}.Debug|Any CPU.ActiveCfg = Debug|Any CPU
		{8E5758DA-03FB-4A20-887A-D95A05CF9763}.Debug|Any CPU.Build.0 = Debug|Any CPU
		{8E5758DA-03FB-4A20-887A-D95A05CF9763}.Debug|x64.ActiveCfg = Debug|Any CPU
		{8E5758DA-03FB-4A20-887A-D95A05CF9763}.Debug|x64.Build.0 = Debug|Any CPU
		{8E5758DA-03FB-4A20-887A-D95A05CF9763}.Debug|x86.ActiveCfg = Debug|Any CPU
		{8E5758DA-03FB-4A20-887A-D95A05CF9763}.Debug|x86.Build.0 = Debug|Any CPU
		{8E5758DA-03FB-4A20-887A-D95A05CF9763}.Release|Any CPU.ActiveCfg = Release|Any CPU
		{8E5758DA-03FB-4A20-887A-D95A05CF9763}.Release|Any CPU.Build.0 = Release|Any CPU
		{8E5758DA-03FB-4A20-887A-D95A05CF9763}.Release|x64.ActiveCfg = Release|Any CPU
		{8E5758DA-03FB-4A20-887A-D95A05CF9763}.Release|x64.Build.0 = Release|Any CPU
		{8E5758DA-03FB-4A20-887A-D95A05CF9763}.Release|x86.ActiveCfg = Release|Any CPU
		{8E5758DA-03FB-4A20-887A-D95A05CF9763}.Release|x86.Build.0 = Release|Any CPU
		{213BC8D9-ADA7-4E65-B14F-ED444665988A}.Debug|Any CPU.ActiveCfg = Debug|Any CPU
		{213BC8D9-ADA7-4E65-B14F-ED444665988A}.Debug|Any CPU.Build.0 = Debug|Any CPU
		{213BC8D9-ADA7-4E65-B14F-ED444665988A}.Debug|x64.ActiveCfg = Debug|Any CPU
		{213BC8D9-ADA7-4E65-B14F-ED444665988A}.Debug|x64.Build.0 = Debug|Any CPU
		{213BC8D9-ADA7-4E65-B14F-ED444665988A}.Debug|x86.ActiveCfg = Debug|Any CPU
		{213BC8D9-ADA7-4E65-B14F-ED444665988A}.Debug|x86.Build.0 = Debug|Any CPU
		{213BC8D9-ADA7-4E65-B14F-ED444665988A}.Release|Any CPU.ActiveCfg = Release|Any CPU
		{213BC8D9-ADA7-4E65-B14F-ED444665988A}.Release|Any CPU.Build.0 = Release|Any CPU
		{213BC8D9-ADA7-4E65-B14F-ED444665988A}.Release|x64.ActiveCfg = Release|Any CPU
		{213BC8D9-ADA7-4E65-B14F-ED444665988A}.Release|x64.Build.0 = Release|Any CPU
		{213BC8D9-ADA7-4E65-B14F-ED444665988A}.Release|x86.ActiveCfg = Release|Any CPU
		{213BC8D9-ADA7-4E65-B14F-ED444665988A}.Release|x86.Build.0 = Release|Any CPU
		{D7B8A26F-D6EE-4A2A-ADA8-E10AAF3DEE87}.Debug|Any CPU.ActiveCfg = Debug|Any CPU
		{D7B8A26F-D6EE-4A2A-ADA8-E10AAF3DEE87}.Debug|Any CPU.Build.0 = Debug|Any CPU
		{D7B8A26F-D6EE-4A2A-ADA8-E10AAF3DEE87}.Debug|x64.ActiveCfg = Debug|Any CPU
		{D7B8A26F-D6EE-4A2A-ADA8-E10AAF3DEE87}.Debug|x64.Build.0 = Debug|Any CPU
		{D7B8A26F-D6EE-4A2A-ADA8-E10AAF3DEE87}.Debug|x86.ActiveCfg = Debug|Any CPU
		{D7B8A26F-D6EE-4A2A-ADA8-E10AAF3DEE87}.Debug|x86.Build.0 = Debug|Any CPU
		{D7B8A26F-D6EE-4A2A-ADA8-E10AAF3DEE87}.Release|Any CPU.ActiveCfg = Release|Any CPU
		{D7B8A26F-D6EE-4A2A-ADA8-E10AAF3DEE87}.Release|Any CPU.Build.0 = Release|Any CPU
		{D7B8A26F-D6EE-4A2A-ADA8-E10AAF3DEE87}.Release|x64.ActiveCfg = Release|Any CPU
		{D7B8A26F-D6EE-4A2A-ADA8-E10AAF3DEE87}.Release|x64.Build.0 = Release|Any CPU
		{D7B8A26F-D6EE-4A2A-ADA8-E10AAF3DEE87}.Release|x86.ActiveCfg = Release|Any CPU
		{D7B8A26F-D6EE-4A2A-ADA8-E10AAF3DEE87}.Release|x86.Build.0 = Release|Any CPU
		{402469FF-D62B-4E29-A236-7951627A6DE5}.Debug|Any CPU.ActiveCfg = Debug|Any CPU
		{402469FF-D62B-4E29-A236-7951627A6DE5}.Debug|Any CPU.Build.0 = Debug|Any CPU
		{402469FF-D62B-4E29-A236-7951627A6DE5}.Debug|x64.ActiveCfg = Debug|Any CPU
		{402469FF-D62B-4E29-A236-7951627A6DE5}.Debug|x64.Build.0 = Debug|Any CPU
		{402469FF-D62B-4E29-A236-7951627A6DE5}.Debug|x86.ActiveCfg = Debug|Any CPU
		{402469FF-D62B-4E29-A236-7951627A6DE5}.Debug|x86.Build.0 = Debug|Any CPU
		{402469FF-D62B-4E29-A236-7951627A6DE5}.Release|Any CPU.ActiveCfg = Release|Any CPU
		{402469FF-D62B-4E29-A236-7951627A6DE5}.Release|Any CPU.Build.0 = Release|Any CPU
		{402469FF-D62B-4E29-A236-7951627A6DE5}.Release|x64.ActiveCfg = Release|Any CPU
		{402469FF-D62B-4E29-A236-7951627A6DE5}.Release|x64.Build.0 = Release|Any CPU
		{402469FF-D62B-4E29-A236-7951627A6DE5}.Release|x86.ActiveCfg = Release|Any CPU
		{402469FF-D62B-4E29-A236-7951627A6DE5}.Release|x86.Build.0 = Release|Any CPU
		{35F11DDA-C1E9-421E-8C3D-85F4A15ECA55}.Debug|Any CPU.ActiveCfg = Debug|Any CPU
		{35F11DDA-C1E9-421E-8C3D-85F4A15ECA55}.Debug|Any CPU.Build.0 = Debug|Any CPU
		{35F11DDA-C1E9-421E-8C3D-85F4A15ECA55}.Debug|x64.ActiveCfg = Debug|Any CPU
		{35F11DDA-C1E9-421E-8C3D-85F4A15ECA55}.Debug|x64.Build.0 = Debug|Any CPU
		{35F11DDA-C1E9-421E-8C3D-85F4A15ECA55}.Debug|x86.ActiveCfg = Debug|Any CPU
		{35F11DDA-C1E9-421E-8C3D-85F4A15ECA55}.Debug|x86.Build.0 = Debug|Any CPU
		{35F11DDA-C1E9-421E-8C3D-85F4A15ECA55}.Release|Any CPU.ActiveCfg = Release|Any CPU
		{35F11DDA-C1E9-421E-8C3D-85F4A15ECA55}.Release|Any CPU.Build.0 = Release|Any CPU
		{35F11DDA-C1E9-421E-8C3D-85F4A15ECA55}.Release|x64.ActiveCfg = Release|Any CPU
		{35F11DDA-C1E9-421E-8C3D-85F4A15ECA55}.Release|x64.Build.0 = Release|Any CPU
		{35F11DDA-C1E9-421E-8C3D-85F4A15ECA55}.Release|x86.ActiveCfg = Release|Any CPU
		{35F11DDA-C1E9-421E-8C3D-85F4A15ECA55}.Release|x86.Build.0 = Release|Any CPU
		{17399B1E-4054-44A3-BCBF-5ECB056D3FCC}.Debug|Any CPU.ActiveCfg = Debug|Any CPU
		{17399B1E-4054-44A3-BCBF-5ECB056D3FCC}.Debug|Any CPU.Build.0 = Debug|Any CPU
		{17399B1E-4054-44A3-BCBF-5ECB056D3FCC}.Debug|x64.ActiveCfg = Debug|Any CPU
		{17399B1E-4054-44A3-BCBF-5ECB056D3FCC}.Debug|x64.Build.0 = Debug|Any CPU
		{17399B1E-4054-44A3-BCBF-5ECB056D3FCC}.Debug|x86.ActiveCfg = Debug|Any CPU
		{17399B1E-4054-44A3-BCBF-5ECB056D3FCC}.Debug|x86.Build.0 = Debug|Any CPU
		{17399B1E-4054-44A3-BCBF-5ECB056D3FCC}.Release|Any CPU.ActiveCfg = Release|Any CPU
		{17399B1E-4054-44A3-BCBF-5ECB056D3FCC}.Release|Any CPU.Build.0 = Release|Any CPU
		{17399B1E-4054-44A3-BCBF-5ECB056D3FCC}.Release|x64.ActiveCfg = Release|Any CPU
		{17399B1E-4054-44A3-BCBF-5ECB056D3FCC}.Release|x64.Build.0 = Release|Any CPU
		{17399B1E-4054-44A3-BCBF-5ECB056D3FCC}.Release|x86.ActiveCfg = Release|Any CPU
		{17399B1E-4054-44A3-BCBF-5ECB056D3FCC}.Release|x86.Build.0 = Release|Any CPU
		{A85165B1-3EBF-42D3-97E1-105546619F31}.Debug|Any CPU.ActiveCfg = Debug|Any CPU
		{A85165B1-3EBF-42D3-97E1-105546619F31}.Debug|Any CPU.Build.0 = Debug|Any CPU
		{A85165B1-3EBF-42D3-97E1-105546619F31}.Debug|x64.ActiveCfg = Debug|Any CPU
		{A85165B1-3EBF-42D3-97E1-105546619F31}.Debug|x64.Build.0 = Debug|Any CPU
		{A85165B1-3EBF-42D3-97E1-105546619F31}.Debug|x86.ActiveCfg = Debug|Any CPU
		{A85165B1-3EBF-42D3-97E1-105546619F31}.Debug|x86.Build.0 = Debug|Any CPU
		{A85165B1-3EBF-42D3-97E1-105546619F31}.Release|Any CPU.ActiveCfg = Release|Any CPU
		{A85165B1-3EBF-42D3-97E1-105546619F31}.Release|Any CPU.Build.0 = Release|Any CPU
		{A85165B1-3EBF-42D3-97E1-105546619F31}.Release|x64.ActiveCfg = Release|Any CPU
		{A85165B1-3EBF-42D3-97E1-105546619F31}.Release|x64.Build.0 = Release|Any CPU
		{A85165B1-3EBF-42D3-97E1-105546619F31}.Release|x86.ActiveCfg = Release|Any CPU
		{A85165B1-3EBF-42D3-97E1-105546619F31}.Release|x86.Build.0 = Release|Any CPU
		{FA65DFCA-7A8C-4EA2-B888-902641474B92}.Debug|Any CPU.ActiveCfg = Debug|Any CPU
		{FA65DFCA-7A8C-4EA2-B888-902641474B92}.Debug|Any CPU.Build.0 = Debug|Any CPU
		{FA65DFCA-7A8C-4EA2-B888-902641474B92}.Debug|x64.ActiveCfg = Debug|Any CPU
		{FA65DFCA-7A8C-4EA2-B888-902641474B92}.Debug|x64.Build.0 = Debug|Any CPU
		{FA65DFCA-7A8C-4EA2-B888-902641474B92}.Debug|x86.ActiveCfg = Debug|Any CPU
		{FA65DFCA-7A8C-4EA2-B888-902641474B92}.Debug|x86.Build.0 = Debug|Any CPU
		{FA65DFCA-7A8C-4EA2-B888-902641474B92}.Release|Any CPU.ActiveCfg = Release|Any CPU
		{FA65DFCA-7A8C-4EA2-B888-902641474B92}.Release|Any CPU.Build.0 = Release|Any CPU
		{FA65DFCA-7A8C-4EA2-B888-902641474B92}.Release|x64.ActiveCfg = Release|Any CPU
		{FA65DFCA-7A8C-4EA2-B888-902641474B92}.Release|x64.Build.0 = Release|Any CPU
		{FA65DFCA-7A8C-4EA2-B888-902641474B92}.Release|x86.ActiveCfg = Release|Any CPU
		{FA65DFCA-7A8C-4EA2-B888-902641474B92}.Release|x86.Build.0 = Release|Any CPU
		{199DA4FD-7AAB-43BF-8ED6-5EF3ED631C68}.Debug|Any CPU.ActiveCfg = Debug|Any CPU
		{199DA4FD-7AAB-43BF-8ED6-5EF3ED631C68}.Debug|Any CPU.Build.0 = Debug|Any CPU
		{199DA4FD-7AAB-43BF-8ED6-5EF3ED631C68}.Debug|x64.ActiveCfg = Debug|Any CPU
		{199DA4FD-7AAB-43BF-8ED6-5EF3ED631C68}.Debug|x64.Build.0 = Debug|Any CPU
		{199DA4FD-7AAB-43BF-8ED6-5EF3ED631C68}.Debug|x86.ActiveCfg = Debug|Any CPU
		{199DA4FD-7AAB-43BF-8ED6-5EF3ED631C68}.Debug|x86.Build.0 = Debug|Any CPU
		{199DA4FD-7AAB-43BF-8ED6-5EF3ED631C68}.Release|Any CPU.ActiveCfg = Release|Any CPU
		{199DA4FD-7AAB-43BF-8ED6-5EF3ED631C68}.Release|Any CPU.Build.0 = Release|Any CPU
		{199DA4FD-7AAB-43BF-8ED6-5EF3ED631C68}.Release|x64.ActiveCfg = Release|Any CPU
		{199DA4FD-7AAB-43BF-8ED6-5EF3ED631C68}.Release|x64.Build.0 = Release|Any CPU
		{199DA4FD-7AAB-43BF-8ED6-5EF3ED631C68}.Release|x86.ActiveCfg = Release|Any CPU
		{199DA4FD-7AAB-43BF-8ED6-5EF3ED631C68}.Release|x86.Build.0 = Release|Any CPU
		{0F3093D0-10E3-4970-8AC4-3B7458691ED0}.Debug|Any CPU.ActiveCfg = Debug|Any CPU
		{0F3093D0-10E3-4970-8AC4-3B7458691ED0}.Debug|Any CPU.Build.0 = Debug|Any CPU
		{0F3093D0-10E3-4970-8AC4-3B7458691ED0}.Debug|x64.ActiveCfg = Debug|Any CPU
		{0F3093D0-10E3-4970-8AC4-3B7458691ED0}.Debug|x64.Build.0 = Debug|Any CPU
		{0F3093D0-10E3-4970-8AC4-3B7458691ED0}.Debug|x86.ActiveCfg = Debug|Any CPU
		{0F3093D0-10E3-4970-8AC4-3B7458691ED0}.Debug|x86.Build.0 = Debug|Any CPU
		{0F3093D0-10E3-4970-8AC4-3B7458691ED0}.Release|Any CPU.ActiveCfg = Release|Any CPU
		{0F3093D0-10E3-4970-8AC4-3B7458691ED0}.Release|Any CPU.Build.0 = Release|Any CPU
		{0F3093D0-10E3-4970-8AC4-3B7458691ED0}.Release|x64.ActiveCfg = Release|Any CPU
		{0F3093D0-10E3-4970-8AC4-3B7458691ED0}.Release|x64.Build.0 = Release|Any CPU
		{0F3093D0-10E3-4970-8AC4-3B7458691ED0}.Release|x86.ActiveCfg = Release|Any CPU
		{0F3093D0-10E3-4970-8AC4-3B7458691ED0}.Release|x86.Build.0 = Release|Any CPU
		{8C955854-C468-4036-BBA2-8CCB9D5B7366}.Debug|Any CPU.ActiveCfg = Debug|Any CPU
		{8C955854-C468-4036-BBA2-8CCB9D5B7366}.Debug|Any CPU.Build.0 = Debug|Any CPU
		{8C955854-C468-4036-BBA2-8CCB9D5B7366}.Debug|x64.ActiveCfg = Debug|Any CPU
		{8C955854-C468-4036-BBA2-8CCB9D5B7366}.Debug|x64.Build.0 = Debug|Any CPU
		{8C955854-C468-4036-BBA2-8CCB9D5B7366}.Debug|x86.ActiveCfg = Debug|Any CPU
		{8C955854-C468-4036-BBA2-8CCB9D5B7366}.Debug|x86.Build.0 = Debug|Any CPU
		{8C955854-C468-4036-BBA2-8CCB9D5B7366}.Release|Any CPU.ActiveCfg = Release|Any CPU
		{8C955854-C468-4036-BBA2-8CCB9D5B7366}.Release|Any CPU.Build.0 = Release|Any CPU
		{8C955854-C468-4036-BBA2-8CCB9D5B7366}.Release|x64.ActiveCfg = Release|Any CPU
		{8C955854-C468-4036-BBA2-8CCB9D5B7366}.Release|x64.Build.0 = Release|Any CPU
		{8C955854-C468-4036-BBA2-8CCB9D5B7366}.Release|x86.ActiveCfg = Release|Any CPU
		{8C955854-C468-4036-BBA2-8CCB9D5B7366}.Release|x86.Build.0 = Release|Any CPU
		{1A80BDE7-E89B-4002-8E10-D169BF2CD0F8}.Debug|Any CPU.ActiveCfg = Debug|Any CPU
		{1A80BDE7-E89B-4002-8E10-D169BF2CD0F8}.Debug|Any CPU.Build.0 = Debug|Any CPU
		{1A80BDE7-E89B-4002-8E10-D169BF2CD0F8}.Debug|x64.ActiveCfg = Debug|Any CPU
		{1A80BDE7-E89B-4002-8E10-D169BF2CD0F8}.Debug|x64.Build.0 = Debug|Any CPU
		{1A80BDE7-E89B-4002-8E10-D169BF2CD0F8}.Debug|x86.ActiveCfg = Debug|Any CPU
		{1A80BDE7-E89B-4002-8E10-D169BF2CD0F8}.Debug|x86.Build.0 = Debug|Any CPU
		{1A80BDE7-E89B-4002-8E10-D169BF2CD0F8}.Release|Any CPU.ActiveCfg = Release|Any CPU
		{1A80BDE7-E89B-4002-8E10-D169BF2CD0F8}.Release|Any CPU.Build.0 = Release|Any CPU
		{1A80BDE7-E89B-4002-8E10-D169BF2CD0F8}.Release|x64.ActiveCfg = Release|Any CPU
		{1A80BDE7-E89B-4002-8E10-D169BF2CD0F8}.Release|x64.Build.0 = Release|Any CPU
		{1A80BDE7-E89B-4002-8E10-D169BF2CD0F8}.Release|x86.ActiveCfg = Release|Any CPU
		{1A80BDE7-E89B-4002-8E10-D169BF2CD0F8}.Release|x86.Build.0 = Release|Any CPU
		{B7B84D85-345B-468E-A55F-96B0BE652874}.Debug|Any CPU.ActiveCfg = Debug|Any CPU
		{B7B84D85-345B-468E-A55F-96B0BE652874}.Debug|Any CPU.Build.0 = Debug|Any CPU
		{B7B84D85-345B-468E-A55F-96B0BE652874}.Debug|x64.ActiveCfg = Debug|Any CPU
		{B7B84D85-345B-468E-A55F-96B0BE652874}.Debug|x64.Build.0 = Debug|Any CPU
		{B7B84D85-345B-468E-A55F-96B0BE652874}.Debug|x86.ActiveCfg = Debug|Any CPU
		{B7B84D85-345B-468E-A55F-96B0BE652874}.Debug|x86.Build.0 = Debug|Any CPU
		{B7B84D85-345B-468E-A55F-96B0BE652874}.Release|Any CPU.ActiveCfg = Release|Any CPU
		{B7B84D85-345B-468E-A55F-96B0BE652874}.Release|Any CPU.Build.0 = Release|Any CPU
		{B7B84D85-345B-468E-A55F-96B0BE652874}.Release|x64.ActiveCfg = Release|Any CPU
		{B7B84D85-345B-468E-A55F-96B0BE652874}.Release|x64.Build.0 = Release|Any CPU
		{B7B84D85-345B-468E-A55F-96B0BE652874}.Release|x86.ActiveCfg = Release|Any CPU
		{B7B84D85-345B-468E-A55F-96B0BE652874}.Release|x86.Build.0 = Release|Any CPU
		{9C49D0D1-0191-4475-AAE5-934A141ABB3E}.Debug|Any CPU.ActiveCfg = Debug|Any CPU
		{9C49D0D1-0191-4475-AAE5-934A141ABB3E}.Debug|Any CPU.Build.0 = Debug|Any CPU
		{9C49D0D1-0191-4475-AAE5-934A141ABB3E}.Debug|x64.ActiveCfg = Debug|Any CPU
		{9C49D0D1-0191-4475-AAE5-934A141ABB3E}.Debug|x64.Build.0 = Debug|Any CPU
		{9C49D0D1-0191-4475-AAE5-934A141ABB3E}.Debug|x86.ActiveCfg = Debug|Any CPU
		{9C49D0D1-0191-4475-AAE5-934A141ABB3E}.Debug|x86.Build.0 = Debug|Any CPU
		{9C49D0D1-0191-4475-AAE5-934A141ABB3E}.Release|Any CPU.ActiveCfg = Release|Any CPU
		{9C49D0D1-0191-4475-AAE5-934A141ABB3E}.Release|Any CPU.Build.0 = Release|Any CPU
		{9C49D0D1-0191-4475-AAE5-934A141ABB3E}.Release|x64.ActiveCfg = Release|Any CPU
		{9C49D0D1-0191-4475-AAE5-934A141ABB3E}.Release|x64.Build.0 = Release|Any CPU
		{9C49D0D1-0191-4475-AAE5-934A141ABB3E}.Release|x86.ActiveCfg = Release|Any CPU
		{9C49D0D1-0191-4475-AAE5-934A141ABB3E}.Release|x86.Build.0 = Release|Any CPU
		{7E61E730-8E74-4B2E-8C35-11BD8A5B98F1}.Debug|Any CPU.ActiveCfg = Debug|Any CPU
		{7E61E730-8E74-4B2E-8C35-11BD8A5B98F1}.Debug|Any CPU.Build.0 = Debug|Any CPU
		{7E61E730-8E74-4B2E-8C35-11BD8A5B98F1}.Debug|x64.ActiveCfg = Debug|Any CPU
		{7E61E730-8E74-4B2E-8C35-11BD8A5B98F1}.Debug|x64.Build.0 = Debug|Any CPU
		{7E61E730-8E74-4B2E-8C35-11BD8A5B98F1}.Debug|x86.ActiveCfg = Debug|Any CPU
		{7E61E730-8E74-4B2E-8C35-11BD8A5B98F1}.Debug|x86.Build.0 = Debug|Any CPU
		{7E61E730-8E74-4B2E-8C35-11BD8A5B98F1}.Release|Any CPU.ActiveCfg = Release|Any CPU
		{7E61E730-8E74-4B2E-8C35-11BD8A5B98F1}.Release|Any CPU.Build.0 = Release|Any CPU
		{7E61E730-8E74-4B2E-8C35-11BD8A5B98F1}.Release|x64.ActiveCfg = Release|Any CPU
		{7E61E730-8E74-4B2E-8C35-11BD8A5B98F1}.Release|x64.Build.0 = Release|Any CPU
		{7E61E730-8E74-4B2E-8C35-11BD8A5B98F1}.Release|x86.ActiveCfg = Release|Any CPU
		{7E61E730-8E74-4B2E-8C35-11BD8A5B98F1}.Release|x86.Build.0 = Release|Any CPU
		{D3BC6D78-CF3B-4E3F-8852-84652E6796DA}.Debug|Any CPU.ActiveCfg = Debug|Any CPU
		{D3BC6D78-CF3B-4E3F-8852-84652E6796DA}.Debug|Any CPU.Build.0 = Debug|Any CPU
		{D3BC6D78-CF3B-4E3F-8852-84652E6796DA}.Debug|x64.ActiveCfg = Debug|Any CPU
		{D3BC6D78-CF3B-4E3F-8852-84652E6796DA}.Debug|x64.Build.0 = Debug|Any CPU
		{D3BC6D78-CF3B-4E3F-8852-84652E6796DA}.Debug|x86.ActiveCfg = Debug|Any CPU
		{D3BC6D78-CF3B-4E3F-8852-84652E6796DA}.Debug|x86.Build.0 = Debug|Any CPU
		{D3BC6D78-CF3B-4E3F-8852-84652E6796DA}.Release|Any CPU.ActiveCfg = Release|Any CPU
		{D3BC6D78-CF3B-4E3F-8852-84652E6796DA}.Release|Any CPU.Build.0 = Release|Any CPU
		{D3BC6D78-CF3B-4E3F-8852-84652E6796DA}.Release|x64.ActiveCfg = Release|Any CPU
		{D3BC6D78-CF3B-4E3F-8852-84652E6796DA}.Release|x64.Build.0 = Release|Any CPU
		{D3BC6D78-CF3B-4E3F-8852-84652E6796DA}.Release|x86.ActiveCfg = Release|Any CPU
		{D3BC6D78-CF3B-4E3F-8852-84652E6796DA}.Release|x86.Build.0 = Release|Any CPU
		{CBE9FBDE-1723-4EFE-957D-F442EDA5E9D6}.Debug|Any CPU.ActiveCfg = Debug|Any CPU
		{CBE9FBDE-1723-4EFE-957D-F442EDA5E9D6}.Debug|Any CPU.Build.0 = Debug|Any CPU
		{CBE9FBDE-1723-4EFE-957D-F442EDA5E9D6}.Debug|x64.ActiveCfg = Debug|Any CPU
		{CBE9FBDE-1723-4EFE-957D-F442EDA5E9D6}.Debug|x64.Build.0 = Debug|Any CPU
		{CBE9FBDE-1723-4EFE-957D-F442EDA5E9D6}.Debug|x86.ActiveCfg = Debug|Any CPU
		{CBE9FBDE-1723-4EFE-957D-F442EDA5E9D6}.Debug|x86.Build.0 = Debug|Any CPU
		{CBE9FBDE-1723-4EFE-957D-F442EDA5E9D6}.Release|Any CPU.ActiveCfg = Release|Any CPU
		{CBE9FBDE-1723-4EFE-957D-F442EDA5E9D6}.Release|Any CPU.Build.0 = Release|Any CPU
		{CBE9FBDE-1723-4EFE-957D-F442EDA5E9D6}.Release|x64.ActiveCfg = Release|Any CPU
		{CBE9FBDE-1723-4EFE-957D-F442EDA5E9D6}.Release|x64.Build.0 = Release|Any CPU
		{CBE9FBDE-1723-4EFE-957D-F442EDA5E9D6}.Release|x86.ActiveCfg = Release|Any CPU
		{CBE9FBDE-1723-4EFE-957D-F442EDA5E9D6}.Release|x86.Build.0 = Release|Any CPU
		{74AEF05A-01B5-4C12-9767-FC27CA053550}.Debug|Any CPU.ActiveCfg = Debug|Any CPU
		{74AEF05A-01B5-4C12-9767-FC27CA053550}.Debug|Any CPU.Build.0 = Debug|Any CPU
		{74AEF05A-01B5-4C12-9767-FC27CA053550}.Debug|x64.ActiveCfg = Debug|Any CPU
		{74AEF05A-01B5-4C12-9767-FC27CA053550}.Debug|x64.Build.0 = Debug|Any CPU
		{74AEF05A-01B5-4C12-9767-FC27CA053550}.Debug|x86.ActiveCfg = Debug|Any CPU
		{74AEF05A-01B5-4C12-9767-FC27CA053550}.Debug|x86.Build.0 = Debug|Any CPU
		{74AEF05A-01B5-4C12-9767-FC27CA053550}.Release|Any CPU.ActiveCfg = Release|Any CPU
		{74AEF05A-01B5-4C12-9767-FC27CA053550}.Release|Any CPU.Build.0 = Release|Any CPU
		{74AEF05A-01B5-4C12-9767-FC27CA053550}.Release|x64.ActiveCfg = Release|Any CPU
		{74AEF05A-01B5-4C12-9767-FC27CA053550}.Release|x64.Build.0 = Release|Any CPU
		{74AEF05A-01B5-4C12-9767-FC27CA053550}.Release|x86.ActiveCfg = Release|Any CPU
		{74AEF05A-01B5-4C12-9767-FC27CA053550}.Release|x86.Build.0 = Release|Any CPU
		{52A17E8C-DA3D-41E3-ABCA-3800B2A878E5}.Debug|Any CPU.ActiveCfg = Debug|Any CPU
		{52A17E8C-DA3D-41E3-ABCA-3800B2A878E5}.Debug|Any CPU.Build.0 = Debug|Any CPU
		{52A17E8C-DA3D-41E3-ABCA-3800B2A878E5}.Debug|x64.ActiveCfg = Debug|Any CPU
		{52A17E8C-DA3D-41E3-ABCA-3800B2A878E5}.Debug|x64.Build.0 = Debug|Any CPU
		{52A17E8C-DA3D-41E3-ABCA-3800B2A878E5}.Debug|x86.ActiveCfg = Debug|Any CPU
		{52A17E8C-DA3D-41E3-ABCA-3800B2A878E5}.Debug|x86.Build.0 = Debug|Any CPU
		{52A17E8C-DA3D-41E3-ABCA-3800B2A878E5}.Release|Any CPU.ActiveCfg = Release|Any CPU
		{52A17E8C-DA3D-41E3-ABCA-3800B2A878E5}.Release|Any CPU.Build.0 = Release|Any CPU
		{52A17E8C-DA3D-41E3-ABCA-3800B2A878E5}.Release|x64.ActiveCfg = Release|Any CPU
		{52A17E8C-DA3D-41E3-ABCA-3800B2A878E5}.Release|x64.Build.0 = Release|Any CPU
		{52A17E8C-DA3D-41E3-ABCA-3800B2A878E5}.Release|x86.ActiveCfg = Release|Any CPU
		{52A17E8C-DA3D-41E3-ABCA-3800B2A878E5}.Release|x86.Build.0 = Release|Any CPU
		{2E12A040-7E76-4963-B153-C70CA6021CB3}.Debug|Any CPU.ActiveCfg = Debug|Any CPU
		{2E12A040-7E76-4963-B153-C70CA6021CB3}.Debug|Any CPU.Build.0 = Debug|Any CPU
		{2E12A040-7E76-4963-B153-C70CA6021CB3}.Debug|x64.ActiveCfg = Debug|Any CPU
		{2E12A040-7E76-4963-B153-C70CA6021CB3}.Debug|x64.Build.0 = Debug|Any CPU
		{2E12A040-7E76-4963-B153-C70CA6021CB3}.Debug|x86.ActiveCfg = Debug|Any CPU
		{2E12A040-7E76-4963-B153-C70CA6021CB3}.Debug|x86.Build.0 = Debug|Any CPU
		{2E12A040-7E76-4963-B153-C70CA6021CB3}.Release|Any CPU.ActiveCfg = Release|Any CPU
		{2E12A040-7E76-4963-B153-C70CA6021CB3}.Release|Any CPU.Build.0 = Release|Any CPU
		{2E12A040-7E76-4963-B153-C70CA6021CB3}.Release|x64.ActiveCfg = Release|Any CPU
		{2E12A040-7E76-4963-B153-C70CA6021CB3}.Release|x64.Build.0 = Release|Any CPU
		{2E12A040-7E76-4963-B153-C70CA6021CB3}.Release|x86.ActiveCfg = Release|Any CPU
		{2E12A040-7E76-4963-B153-C70CA6021CB3}.Release|x86.Build.0 = Release|Any CPU
		{3AD5C0B3-9FE9-41C9-BE21-5823F7C60831}.Debug|Any CPU.ActiveCfg = Debug|Any CPU
		{3AD5C0B3-9FE9-41C9-BE21-5823F7C60831}.Debug|Any CPU.Build.0 = Debug|Any CPU
		{3AD5C0B3-9FE9-41C9-BE21-5823F7C60831}.Debug|x64.ActiveCfg = Debug|Any CPU
		{3AD5C0B3-9FE9-41C9-BE21-5823F7C60831}.Debug|x64.Build.0 = Debug|Any CPU
		{3AD5C0B3-9FE9-41C9-BE21-5823F7C60831}.Debug|x86.ActiveCfg = Debug|Any CPU
		{3AD5C0B3-9FE9-41C9-BE21-5823F7C60831}.Debug|x86.Build.0 = Debug|Any CPU
		{3AD5C0B3-9FE9-41C9-BE21-5823F7C60831}.Release|Any CPU.ActiveCfg = Release|Any CPU
		{3AD5C0B3-9FE9-41C9-BE21-5823F7C60831}.Release|Any CPU.Build.0 = Release|Any CPU
		{3AD5C0B3-9FE9-41C9-BE21-5823F7C60831}.Release|x64.ActiveCfg = Release|Any CPU
		{3AD5C0B3-9FE9-41C9-BE21-5823F7C60831}.Release|x64.Build.0 = Release|Any CPU
		{3AD5C0B3-9FE9-41C9-BE21-5823F7C60831}.Release|x86.ActiveCfg = Release|Any CPU
		{3AD5C0B3-9FE9-41C9-BE21-5823F7C60831}.Release|x86.Build.0 = Release|Any CPU
		{0E579F4E-E455-4F7C-933A-802689075ED5}.Debug|Any CPU.ActiveCfg = Debug|Any CPU
		{0E579F4E-E455-4F7C-933A-802689075ED5}.Debug|Any CPU.Build.0 = Debug|Any CPU
		{0E579F4E-E455-4F7C-933A-802689075ED5}.Debug|x64.ActiveCfg = Debug|Any CPU
		{0E579F4E-E455-4F7C-933A-802689075ED5}.Debug|x64.Build.0 = Debug|Any CPU
		{0E579F4E-E455-4F7C-933A-802689075ED5}.Debug|x86.ActiveCfg = Debug|Any CPU
		{0E579F4E-E455-4F7C-933A-802689075ED5}.Debug|x86.Build.0 = Debug|Any CPU
		{0E579F4E-E455-4F7C-933A-802689075ED5}.Release|Any CPU.ActiveCfg = Release|Any CPU
		{0E579F4E-E455-4F7C-933A-802689075ED5}.Release|Any CPU.Build.0 = Release|Any CPU
		{0E579F4E-E455-4F7C-933A-802689075ED5}.Release|x64.ActiveCfg = Release|Any CPU
		{0E579F4E-E455-4F7C-933A-802689075ED5}.Release|x64.Build.0 = Release|Any CPU
		{0E579F4E-E455-4F7C-933A-802689075ED5}.Release|x86.ActiveCfg = Release|Any CPU
		{0E579F4E-E455-4F7C-933A-802689075ED5}.Release|x86.Build.0 = Release|Any CPU
		{79BD2ECF-30C7-4D3D-9B62-0749249A6237}.Debug|Any CPU.ActiveCfg = Debug|Any CPU
		{79BD2ECF-30C7-4D3D-9B62-0749249A6237}.Debug|Any CPU.Build.0 = Debug|Any CPU
		{79BD2ECF-30C7-4D3D-9B62-0749249A6237}.Debug|x64.ActiveCfg = Debug|Any CPU
		{79BD2ECF-30C7-4D3D-9B62-0749249A6237}.Debug|x64.Build.0 = Debug|Any CPU
		{79BD2ECF-30C7-4D3D-9B62-0749249A6237}.Debug|x86.ActiveCfg = Debug|Any CPU
		{79BD2ECF-30C7-4D3D-9B62-0749249A6237}.Debug|x86.Build.0 = Debug|Any CPU
		{79BD2ECF-30C7-4D3D-9B62-0749249A6237}.Release|Any CPU.ActiveCfg = Release|Any CPU
		{79BD2ECF-30C7-4D3D-9B62-0749249A6237}.Release|Any CPU.Build.0 = Release|Any CPU
		{79BD2ECF-30C7-4D3D-9B62-0749249A6237}.Release|x64.ActiveCfg = Release|Any CPU
		{79BD2ECF-30C7-4D3D-9B62-0749249A6237}.Release|x64.Build.0 = Release|Any CPU
		{79BD2ECF-30C7-4D3D-9B62-0749249A6237}.Release|x86.ActiveCfg = Release|Any CPU
		{79BD2ECF-30C7-4D3D-9B62-0749249A6237}.Release|x86.Build.0 = Release|Any CPU
		{D70464FB-73B5-4080-ABA8-EA3599236358}.Debug|Any CPU.ActiveCfg = Debug|Any CPU
		{D70464FB-73B5-4080-ABA8-EA3599236358}.Debug|Any CPU.Build.0 = Debug|Any CPU
		{D70464FB-73B5-4080-ABA8-EA3599236358}.Debug|x64.ActiveCfg = Debug|Any CPU
		{D70464FB-73B5-4080-ABA8-EA3599236358}.Debug|x64.Build.0 = Debug|Any CPU
		{D70464FB-73B5-4080-ABA8-EA3599236358}.Debug|x86.ActiveCfg = Debug|Any CPU
		{D70464FB-73B5-4080-ABA8-EA3599236358}.Debug|x86.Build.0 = Debug|Any CPU
		{D70464FB-73B5-4080-ABA8-EA3599236358}.Release|Any CPU.ActiveCfg = Release|Any CPU
		{D70464FB-73B5-4080-ABA8-EA3599236358}.Release|Any CPU.Build.0 = Release|Any CPU
		{D70464FB-73B5-4080-ABA8-EA3599236358}.Release|x64.ActiveCfg = Release|Any CPU
		{D70464FB-73B5-4080-ABA8-EA3599236358}.Release|x64.Build.0 = Release|Any CPU
		{D70464FB-73B5-4080-ABA8-EA3599236358}.Release|x86.ActiveCfg = Release|Any CPU
		{D70464FB-73B5-4080-ABA8-EA3599236358}.Release|x86.Build.0 = Release|Any CPU
		{F82BD544-FE15-4C4B-9D5B-8F48D35EDA2D}.Debug|Any CPU.ActiveCfg = Debug|Any CPU
		{F82BD544-FE15-4C4B-9D5B-8F48D35EDA2D}.Debug|Any CPU.Build.0 = Debug|Any CPU
		{F82BD544-FE15-4C4B-9D5B-8F48D35EDA2D}.Debug|x64.ActiveCfg = Debug|Any CPU
		{F82BD544-FE15-4C4B-9D5B-8F48D35EDA2D}.Debug|x64.Build.0 = Debug|Any CPU
		{F82BD544-FE15-4C4B-9D5B-8F48D35EDA2D}.Debug|x86.ActiveCfg = Debug|Any CPU
		{F82BD544-FE15-4C4B-9D5B-8F48D35EDA2D}.Debug|x86.Build.0 = Debug|Any CPU
		{F82BD544-FE15-4C4B-9D5B-8F48D35EDA2D}.Release|Any CPU.ActiveCfg = Release|Any CPU
		{F82BD544-FE15-4C4B-9D5B-8F48D35EDA2D}.Release|Any CPU.Build.0 = Release|Any CPU
		{F82BD544-FE15-4C4B-9D5B-8F48D35EDA2D}.Release|x64.ActiveCfg = Release|Any CPU
		{F82BD544-FE15-4C4B-9D5B-8F48D35EDA2D}.Release|x64.Build.0 = Release|Any CPU
		{F82BD544-FE15-4C4B-9D5B-8F48D35EDA2D}.Release|x86.ActiveCfg = Release|Any CPU
		{F82BD544-FE15-4C4B-9D5B-8F48D35EDA2D}.Release|x86.Build.0 = Release|Any CPU
		{638E8239-36B2-40ED-B170-1E9D162068EB}.Debug|Any CPU.ActiveCfg = Debug|Any CPU
		{638E8239-36B2-40ED-B170-1E9D162068EB}.Debug|Any CPU.Build.0 = Debug|Any CPU
		{638E8239-36B2-40ED-B170-1E9D162068EB}.Debug|x64.ActiveCfg = Debug|Any CPU
		{638E8239-36B2-40ED-B170-1E9D162068EB}.Debug|x64.Build.0 = Debug|Any CPU
		{638E8239-36B2-40ED-B170-1E9D162068EB}.Debug|x86.ActiveCfg = Debug|Any CPU
		{638E8239-36B2-40ED-B170-1E9D162068EB}.Debug|x86.Build.0 = Debug|Any CPU
		{638E8239-36B2-40ED-B170-1E9D162068EB}.Release|Any CPU.ActiveCfg = Release|Any CPU
		{638E8239-36B2-40ED-B170-1E9D162068EB}.Release|Any CPU.Build.0 = Release|Any CPU
		{638E8239-36B2-40ED-B170-1E9D162068EB}.Release|x64.ActiveCfg = Release|Any CPU
		{638E8239-36B2-40ED-B170-1E9D162068EB}.Release|x64.Build.0 = Release|Any CPU
		{638E8239-36B2-40ED-B170-1E9D162068EB}.Release|x86.ActiveCfg = Release|Any CPU
		{638E8239-36B2-40ED-B170-1E9D162068EB}.Release|x86.Build.0 = Release|Any CPU
		{F806CB7B-7C6E-44AC-AFC2-314D51485ADD}.Debug|Any CPU.ActiveCfg = Debug|Any CPU
		{F806CB7B-7C6E-44AC-AFC2-314D51485ADD}.Debug|Any CPU.Build.0 = Debug|Any CPU
		{F806CB7B-7C6E-44AC-AFC2-314D51485ADD}.Debug|x64.ActiveCfg = Debug|Any CPU
		{F806CB7B-7C6E-44AC-AFC2-314D51485ADD}.Debug|x64.Build.0 = Debug|Any CPU
		{F806CB7B-7C6E-44AC-AFC2-314D51485ADD}.Debug|x86.ActiveCfg = Debug|Any CPU
		{F806CB7B-7C6E-44AC-AFC2-314D51485ADD}.Debug|x86.Build.0 = Debug|Any CPU
		{F806CB7B-7C6E-44AC-AFC2-314D51485ADD}.Release|Any CPU.ActiveCfg = Release|Any CPU
		{F806CB7B-7C6E-44AC-AFC2-314D51485ADD}.Release|Any CPU.Build.0 = Release|Any CPU
		{F806CB7B-7C6E-44AC-AFC2-314D51485ADD}.Release|x64.ActiveCfg = Release|Any CPU
		{F806CB7B-7C6E-44AC-AFC2-314D51485ADD}.Release|x64.Build.0 = Release|Any CPU
		{F806CB7B-7C6E-44AC-AFC2-314D51485ADD}.Release|x86.ActiveCfg = Release|Any CPU
		{F806CB7B-7C6E-44AC-AFC2-314D51485ADD}.Release|x86.Build.0 = Release|Any CPU
		{81CC8BAA-A5AD-42A0-A8DC-03F4028C7238}.Debug|Any CPU.ActiveCfg = Debug|Any CPU
		{81CC8BAA-A5AD-42A0-A8DC-03F4028C7238}.Debug|Any CPU.Build.0 = Debug|Any CPU
		{81CC8BAA-A5AD-42A0-A8DC-03F4028C7238}.Debug|x64.ActiveCfg = Debug|Any CPU
		{81CC8BAA-A5AD-42A0-A8DC-03F4028C7238}.Debug|x64.Build.0 = Debug|Any CPU
		{81CC8BAA-A5AD-42A0-A8DC-03F4028C7238}.Debug|x86.ActiveCfg = Debug|Any CPU
		{81CC8BAA-A5AD-42A0-A8DC-03F4028C7238}.Debug|x86.Build.0 = Debug|Any CPU
		{81CC8BAA-A5AD-42A0-A8DC-03F4028C7238}.Release|Any CPU.ActiveCfg = Release|Any CPU
		{81CC8BAA-A5AD-42A0-A8DC-03F4028C7238}.Release|Any CPU.Build.0 = Release|Any CPU
		{81CC8BAA-A5AD-42A0-A8DC-03F4028C7238}.Release|x64.ActiveCfg = Release|Any CPU
		{81CC8BAA-A5AD-42A0-A8DC-03F4028C7238}.Release|x64.Build.0 = Release|Any CPU
		{81CC8BAA-A5AD-42A0-A8DC-03F4028C7238}.Release|x86.ActiveCfg = Release|Any CPU
		{81CC8BAA-A5AD-42A0-A8DC-03F4028C7238}.Release|x86.Build.0 = Release|Any CPU
		{8C34ECDE-7B20-4469-B1B6-B182AAAA8A36}.Debug|Any CPU.ActiveCfg = Debug|Any CPU
		{8C34ECDE-7B20-4469-B1B6-B182AAAA8A36}.Debug|Any CPU.Build.0 = Debug|Any CPU
		{8C34ECDE-7B20-4469-B1B6-B182AAAA8A36}.Debug|x64.ActiveCfg = Debug|Any CPU
		{8C34ECDE-7B20-4469-B1B6-B182AAAA8A36}.Debug|x64.Build.0 = Debug|Any CPU
		{8C34ECDE-7B20-4469-B1B6-B182AAAA8A36}.Debug|x86.ActiveCfg = Debug|Any CPU
		{8C34ECDE-7B20-4469-B1B6-B182AAAA8A36}.Debug|x86.Build.0 = Debug|Any CPU
		{8C34ECDE-7B20-4469-B1B6-B182AAAA8A36}.Release|Any CPU.ActiveCfg = Release|Any CPU
		{8C34ECDE-7B20-4469-B1B6-B182AAAA8A36}.Release|Any CPU.Build.0 = Release|Any CPU
		{8C34ECDE-7B20-4469-B1B6-B182AAAA8A36}.Release|x64.ActiveCfg = Release|Any CPU
		{8C34ECDE-7B20-4469-B1B6-B182AAAA8A36}.Release|x64.Build.0 = Release|Any CPU
		{8C34ECDE-7B20-4469-B1B6-B182AAAA8A36}.Release|x86.ActiveCfg = Release|Any CPU
		{8C34ECDE-7B20-4469-B1B6-B182AAAA8A36}.Release|x86.Build.0 = Release|Any CPU
		{FFD9C6E2-FA21-4D3B-94D2-1A83E66F205F}.Debug|Any CPU.ActiveCfg = Debug|Any CPU
		{FFD9C6E2-FA21-4D3B-94D2-1A83E66F205F}.Debug|Any CPU.Build.0 = Debug|Any CPU
		{FFD9C6E2-FA21-4D3B-94D2-1A83E66F205F}.Debug|x64.ActiveCfg = Debug|Any CPU
		{FFD9C6E2-FA21-4D3B-94D2-1A83E66F205F}.Debug|x64.Build.0 = Debug|Any CPU
		{FFD9C6E2-FA21-4D3B-94D2-1A83E66F205F}.Debug|x86.ActiveCfg = Debug|Any CPU
		{FFD9C6E2-FA21-4D3B-94D2-1A83E66F205F}.Debug|x86.Build.0 = Debug|Any CPU
		{FFD9C6E2-FA21-4D3B-94D2-1A83E66F205F}.Release|Any CPU.ActiveCfg = Release|Any CPU
		{FFD9C6E2-FA21-4D3B-94D2-1A83E66F205F}.Release|Any CPU.Build.0 = Release|Any CPU
		{FFD9C6E2-FA21-4D3B-94D2-1A83E66F205F}.Release|x64.ActiveCfg = Release|Any CPU
		{FFD9C6E2-FA21-4D3B-94D2-1A83E66F205F}.Release|x64.Build.0 = Release|Any CPU
		{FFD9C6E2-FA21-4D3B-94D2-1A83E66F205F}.Release|x86.ActiveCfg = Release|Any CPU
		{FFD9C6E2-FA21-4D3B-94D2-1A83E66F205F}.Release|x86.Build.0 = Release|Any CPU
		{76B83244-181D-4AD2-913C-96E9E0974769}.Debug|Any CPU.ActiveCfg = Debug|Any CPU
		{76B83244-181D-4AD2-913C-96E9E0974769}.Debug|Any CPU.Build.0 = Debug|Any CPU
		{76B83244-181D-4AD2-913C-96E9E0974769}.Debug|x64.ActiveCfg = Debug|Any CPU
		{76B83244-181D-4AD2-913C-96E9E0974769}.Debug|x64.Build.0 = Debug|Any CPU
		{76B83244-181D-4AD2-913C-96E9E0974769}.Debug|x86.ActiveCfg = Debug|Any CPU
		{76B83244-181D-4AD2-913C-96E9E0974769}.Debug|x86.Build.0 = Debug|Any CPU
		{76B83244-181D-4AD2-913C-96E9E0974769}.Release|Any CPU.ActiveCfg = Release|Any CPU
		{76B83244-181D-4AD2-913C-96E9E0974769}.Release|Any CPU.Build.0 = Release|Any CPU
		{76B83244-181D-4AD2-913C-96E9E0974769}.Release|x64.ActiveCfg = Release|Any CPU
		{76B83244-181D-4AD2-913C-96E9E0974769}.Release|x64.Build.0 = Release|Any CPU
		{76B83244-181D-4AD2-913C-96E9E0974769}.Release|x86.ActiveCfg = Release|Any CPU
		{76B83244-181D-4AD2-913C-96E9E0974769}.Release|x86.Build.0 = Release|Any CPU
		{A0602705-B363-4557-A383-ED2638773DB2}.Debug|Any CPU.ActiveCfg = Debug|Any CPU
		{A0602705-B363-4557-A383-ED2638773DB2}.Debug|Any CPU.Build.0 = Debug|Any CPU
		{A0602705-B363-4557-A383-ED2638773DB2}.Debug|x64.ActiveCfg = Debug|Any CPU
		{A0602705-B363-4557-A383-ED2638773DB2}.Debug|x64.Build.0 = Debug|Any CPU
		{A0602705-B363-4557-A383-ED2638773DB2}.Debug|x86.ActiveCfg = Debug|Any CPU
		{A0602705-B363-4557-A383-ED2638773DB2}.Debug|x86.Build.0 = Debug|Any CPU
		{A0602705-B363-4557-A383-ED2638773DB2}.Release|Any CPU.ActiveCfg = Release|Any CPU
		{A0602705-B363-4557-A383-ED2638773DB2}.Release|Any CPU.Build.0 = Release|Any CPU
		{A0602705-B363-4557-A383-ED2638773DB2}.Release|x64.ActiveCfg = Release|Any CPU
		{A0602705-B363-4557-A383-ED2638773DB2}.Release|x64.Build.0 = Release|Any CPU
		{A0602705-B363-4557-A383-ED2638773DB2}.Release|x86.ActiveCfg = Release|Any CPU
		{A0602705-B363-4557-A383-ED2638773DB2}.Release|x86.Build.0 = Release|Any CPU
		{B1CB0112-6459-4C66-B377-5F1472AAAD47}.Debug|Any CPU.ActiveCfg = Debug|Any CPU
		{B1CB0112-6459-4C66-B377-5F1472AAAD47}.Debug|Any CPU.Build.0 = Debug|Any CPU
		{B1CB0112-6459-4C66-B377-5F1472AAAD47}.Debug|x64.ActiveCfg = Debug|Any CPU
		{B1CB0112-6459-4C66-B377-5F1472AAAD47}.Debug|x64.Build.0 = Debug|Any CPU
		{B1CB0112-6459-4C66-B377-5F1472AAAD47}.Debug|x86.ActiveCfg = Debug|Any CPU
		{B1CB0112-6459-4C66-B377-5F1472AAAD47}.Debug|x86.Build.0 = Debug|Any CPU
		{B1CB0112-6459-4C66-B377-5F1472AAAD47}.Release|Any CPU.ActiveCfg = Release|Any CPU
		{B1CB0112-6459-4C66-B377-5F1472AAAD47}.Release|Any CPU.Build.0 = Release|Any CPU
		{B1CB0112-6459-4C66-B377-5F1472AAAD47}.Release|x64.ActiveCfg = Release|Any CPU
		{B1CB0112-6459-4C66-B377-5F1472AAAD47}.Release|x64.Build.0 = Release|Any CPU
		{B1CB0112-6459-4C66-B377-5F1472AAAD47}.Release|x86.ActiveCfg = Release|Any CPU
		{B1CB0112-6459-4C66-B377-5F1472AAAD47}.Release|x86.Build.0 = Release|Any CPU
		{FC82178D-1794-45EB-87EE-2143E5949B62}.Debug|Any CPU.ActiveCfg = Debug|Any CPU
		{FC82178D-1794-45EB-87EE-2143E5949B62}.Debug|Any CPU.Build.0 = Debug|Any CPU
		{FC82178D-1794-45EB-87EE-2143E5949B62}.Debug|x64.ActiveCfg = Debug|Any CPU
		{FC82178D-1794-45EB-87EE-2143E5949B62}.Debug|x64.Build.0 = Debug|Any CPU
		{FC82178D-1794-45EB-87EE-2143E5949B62}.Debug|x86.ActiveCfg = Debug|Any CPU
		{FC82178D-1794-45EB-87EE-2143E5949B62}.Debug|x86.Build.0 = Debug|Any CPU
		{FC82178D-1794-45EB-87EE-2143E5949B62}.Release|Any CPU.ActiveCfg = Release|Any CPU
		{FC82178D-1794-45EB-87EE-2143E5949B62}.Release|Any CPU.Build.0 = Release|Any CPU
		{FC82178D-1794-45EB-87EE-2143E5949B62}.Release|x64.ActiveCfg = Release|Any CPU
		{FC82178D-1794-45EB-87EE-2143E5949B62}.Release|x64.Build.0 = Release|Any CPU
		{FC82178D-1794-45EB-87EE-2143E5949B62}.Release|x86.ActiveCfg = Release|Any CPU
		{FC82178D-1794-45EB-87EE-2143E5949B62}.Release|x86.Build.0 = Release|Any CPU
		{6DC5E604-1758-479F-A3BF-7755A3D7B8E4}.Debug|Any CPU.ActiveCfg = Debug|Any CPU
		{6DC5E604-1758-479F-A3BF-7755A3D7B8E4}.Debug|Any CPU.Build.0 = Debug|Any CPU
		{6DC5E604-1758-479F-A3BF-7755A3D7B8E4}.Debug|x64.ActiveCfg = Debug|Any CPU
		{6DC5E604-1758-479F-A3BF-7755A3D7B8E4}.Debug|x64.Build.0 = Debug|Any CPU
		{6DC5E604-1758-479F-A3BF-7755A3D7B8E4}.Debug|x86.ActiveCfg = Debug|Any CPU
		{6DC5E604-1758-479F-A3BF-7755A3D7B8E4}.Debug|x86.Build.0 = Debug|Any CPU
		{6DC5E604-1758-479F-A3BF-7755A3D7B8E4}.Release|Any CPU.ActiveCfg = Release|Any CPU
		{6DC5E604-1758-479F-A3BF-7755A3D7B8E4}.Release|Any CPU.Build.0 = Release|Any CPU
		{6DC5E604-1758-479F-A3BF-7755A3D7B8E4}.Release|x64.ActiveCfg = Release|Any CPU
		{6DC5E604-1758-479F-A3BF-7755A3D7B8E4}.Release|x64.Build.0 = Release|Any CPU
		{6DC5E604-1758-479F-A3BF-7755A3D7B8E4}.Release|x86.ActiveCfg = Release|Any CPU
		{6DC5E604-1758-479F-A3BF-7755A3D7B8E4}.Release|x86.Build.0 = Release|Any CPU
		{4C63ED30-00E6-4841-BAA0-7E8253E75C36}.Debug|Any CPU.ActiveCfg = Debug|Any CPU
		{4C63ED30-00E6-4841-BAA0-7E8253E75C36}.Debug|Any CPU.Build.0 = Debug|Any CPU
		{4C63ED30-00E6-4841-BAA0-7E8253E75C36}.Debug|x64.ActiveCfg = Debug|Any CPU
		{4C63ED30-00E6-4841-BAA0-7E8253E75C36}.Debug|x64.Build.0 = Debug|Any CPU
		{4C63ED30-00E6-4841-BAA0-7E8253E75C36}.Debug|x86.ActiveCfg = Debug|Any CPU
		{4C63ED30-00E6-4841-BAA0-7E8253E75C36}.Debug|x86.Build.0 = Debug|Any CPU
		{4C63ED30-00E6-4841-BAA0-7E8253E75C36}.Release|Any CPU.ActiveCfg = Release|Any CPU
		{4C63ED30-00E6-4841-BAA0-7E8253E75C36}.Release|Any CPU.Build.0 = Release|Any CPU
		{4C63ED30-00E6-4841-BAA0-7E8253E75C36}.Release|x64.ActiveCfg = Release|Any CPU
		{4C63ED30-00E6-4841-BAA0-7E8253E75C36}.Release|x64.Build.0 = Release|Any CPU
		{4C63ED30-00E6-4841-BAA0-7E8253E75C36}.Release|x86.ActiveCfg = Release|Any CPU
		{4C63ED30-00E6-4841-BAA0-7E8253E75C36}.Release|x86.Build.0 = Release|Any CPU
		{7AA19643-5CFE-426B-9A28-5CF5762BD913}.Debug|Any CPU.ActiveCfg = Debug|Any CPU
		{7AA19643-5CFE-426B-9A28-5CF5762BD913}.Debug|Any CPU.Build.0 = Debug|Any CPU
		{7AA19643-5CFE-426B-9A28-5CF5762BD913}.Debug|x64.ActiveCfg = Debug|Any CPU
		{7AA19643-5CFE-426B-9A28-5CF5762BD913}.Debug|x64.Build.0 = Debug|Any CPU
		{7AA19643-5CFE-426B-9A28-5CF5762BD913}.Debug|x86.ActiveCfg = Debug|Any CPU
		{7AA19643-5CFE-426B-9A28-5CF5762BD913}.Debug|x86.Build.0 = Debug|Any CPU
		{7AA19643-5CFE-426B-9A28-5CF5762BD913}.Release|Any CPU.ActiveCfg = Release|Any CPU
		{7AA19643-5CFE-426B-9A28-5CF5762BD913}.Release|Any CPU.Build.0 = Release|Any CPU
		{7AA19643-5CFE-426B-9A28-5CF5762BD913}.Release|x64.ActiveCfg = Release|Any CPU
		{7AA19643-5CFE-426B-9A28-5CF5762BD913}.Release|x64.Build.0 = Release|Any CPU
		{7AA19643-5CFE-426B-9A28-5CF5762BD913}.Release|x86.ActiveCfg = Release|Any CPU
		{7AA19643-5CFE-426B-9A28-5CF5762BD913}.Release|x86.Build.0 = Release|Any CPU
		{956C3203-DBF2-401E-BF2A-42FEA36D3FE6}.Debug|Any CPU.ActiveCfg = Debug|Any CPU
		{956C3203-DBF2-401E-BF2A-42FEA36D3FE6}.Debug|Any CPU.Build.0 = Debug|Any CPU
		{956C3203-DBF2-401E-BF2A-42FEA36D3FE6}.Debug|x64.ActiveCfg = Debug|Any CPU
		{956C3203-DBF2-401E-BF2A-42FEA36D3FE6}.Debug|x64.Build.0 = Debug|Any CPU
		{956C3203-DBF2-401E-BF2A-42FEA36D3FE6}.Debug|x86.ActiveCfg = Debug|Any CPU
		{956C3203-DBF2-401E-BF2A-42FEA36D3FE6}.Debug|x86.Build.0 = Debug|Any CPU
		{956C3203-DBF2-401E-BF2A-42FEA36D3FE6}.Release|Any CPU.ActiveCfg = Release|Any CPU
		{956C3203-DBF2-401E-BF2A-42FEA36D3FE6}.Release|Any CPU.Build.0 = Release|Any CPU
		{956C3203-DBF2-401E-BF2A-42FEA36D3FE6}.Release|x64.ActiveCfg = Release|Any CPU
		{956C3203-DBF2-401E-BF2A-42FEA36D3FE6}.Release|x64.Build.0 = Release|Any CPU
		{956C3203-DBF2-401E-BF2A-42FEA36D3FE6}.Release|x86.ActiveCfg = Release|Any CPU
		{956C3203-DBF2-401E-BF2A-42FEA36D3FE6}.Release|x86.Build.0 = Release|Any CPU
		{676562D9-3E64-484B-BA38-EEAD8EF395C9}.Debug|Any CPU.ActiveCfg = Debug|Any CPU
		{676562D9-3E64-484B-BA38-EEAD8EF395C9}.Debug|Any CPU.Build.0 = Debug|Any CPU
		{676562D9-3E64-484B-BA38-EEAD8EF395C9}.Debug|x64.ActiveCfg = Debug|Any CPU
		{676562D9-3E64-484B-BA38-EEAD8EF395C9}.Debug|x64.Build.0 = Debug|Any CPU
		{676562D9-3E64-484B-BA38-EEAD8EF395C9}.Debug|x86.ActiveCfg = Debug|Any CPU
		{676562D9-3E64-484B-BA38-EEAD8EF395C9}.Debug|x86.Build.0 = Debug|Any CPU
		{676562D9-3E64-484B-BA38-EEAD8EF395C9}.Release|Any CPU.ActiveCfg = Release|Any CPU
		{676562D9-3E64-484B-BA38-EEAD8EF395C9}.Release|Any CPU.Build.0 = Release|Any CPU
		{676562D9-3E64-484B-BA38-EEAD8EF395C9}.Release|x64.ActiveCfg = Release|Any CPU
		{676562D9-3E64-484B-BA38-EEAD8EF395C9}.Release|x64.Build.0 = Release|Any CPU
		{676562D9-3E64-484B-BA38-EEAD8EF395C9}.Release|x86.ActiveCfg = Release|Any CPU
		{676562D9-3E64-484B-BA38-EEAD8EF395C9}.Release|x86.Build.0 = Release|Any CPU
		{9D644DE3-D50B-41A2-AF82-86D29F34026E}.Debug|Any CPU.ActiveCfg = Debug|Any CPU
		{9D644DE3-D50B-41A2-AF82-86D29F34026E}.Debug|Any CPU.Build.0 = Debug|Any CPU
		{9D644DE3-D50B-41A2-AF82-86D29F34026E}.Debug|x64.ActiveCfg = Debug|Any CPU
		{9D644DE3-D50B-41A2-AF82-86D29F34026E}.Debug|x64.Build.0 = Debug|Any CPU
		{9D644DE3-D50B-41A2-AF82-86D29F34026E}.Debug|x86.ActiveCfg = Debug|Any CPU
		{9D644DE3-D50B-41A2-AF82-86D29F34026E}.Debug|x86.Build.0 = Debug|Any CPU
		{9D644DE3-D50B-41A2-AF82-86D29F34026E}.Release|Any CPU.ActiveCfg = Release|Any CPU
		{9D644DE3-D50B-41A2-AF82-86D29F34026E}.Release|Any CPU.Build.0 = Release|Any CPU
		{9D644DE3-D50B-41A2-AF82-86D29F34026E}.Release|x64.ActiveCfg = Release|Any CPU
		{9D644DE3-D50B-41A2-AF82-86D29F34026E}.Release|x64.Build.0 = Release|Any CPU
		{9D644DE3-D50B-41A2-AF82-86D29F34026E}.Release|x86.ActiveCfg = Release|Any CPU
		{9D644DE3-D50B-41A2-AF82-86D29F34026E}.Release|x86.Build.0 = Release|Any CPU
		{DF55CEF4-0E12-4B79-A5F2-2ED81980B86C}.Debug|Any CPU.ActiveCfg = Debug|Any CPU
		{DF55CEF4-0E12-4B79-A5F2-2ED81980B86C}.Debug|Any CPU.Build.0 = Debug|Any CPU
		{DF55CEF4-0E12-4B79-A5F2-2ED81980B86C}.Debug|x64.ActiveCfg = Debug|Any CPU
		{DF55CEF4-0E12-4B79-A5F2-2ED81980B86C}.Debug|x64.Build.0 = Debug|Any CPU
		{DF55CEF4-0E12-4B79-A5F2-2ED81980B86C}.Debug|x86.ActiveCfg = Debug|Any CPU
		{DF55CEF4-0E12-4B79-A5F2-2ED81980B86C}.Debug|x86.Build.0 = Debug|Any CPU
		{DF55CEF4-0E12-4B79-A5F2-2ED81980B86C}.Release|Any CPU.ActiveCfg = Release|Any CPU
		{DF55CEF4-0E12-4B79-A5F2-2ED81980B86C}.Release|Any CPU.Build.0 = Release|Any CPU
		{DF55CEF4-0E12-4B79-A5F2-2ED81980B86C}.Release|x64.ActiveCfg = Release|Any CPU
		{DF55CEF4-0E12-4B79-A5F2-2ED81980B86C}.Release|x64.Build.0 = Release|Any CPU
		{DF55CEF4-0E12-4B79-A5F2-2ED81980B86C}.Release|x86.ActiveCfg = Release|Any CPU
		{DF55CEF4-0E12-4B79-A5F2-2ED81980B86C}.Release|x86.Build.0 = Release|Any CPU
		{8E332CC0-D69D-4611-B0E8-94BDBB0DC68C}.Debug|Any CPU.ActiveCfg = Debug|Any CPU
		{8E332CC0-D69D-4611-B0E8-94BDBB0DC68C}.Debug|Any CPU.Build.0 = Debug|Any CPU
		{8E332CC0-D69D-4611-B0E8-94BDBB0DC68C}.Debug|x64.ActiveCfg = Debug|Any CPU
		{8E332CC0-D69D-4611-B0E8-94BDBB0DC68C}.Debug|x64.Build.0 = Debug|Any CPU
		{8E332CC0-D69D-4611-B0E8-94BDBB0DC68C}.Debug|x86.ActiveCfg = Debug|Any CPU
		{8E332CC0-D69D-4611-B0E8-94BDBB0DC68C}.Debug|x86.Build.0 = Debug|Any CPU
		{8E332CC0-D69D-4611-B0E8-94BDBB0DC68C}.Release|Any CPU.ActiveCfg = Release|Any CPU
		{8E332CC0-D69D-4611-B0E8-94BDBB0DC68C}.Release|Any CPU.Build.0 = Release|Any CPU
		{8E332CC0-D69D-4611-B0E8-94BDBB0DC68C}.Release|x64.ActiveCfg = Release|Any CPU
		{8E332CC0-D69D-4611-B0E8-94BDBB0DC68C}.Release|x64.Build.0 = Release|Any CPU
		{8E332CC0-D69D-4611-B0E8-94BDBB0DC68C}.Release|x86.ActiveCfg = Release|Any CPU
		{8E332CC0-D69D-4611-B0E8-94BDBB0DC68C}.Release|x86.Build.0 = Release|Any CPU
		{CC5C3B06-23AB-458E-BBF1-407BF612BDD0}.Debug|Any CPU.ActiveCfg = Debug|Any CPU
		{CC5C3B06-23AB-458E-BBF1-407BF612BDD0}.Debug|Any CPU.Build.0 = Debug|Any CPU
		{CC5C3B06-23AB-458E-BBF1-407BF612BDD0}.Debug|x64.ActiveCfg = Debug|Any CPU
		{CC5C3B06-23AB-458E-BBF1-407BF612BDD0}.Debug|x64.Build.0 = Debug|Any CPU
		{CC5C3B06-23AB-458E-BBF1-407BF612BDD0}.Debug|x86.ActiveCfg = Debug|Any CPU
		{CC5C3B06-23AB-458E-BBF1-407BF612BDD0}.Debug|x86.Build.0 = Debug|Any CPU
		{CC5C3B06-23AB-458E-BBF1-407BF612BDD0}.Release|Any CPU.ActiveCfg = Release|Any CPU
		{CC5C3B06-23AB-458E-BBF1-407BF612BDD0}.Release|Any CPU.Build.0 = Release|Any CPU
		{CC5C3B06-23AB-458E-BBF1-407BF612BDD0}.Release|x64.ActiveCfg = Release|Any CPU
		{CC5C3B06-23AB-458E-BBF1-407BF612BDD0}.Release|x64.Build.0 = Release|Any CPU
		{CC5C3B06-23AB-458E-BBF1-407BF612BDD0}.Release|x86.ActiveCfg = Release|Any CPU
		{CC5C3B06-23AB-458E-BBF1-407BF612BDD0}.Release|x86.Build.0 = Release|Any CPU
		{1A9984BF-3566-496C-9E61-AB98B97C496F}.Debug|Any CPU.ActiveCfg = Debug|Any CPU
		{1A9984BF-3566-496C-9E61-AB98B97C496F}.Debug|Any CPU.Build.0 = Debug|Any CPU
		{1A9984BF-3566-496C-9E61-AB98B97C496F}.Debug|x64.ActiveCfg = Debug|Any CPU
		{1A9984BF-3566-496C-9E61-AB98B97C496F}.Debug|x64.Build.0 = Debug|Any CPU
		{1A9984BF-3566-496C-9E61-AB98B97C496F}.Debug|x86.ActiveCfg = Debug|Any CPU
		{1A9984BF-3566-496C-9E61-AB98B97C496F}.Debug|x86.Build.0 = Debug|Any CPU
		{1A9984BF-3566-496C-9E61-AB98B97C496F}.Release|Any CPU.ActiveCfg = Release|Any CPU
		{1A9984BF-3566-496C-9E61-AB98B97C496F}.Release|Any CPU.Build.0 = Release|Any CPU
		{1A9984BF-3566-496C-9E61-AB98B97C496F}.Release|x64.ActiveCfg = Release|Any CPU
		{1A9984BF-3566-496C-9E61-AB98B97C496F}.Release|x64.Build.0 = Release|Any CPU
		{1A9984BF-3566-496C-9E61-AB98B97C496F}.Release|x86.ActiveCfg = Release|Any CPU
		{1A9984BF-3566-496C-9E61-AB98B97C496F}.Release|x86.Build.0 = Release|Any CPU
		{B0646EDD-EC7E-41B1-A88A-C99050E94C44}.Debug|Any CPU.ActiveCfg = Debug|Any CPU
		{B0646EDD-EC7E-41B1-A88A-C99050E94C44}.Debug|Any CPU.Build.0 = Debug|Any CPU
		{B0646EDD-EC7E-41B1-A88A-C99050E94C44}.Debug|x64.ActiveCfg = Debug|Any CPU
		{B0646EDD-EC7E-41B1-A88A-C99050E94C44}.Debug|x64.Build.0 = Debug|Any CPU
		{B0646EDD-EC7E-41B1-A88A-C99050E94C44}.Debug|x86.ActiveCfg = Debug|Any CPU
		{B0646EDD-EC7E-41B1-A88A-C99050E94C44}.Debug|x86.Build.0 = Debug|Any CPU
		{B0646EDD-EC7E-41B1-A88A-C99050E94C44}.Release|Any CPU.ActiveCfg = Release|Any CPU
		{B0646EDD-EC7E-41B1-A88A-C99050E94C44}.Release|Any CPU.Build.0 = Release|Any CPU
		{B0646EDD-EC7E-41B1-A88A-C99050E94C44}.Release|x64.ActiveCfg = Release|Any CPU
		{B0646EDD-EC7E-41B1-A88A-C99050E94C44}.Release|x64.Build.0 = Release|Any CPU
		{B0646EDD-EC7E-41B1-A88A-C99050E94C44}.Release|x86.ActiveCfg = Release|Any CPU
		{B0646EDD-EC7E-41B1-A88A-C99050E94C44}.Release|x86.Build.0 = Release|Any CPU
		{E7ECF92D-97F8-4D2C-B672-EFF2642AD654}.Debug|Any CPU.ActiveCfg = Debug|Any CPU
		{E7ECF92D-97F8-4D2C-B672-EFF2642AD654}.Debug|Any CPU.Build.0 = Debug|Any CPU
		{E7ECF92D-97F8-4D2C-B672-EFF2642AD654}.Debug|x64.ActiveCfg = Debug|Any CPU
		{E7ECF92D-97F8-4D2C-B672-EFF2642AD654}.Debug|x64.Build.0 = Debug|Any CPU
		{E7ECF92D-97F8-4D2C-B672-EFF2642AD654}.Debug|x86.ActiveCfg = Debug|Any CPU
		{E7ECF92D-97F8-4D2C-B672-EFF2642AD654}.Debug|x86.Build.0 = Debug|Any CPU
		{E7ECF92D-97F8-4D2C-B672-EFF2642AD654}.Release|Any CPU.ActiveCfg = Release|Any CPU
		{E7ECF92D-97F8-4D2C-B672-EFF2642AD654}.Release|Any CPU.Build.0 = Release|Any CPU
		{E7ECF92D-97F8-4D2C-B672-EFF2642AD654}.Release|x64.ActiveCfg = Release|Any CPU
		{E7ECF92D-97F8-4D2C-B672-EFF2642AD654}.Release|x64.Build.0 = Release|Any CPU
		{E7ECF92D-97F8-4D2C-B672-EFF2642AD654}.Release|x86.ActiveCfg = Release|Any CPU
		{E7ECF92D-97F8-4D2C-B672-EFF2642AD654}.Release|x86.Build.0 = Release|Any CPU
		{742A46F8-0C60-4ED9-920C-981F963119B4}.Debug|Any CPU.ActiveCfg = Debug|Any CPU
		{742A46F8-0C60-4ED9-920C-981F963119B4}.Debug|Any CPU.Build.0 = Debug|Any CPU
		{742A46F8-0C60-4ED9-920C-981F963119B4}.Debug|x64.ActiveCfg = Debug|Any CPU
		{742A46F8-0C60-4ED9-920C-981F963119B4}.Debug|x64.Build.0 = Debug|Any CPU
		{742A46F8-0C60-4ED9-920C-981F963119B4}.Debug|x86.ActiveCfg = Debug|Any CPU
		{742A46F8-0C60-4ED9-920C-981F963119B4}.Debug|x86.Build.0 = Debug|Any CPU
		{742A46F8-0C60-4ED9-920C-981F963119B4}.Release|Any CPU.ActiveCfg = Release|Any CPU
		{742A46F8-0C60-4ED9-920C-981F963119B4}.Release|Any CPU.Build.0 = Release|Any CPU
		{742A46F8-0C60-4ED9-920C-981F963119B4}.Release|x64.ActiveCfg = Release|Any CPU
		{742A46F8-0C60-4ED9-920C-981F963119B4}.Release|x64.Build.0 = Release|Any CPU
		{742A46F8-0C60-4ED9-920C-981F963119B4}.Release|x86.ActiveCfg = Release|Any CPU
		{742A46F8-0C60-4ED9-920C-981F963119B4}.Release|x86.Build.0 = Release|Any CPU
		{551A99BB-29FF-4946-B5F1-2B5BD9B13952}.Debug|Any CPU.ActiveCfg = Debug|Any CPU
		{551A99BB-29FF-4946-B5F1-2B5BD9B13952}.Debug|Any CPU.Build.0 = Debug|Any CPU
		{551A99BB-29FF-4946-B5F1-2B5BD9B13952}.Debug|x64.ActiveCfg = Debug|Any CPU
		{551A99BB-29FF-4946-B5F1-2B5BD9B13952}.Debug|x64.Build.0 = Debug|Any CPU
		{551A99BB-29FF-4946-B5F1-2B5BD9B13952}.Debug|x86.ActiveCfg = Debug|Any CPU
		{551A99BB-29FF-4946-B5F1-2B5BD9B13952}.Debug|x86.Build.0 = Debug|Any CPU
		{551A99BB-29FF-4946-B5F1-2B5BD9B13952}.Release|Any CPU.ActiveCfg = Release|Any CPU
		{551A99BB-29FF-4946-B5F1-2B5BD9B13952}.Release|Any CPU.Build.0 = Release|Any CPU
		{551A99BB-29FF-4946-B5F1-2B5BD9B13952}.Release|x64.ActiveCfg = Release|Any CPU
		{551A99BB-29FF-4946-B5F1-2B5BD9B13952}.Release|x64.Build.0 = Release|Any CPU
		{551A99BB-29FF-4946-B5F1-2B5BD9B13952}.Release|x86.ActiveCfg = Release|Any CPU
		{551A99BB-29FF-4946-B5F1-2B5BD9B13952}.Release|x86.Build.0 = Release|Any CPU
		{815650B2-3D2E-49F3-9737-AA6795E23E01}.Debug|Any CPU.ActiveCfg = Debug|Any CPU
		{815650B2-3D2E-49F3-9737-AA6795E23E01}.Debug|Any CPU.Build.0 = Debug|Any CPU
		{815650B2-3D2E-49F3-9737-AA6795E23E01}.Debug|x64.ActiveCfg = Debug|Any CPU
		{815650B2-3D2E-49F3-9737-AA6795E23E01}.Debug|x64.Build.0 = Debug|Any CPU
		{815650B2-3D2E-49F3-9737-AA6795E23E01}.Debug|x86.ActiveCfg = Debug|Any CPU
		{815650B2-3D2E-49F3-9737-AA6795E23E01}.Debug|x86.Build.0 = Debug|Any CPU
		{815650B2-3D2E-49F3-9737-AA6795E23E01}.Release|Any CPU.ActiveCfg = Release|Any CPU
		{815650B2-3D2E-49F3-9737-AA6795E23E01}.Release|Any CPU.Build.0 = Release|Any CPU
		{815650B2-3D2E-49F3-9737-AA6795E23E01}.Release|x64.ActiveCfg = Release|Any CPU
		{815650B2-3D2E-49F3-9737-AA6795E23E01}.Release|x64.Build.0 = Release|Any CPU
		{815650B2-3D2E-49F3-9737-AA6795E23E01}.Release|x86.ActiveCfg = Release|Any CPU
		{815650B2-3D2E-49F3-9737-AA6795E23E01}.Release|x86.Build.0 = Release|Any CPU
		{F0F63FFA-BBDE-467A-8D54-0757758DC12D}.Debug|Any CPU.ActiveCfg = Debug|Any CPU
		{F0F63FFA-BBDE-467A-8D54-0757758DC12D}.Debug|Any CPU.Build.0 = Debug|Any CPU
		{F0F63FFA-BBDE-467A-8D54-0757758DC12D}.Debug|x64.ActiveCfg = Debug|Any CPU
		{F0F63FFA-BBDE-467A-8D54-0757758DC12D}.Debug|x64.Build.0 = Debug|Any CPU
		{F0F63FFA-BBDE-467A-8D54-0757758DC12D}.Debug|x86.ActiveCfg = Debug|Any CPU
		{F0F63FFA-BBDE-467A-8D54-0757758DC12D}.Debug|x86.Build.0 = Debug|Any CPU
		{F0F63FFA-BBDE-467A-8D54-0757758DC12D}.Release|Any CPU.ActiveCfg = Release|Any CPU
		{F0F63FFA-BBDE-467A-8D54-0757758DC12D}.Release|Any CPU.Build.0 = Release|Any CPU
		{F0F63FFA-BBDE-467A-8D54-0757758DC12D}.Release|x64.ActiveCfg = Release|Any CPU
		{F0F63FFA-BBDE-467A-8D54-0757758DC12D}.Release|x64.Build.0 = Release|Any CPU
		{F0F63FFA-BBDE-467A-8D54-0757758DC12D}.Release|x86.ActiveCfg = Release|Any CPU
		{F0F63FFA-BBDE-467A-8D54-0757758DC12D}.Release|x86.Build.0 = Release|Any CPU
		{9CF5AF8A-75E6-4547-9FF8-E9DF16D2A1D7}.Debug|Any CPU.ActiveCfg = Debug|Any CPU
		{9CF5AF8A-75E6-4547-9FF8-E9DF16D2A1D7}.Debug|Any CPU.Build.0 = Debug|Any CPU
		{9CF5AF8A-75E6-4547-9FF8-E9DF16D2A1D7}.Debug|x64.ActiveCfg = Debug|Any CPU
		{9CF5AF8A-75E6-4547-9FF8-E9DF16D2A1D7}.Debug|x64.Build.0 = Debug|Any CPU
		{9CF5AF8A-75E6-4547-9FF8-E9DF16D2A1D7}.Debug|x86.ActiveCfg = Debug|Any CPU
		{9CF5AF8A-75E6-4547-9FF8-E9DF16D2A1D7}.Debug|x86.Build.0 = Debug|Any CPU
		{9CF5AF8A-75E6-4547-9FF8-E9DF16D2A1D7}.Release|Any CPU.ActiveCfg = Release|Any CPU
		{9CF5AF8A-75E6-4547-9FF8-E9DF16D2A1D7}.Release|Any CPU.Build.0 = Release|Any CPU
		{9CF5AF8A-75E6-4547-9FF8-E9DF16D2A1D7}.Release|x64.ActiveCfg = Release|Any CPU
		{9CF5AF8A-75E6-4547-9FF8-E9DF16D2A1D7}.Release|x64.Build.0 = Release|Any CPU
		{9CF5AF8A-75E6-4547-9FF8-E9DF16D2A1D7}.Release|x86.ActiveCfg = Release|Any CPU
		{9CF5AF8A-75E6-4547-9FF8-E9DF16D2A1D7}.Release|x86.Build.0 = Release|Any CPU
		{0A1DE683-B1FE-4334-8678-0BEE71E582D9}.Debug|Any CPU.ActiveCfg = Debug|Any CPU
		{0A1DE683-B1FE-4334-8678-0BEE71E582D9}.Debug|Any CPU.Build.0 = Debug|Any CPU
		{0A1DE683-B1FE-4334-8678-0BEE71E582D9}.Debug|x64.ActiveCfg = Debug|Any CPU
		{0A1DE683-B1FE-4334-8678-0BEE71E582D9}.Debug|x64.Build.0 = Debug|Any CPU
		{0A1DE683-B1FE-4334-8678-0BEE71E582D9}.Debug|x86.ActiveCfg = Debug|Any CPU
		{0A1DE683-B1FE-4334-8678-0BEE71E582D9}.Debug|x86.Build.0 = Debug|Any CPU
		{0A1DE683-B1FE-4334-8678-0BEE71E582D9}.Release|Any CPU.ActiveCfg = Release|Any CPU
		{0A1DE683-B1FE-4334-8678-0BEE71E582D9}.Release|Any CPU.Build.0 = Release|Any CPU
		{0A1DE683-B1FE-4334-8678-0BEE71E582D9}.Release|x64.ActiveCfg = Release|Any CPU
		{0A1DE683-B1FE-4334-8678-0BEE71E582D9}.Release|x64.Build.0 = Release|Any CPU
		{0A1DE683-B1FE-4334-8678-0BEE71E582D9}.Release|x86.ActiveCfg = Release|Any CPU
		{0A1DE683-B1FE-4334-8678-0BEE71E582D9}.Release|x86.Build.0 = Release|Any CPU
		{1B743AAF-C83E-4514-A227-81AAA7FA8B5B}.Debug|Any CPU.ActiveCfg = Debug|Any CPU
		{1B743AAF-C83E-4514-A227-81AAA7FA8B5B}.Debug|Any CPU.Build.0 = Debug|Any CPU
		{1B743AAF-C83E-4514-A227-81AAA7FA8B5B}.Debug|x64.ActiveCfg = Debug|Any CPU
		{1B743AAF-C83E-4514-A227-81AAA7FA8B5B}.Debug|x64.Build.0 = Debug|Any CPU
		{1B743AAF-C83E-4514-A227-81AAA7FA8B5B}.Debug|x86.ActiveCfg = Debug|Any CPU
		{1B743AAF-C83E-4514-A227-81AAA7FA8B5B}.Debug|x86.Build.0 = Debug|Any CPU
		{1B743AAF-C83E-4514-A227-81AAA7FA8B5B}.Release|Any CPU.ActiveCfg = Release|Any CPU
		{1B743AAF-C83E-4514-A227-81AAA7FA8B5B}.Release|Any CPU.Build.0 = Release|Any CPU
		{1B743AAF-C83E-4514-A227-81AAA7FA8B5B}.Release|x64.ActiveCfg = Release|Any CPU
		{1B743AAF-C83E-4514-A227-81AAA7FA8B5B}.Release|x64.Build.0 = Release|Any CPU
		{1B743AAF-C83E-4514-A227-81AAA7FA8B5B}.Release|x86.ActiveCfg = Release|Any CPU
		{1B743AAF-C83E-4514-A227-81AAA7FA8B5B}.Release|x86.Build.0 = Release|Any CPU
		{75F63838-ABD6-42E3-BE76-4F0B274ED473}.Debug|Any CPU.ActiveCfg = Debug|Any CPU
		{75F63838-ABD6-42E3-BE76-4F0B274ED473}.Debug|Any CPU.Build.0 = Debug|Any CPU
		{75F63838-ABD6-42E3-BE76-4F0B274ED473}.Debug|x64.ActiveCfg = Debug|Any CPU
		{75F63838-ABD6-42E3-BE76-4F0B274ED473}.Debug|x64.Build.0 = Debug|Any CPU
		{75F63838-ABD6-42E3-BE76-4F0B274ED473}.Debug|x86.ActiveCfg = Debug|Any CPU
		{75F63838-ABD6-42E3-BE76-4F0B274ED473}.Debug|x86.Build.0 = Debug|Any CPU
		{75F63838-ABD6-42E3-BE76-4F0B274ED473}.Release|Any CPU.ActiveCfg = Release|Any CPU
		{75F63838-ABD6-42E3-BE76-4F0B274ED473}.Release|Any CPU.Build.0 = Release|Any CPU
		{75F63838-ABD6-42E3-BE76-4F0B274ED473}.Release|x64.ActiveCfg = Release|Any CPU
		{75F63838-ABD6-42E3-BE76-4F0B274ED473}.Release|x64.Build.0 = Release|Any CPU
		{75F63838-ABD6-42E3-BE76-4F0B274ED473}.Release|x86.ActiveCfg = Release|Any CPU
		{75F63838-ABD6-42E3-BE76-4F0B274ED473}.Release|x86.Build.0 = Release|Any CPU
		{8FC404AC-8972-487A-917A-110B16232F42}.Debug|Any CPU.ActiveCfg = Debug|Any CPU
		{8FC404AC-8972-487A-917A-110B16232F42}.Debug|Any CPU.Build.0 = Debug|Any CPU
		{8FC404AC-8972-487A-917A-110B16232F42}.Debug|x64.ActiveCfg = Debug|Any CPU
		{8FC404AC-8972-487A-917A-110B16232F42}.Debug|x64.Build.0 = Debug|Any CPU
		{8FC404AC-8972-487A-917A-110B16232F42}.Debug|x86.ActiveCfg = Debug|Any CPU
		{8FC404AC-8972-487A-917A-110B16232F42}.Debug|x86.Build.0 = Debug|Any CPU
		{8FC404AC-8972-487A-917A-110B16232F42}.Release|Any CPU.ActiveCfg = Release|Any CPU
		{8FC404AC-8972-487A-917A-110B16232F42}.Release|Any CPU.Build.0 = Release|Any CPU
		{8FC404AC-8972-487A-917A-110B16232F42}.Release|x64.ActiveCfg = Release|Any CPU
		{8FC404AC-8972-487A-917A-110B16232F42}.Release|x64.Build.0 = Release|Any CPU
		{8FC404AC-8972-487A-917A-110B16232F42}.Release|x86.ActiveCfg = Release|Any CPU
		{8FC404AC-8972-487A-917A-110B16232F42}.Release|x86.Build.0 = Release|Any CPU
		{CB8B34FB-A7CB-403A-9433-080D52C4A40F}.Debug|Any CPU.ActiveCfg = Debug|Any CPU
		{CB8B34FB-A7CB-403A-9433-080D52C4A40F}.Debug|Any CPU.Build.0 = Debug|Any CPU
		{CB8B34FB-A7CB-403A-9433-080D52C4A40F}.Debug|x64.ActiveCfg = Debug|Any CPU
		{CB8B34FB-A7CB-403A-9433-080D52C4A40F}.Debug|x64.Build.0 = Debug|Any CPU
		{CB8B34FB-A7CB-403A-9433-080D52C4A40F}.Debug|x86.ActiveCfg = Debug|Any CPU
		{CB8B34FB-A7CB-403A-9433-080D52C4A40F}.Debug|x86.Build.0 = Debug|Any CPU
		{CB8B34FB-A7CB-403A-9433-080D52C4A40F}.Release|Any CPU.ActiveCfg = Release|Any CPU
		{CB8B34FB-A7CB-403A-9433-080D52C4A40F}.Release|Any CPU.Build.0 = Release|Any CPU
		{CB8B34FB-A7CB-403A-9433-080D52C4A40F}.Release|x64.ActiveCfg = Release|Any CPU
		{CB8B34FB-A7CB-403A-9433-080D52C4A40F}.Release|x64.Build.0 = Release|Any CPU
		{CB8B34FB-A7CB-403A-9433-080D52C4A40F}.Release|x86.ActiveCfg = Release|Any CPU
		{CB8B34FB-A7CB-403A-9433-080D52C4A40F}.Release|x86.Build.0 = Release|Any CPU
		{43E23F8C-92D6-434F-9461-2A90413E57B9}.Debug|Any CPU.ActiveCfg = Debug|Any CPU
		{43E23F8C-92D6-434F-9461-2A90413E57B9}.Debug|Any CPU.Build.0 = Debug|Any CPU
		{43E23F8C-92D6-434F-9461-2A90413E57B9}.Debug|x64.ActiveCfg = Debug|Any CPU
		{43E23F8C-92D6-434F-9461-2A90413E57B9}.Debug|x64.Build.0 = Debug|Any CPU
		{43E23F8C-92D6-434F-9461-2A90413E57B9}.Debug|x86.ActiveCfg = Debug|Any CPU
		{43E23F8C-92D6-434F-9461-2A90413E57B9}.Debug|x86.Build.0 = Debug|Any CPU
		{43E23F8C-92D6-434F-9461-2A90413E57B9}.Release|Any CPU.ActiveCfg = Release|Any CPU
		{43E23F8C-92D6-434F-9461-2A90413E57B9}.Release|Any CPU.Build.0 = Release|Any CPU
		{43E23F8C-92D6-434F-9461-2A90413E57B9}.Release|x64.ActiveCfg = Release|Any CPU
		{43E23F8C-92D6-434F-9461-2A90413E57B9}.Release|x64.Build.0 = Release|Any CPU
		{43E23F8C-92D6-434F-9461-2A90413E57B9}.Release|x86.ActiveCfg = Release|Any CPU
		{43E23F8C-92D6-434F-9461-2A90413E57B9}.Release|x86.Build.0 = Release|Any CPU
		{F36F1A1E-8B91-411B-ABF4-27C3A969FA70}.Debug|Any CPU.ActiveCfg = Debug|Any CPU
		{F36F1A1E-8B91-411B-ABF4-27C3A969FA70}.Debug|Any CPU.Build.0 = Debug|Any CPU
		{F36F1A1E-8B91-411B-ABF4-27C3A969FA70}.Debug|x64.ActiveCfg = Debug|Any CPU
		{F36F1A1E-8B91-411B-ABF4-27C3A969FA70}.Debug|x64.Build.0 = Debug|Any CPU
		{F36F1A1E-8B91-411B-ABF4-27C3A969FA70}.Debug|x86.ActiveCfg = Debug|Any CPU
		{F36F1A1E-8B91-411B-ABF4-27C3A969FA70}.Debug|x86.Build.0 = Debug|Any CPU
		{F36F1A1E-8B91-411B-ABF4-27C3A969FA70}.Release|Any CPU.ActiveCfg = Release|Any CPU
		{F36F1A1E-8B91-411B-ABF4-27C3A969FA70}.Release|Any CPU.Build.0 = Release|Any CPU
		{F36F1A1E-8B91-411B-ABF4-27C3A969FA70}.Release|x64.ActiveCfg = Release|Any CPU
		{F36F1A1E-8B91-411B-ABF4-27C3A969FA70}.Release|x64.Build.0 = Release|Any CPU
		{F36F1A1E-8B91-411B-ABF4-27C3A969FA70}.Release|x86.ActiveCfg = Release|Any CPU
		{F36F1A1E-8B91-411B-ABF4-27C3A969FA70}.Release|x86.Build.0 = Release|Any CPU
		{28819C70-6D69-4C84-8582-FE1F60E7E68B}.Debug|Any CPU.ActiveCfg = Debug|Any CPU
		{28819C70-6D69-4C84-8582-FE1F60E7E68B}.Debug|Any CPU.Build.0 = Debug|Any CPU
		{28819C70-6D69-4C84-8582-FE1F60E7E68B}.Debug|x64.ActiveCfg = Debug|Any CPU
		{28819C70-6D69-4C84-8582-FE1F60E7E68B}.Debug|x64.Build.0 = Debug|Any CPU
		{28819C70-6D69-4C84-8582-FE1F60E7E68B}.Debug|x86.ActiveCfg = Debug|Any CPU
		{28819C70-6D69-4C84-8582-FE1F60E7E68B}.Debug|x86.Build.0 = Debug|Any CPU
		{28819C70-6D69-4C84-8582-FE1F60E7E68B}.Release|Any CPU.ActiveCfg = Release|Any CPU
		{28819C70-6D69-4C84-8582-FE1F60E7E68B}.Release|Any CPU.Build.0 = Release|Any CPU
		{28819C70-6D69-4C84-8582-FE1F60E7E68B}.Release|x64.ActiveCfg = Release|Any CPU
		{28819C70-6D69-4C84-8582-FE1F60E7E68B}.Release|x64.Build.0 = Release|Any CPU
		{28819C70-6D69-4C84-8582-FE1F60E7E68B}.Release|x86.ActiveCfg = Release|Any CPU
		{28819C70-6D69-4C84-8582-FE1F60E7E68B}.Release|x86.Build.0 = Release|Any CPU
		{EB82C475-6A9D-46D7-91C3-D335421751A7}.Debug|Any CPU.ActiveCfg = Debug|Any CPU
		{EB82C475-6A9D-46D7-91C3-D335421751A7}.Debug|Any CPU.Build.0 = Debug|Any CPU
		{EB82C475-6A9D-46D7-91C3-D335421751A7}.Debug|x64.ActiveCfg = Debug|Any CPU
		{EB82C475-6A9D-46D7-91C3-D335421751A7}.Debug|x64.Build.0 = Debug|Any CPU
		{EB82C475-6A9D-46D7-91C3-D335421751A7}.Debug|x86.ActiveCfg = Debug|Any CPU
		{EB82C475-6A9D-46D7-91C3-D335421751A7}.Debug|x86.Build.0 = Debug|Any CPU
		{EB82C475-6A9D-46D7-91C3-D335421751A7}.Release|Any CPU.ActiveCfg = Release|Any CPU
		{EB82C475-6A9D-46D7-91C3-D335421751A7}.Release|Any CPU.Build.0 = Release|Any CPU
		{EB82C475-6A9D-46D7-91C3-D335421751A7}.Release|x64.ActiveCfg = Release|Any CPU
		{EB82C475-6A9D-46D7-91C3-D335421751A7}.Release|x64.Build.0 = Release|Any CPU
		{EB82C475-6A9D-46D7-91C3-D335421751A7}.Release|x86.ActiveCfg = Release|Any CPU
		{EB82C475-6A9D-46D7-91C3-D335421751A7}.Release|x86.Build.0 = Release|Any CPU
		{A65A6C58-A260-4787-940B-453D070212BF}.Debug|Any CPU.ActiveCfg = Debug|Any CPU
		{A65A6C58-A260-4787-940B-453D070212BF}.Debug|Any CPU.Build.0 = Debug|Any CPU
		{A65A6C58-A260-4787-940B-453D070212BF}.Debug|x64.ActiveCfg = Debug|Any CPU
		{A65A6C58-A260-4787-940B-453D070212BF}.Debug|x64.Build.0 = Debug|Any CPU
		{A65A6C58-A260-4787-940B-453D070212BF}.Debug|x86.ActiveCfg = Debug|Any CPU
		{A65A6C58-A260-4787-940B-453D070212BF}.Debug|x86.Build.0 = Debug|Any CPU
		{A65A6C58-A260-4787-940B-453D070212BF}.Release|Any CPU.ActiveCfg = Release|Any CPU
		{A65A6C58-A260-4787-940B-453D070212BF}.Release|Any CPU.Build.0 = Release|Any CPU
		{A65A6C58-A260-4787-940B-453D070212BF}.Release|x64.ActiveCfg = Release|Any CPU
		{A65A6C58-A260-4787-940B-453D070212BF}.Release|x64.Build.0 = Release|Any CPU
		{A65A6C58-A260-4787-940B-453D070212BF}.Release|x86.ActiveCfg = Release|Any CPU
		{A65A6C58-A260-4787-940B-453D070212BF}.Release|x86.Build.0 = Release|Any CPU
		{E2CDAE53-E903-44F5-94D7-79571C94AB64}.Debug|Any CPU.ActiveCfg = Debug|Any CPU
		{E2CDAE53-E903-44F5-94D7-79571C94AB64}.Debug|Any CPU.Build.0 = Debug|Any CPU
		{E2CDAE53-E903-44F5-94D7-79571C94AB64}.Debug|x64.ActiveCfg = Debug|Any CPU
		{E2CDAE53-E903-44F5-94D7-79571C94AB64}.Debug|x64.Build.0 = Debug|Any CPU
		{E2CDAE53-E903-44F5-94D7-79571C94AB64}.Debug|x86.ActiveCfg = Debug|Any CPU
		{E2CDAE53-E903-44F5-94D7-79571C94AB64}.Debug|x86.Build.0 = Debug|Any CPU
		{E2CDAE53-E903-44F5-94D7-79571C94AB64}.Release|Any CPU.ActiveCfg = Release|Any CPU
		{E2CDAE53-E903-44F5-94D7-79571C94AB64}.Release|Any CPU.Build.0 = Release|Any CPU
		{E2CDAE53-E903-44F5-94D7-79571C94AB64}.Release|x64.ActiveCfg = Release|Any CPU
		{E2CDAE53-E903-44F5-94D7-79571C94AB64}.Release|x64.Build.0 = Release|Any CPU
		{E2CDAE53-E903-44F5-94D7-79571C94AB64}.Release|x86.ActiveCfg = Release|Any CPU
		{E2CDAE53-E903-44F5-94D7-79571C94AB64}.Release|x86.Build.0 = Release|Any CPU
		{3653DE2A-EEDE-4559-AA55-58D5B2A00022}.Debug|Any CPU.ActiveCfg = Debug|Any CPU
		{3653DE2A-EEDE-4559-AA55-58D5B2A00022}.Debug|Any CPU.Build.0 = Debug|Any CPU
		{3653DE2A-EEDE-4559-AA55-58D5B2A00022}.Debug|x64.ActiveCfg = Debug|Any CPU
		{3653DE2A-EEDE-4559-AA55-58D5B2A00022}.Debug|x64.Build.0 = Debug|Any CPU
		{3653DE2A-EEDE-4559-AA55-58D5B2A00022}.Debug|x86.ActiveCfg = Debug|Any CPU
		{3653DE2A-EEDE-4559-AA55-58D5B2A00022}.Debug|x86.Build.0 = Debug|Any CPU
		{3653DE2A-EEDE-4559-AA55-58D5B2A00022}.Release|Any CPU.ActiveCfg = Release|Any CPU
		{3653DE2A-EEDE-4559-AA55-58D5B2A00022}.Release|Any CPU.Build.0 = Release|Any CPU
		{3653DE2A-EEDE-4559-AA55-58D5B2A00022}.Release|x64.ActiveCfg = Release|Any CPU
		{3653DE2A-EEDE-4559-AA55-58D5B2A00022}.Release|x64.Build.0 = Release|Any CPU
		{3653DE2A-EEDE-4559-AA55-58D5B2A00022}.Release|x86.ActiveCfg = Release|Any CPU
		{3653DE2A-EEDE-4559-AA55-58D5B2A00022}.Release|x86.Build.0 = Release|Any CPU
		{D50936B6-A8AA-45C0-9D54-4D7B98639539}.Debug|Any CPU.ActiveCfg = Debug|Any CPU
		{D50936B6-A8AA-45C0-9D54-4D7B98639539}.Debug|Any CPU.Build.0 = Debug|Any CPU
		{D50936B6-A8AA-45C0-9D54-4D7B98639539}.Debug|x64.ActiveCfg = Debug|Any CPU
		{D50936B6-A8AA-45C0-9D54-4D7B98639539}.Debug|x64.Build.0 = Debug|Any CPU
		{D50936B6-A8AA-45C0-9D54-4D7B98639539}.Debug|x86.ActiveCfg = Debug|Any CPU
		{D50936B6-A8AA-45C0-9D54-4D7B98639539}.Debug|x86.Build.0 = Debug|Any CPU
		{D50936B6-A8AA-45C0-9D54-4D7B98639539}.Release|Any CPU.ActiveCfg = Release|Any CPU
		{D50936B6-A8AA-45C0-9D54-4D7B98639539}.Release|Any CPU.Build.0 = Release|Any CPU
		{D50936B6-A8AA-45C0-9D54-4D7B98639539}.Release|x64.ActiveCfg = Release|Any CPU
		{D50936B6-A8AA-45C0-9D54-4D7B98639539}.Release|x64.Build.0 = Release|Any CPU
		{D50936B6-A8AA-45C0-9D54-4D7B98639539}.Release|x86.ActiveCfg = Release|Any CPU
		{D50936B6-A8AA-45C0-9D54-4D7B98639539}.Release|x86.Build.0 = Release|Any CPU
		{53AD89E2-B737-42FD-B33F-9641C515F4C7}.Debug|Any CPU.ActiveCfg = Debug|Any CPU
		{53AD89E2-B737-42FD-B33F-9641C515F4C7}.Debug|Any CPU.Build.0 = Debug|Any CPU
		{53AD89E2-B737-42FD-B33F-9641C515F4C7}.Debug|x64.ActiveCfg = Debug|Any CPU
		{53AD89E2-B737-42FD-B33F-9641C515F4C7}.Debug|x64.Build.0 = Debug|Any CPU
		{53AD89E2-B737-42FD-B33F-9641C515F4C7}.Debug|x86.ActiveCfg = Debug|Any CPU
		{53AD89E2-B737-42FD-B33F-9641C515F4C7}.Debug|x86.Build.0 = Debug|Any CPU
		{53AD89E2-B737-42FD-B33F-9641C515F4C7}.Release|Any CPU.ActiveCfg = Release|Any CPU
		{53AD89E2-B737-42FD-B33F-9641C515F4C7}.Release|Any CPU.Build.0 = Release|Any CPU
		{53AD89E2-B737-42FD-B33F-9641C515F4C7}.Release|x64.ActiveCfg = Release|Any CPU
		{53AD89E2-B737-42FD-B33F-9641C515F4C7}.Release|x64.Build.0 = Release|Any CPU
		{53AD89E2-B737-42FD-B33F-9641C515F4C7}.Release|x86.ActiveCfg = Release|Any CPU
		{53AD89E2-B737-42FD-B33F-9641C515F4C7}.Release|x86.Build.0 = Release|Any CPU
		{3EA2C2EA-E748-49D1-9EA3-BA96AF593BCF}.Debug|Any CPU.ActiveCfg = Debug|Any CPU
		{3EA2C2EA-E748-49D1-9EA3-BA96AF593BCF}.Debug|Any CPU.Build.0 = Debug|Any CPU
		{3EA2C2EA-E748-49D1-9EA3-BA96AF593BCF}.Debug|x64.ActiveCfg = Debug|Any CPU
		{3EA2C2EA-E748-49D1-9EA3-BA96AF593BCF}.Debug|x64.Build.0 = Debug|Any CPU
		{3EA2C2EA-E748-49D1-9EA3-BA96AF593BCF}.Debug|x86.ActiveCfg = Debug|Any CPU
		{3EA2C2EA-E748-49D1-9EA3-BA96AF593BCF}.Debug|x86.Build.0 = Debug|Any CPU
		{3EA2C2EA-E748-49D1-9EA3-BA96AF593BCF}.Release|Any CPU.ActiveCfg = Release|Any CPU
		{3EA2C2EA-E748-49D1-9EA3-BA96AF593BCF}.Release|Any CPU.Build.0 = Release|Any CPU
		{3EA2C2EA-E748-49D1-9EA3-BA96AF593BCF}.Release|x64.ActiveCfg = Release|Any CPU
		{3EA2C2EA-E748-49D1-9EA3-BA96AF593BCF}.Release|x64.Build.0 = Release|Any CPU
		{3EA2C2EA-E748-49D1-9EA3-BA96AF593BCF}.Release|x86.ActiveCfg = Release|Any CPU
		{3EA2C2EA-E748-49D1-9EA3-BA96AF593BCF}.Release|x86.Build.0 = Release|Any CPU
	EndGlobalSection
	GlobalSection(NestedProjects) = preSolution
		{956C3203-DBF2-401E-BF2A-42FEA36D3FE6} = {D1A6BA94-A7A6-44A7-95D6-38FDC4EF210D}
		{676562D9-3E64-484B-BA38-EEAD8EF395C9} = {D1A6BA94-A7A6-44A7-95D6-38FDC4EF210D}
		{9D644DE3-D50B-41A2-AF82-86D29F34026E} = {D1A6BA94-A7A6-44A7-95D6-38FDC4EF210D}
		{DF55CEF4-0E12-4B79-A5F2-2ED81980B86C} = {D1A6BA94-A7A6-44A7-95D6-38FDC4EF210D}
		{8E332CC0-D69D-4611-B0E8-94BDBB0DC68C} = {D1A6BA94-A7A6-44A7-95D6-38FDC4EF210D}
		{CC5C3B06-23AB-458E-BBF1-407BF612BDD0} = {D1A6BA94-A7A6-44A7-95D6-38FDC4EF210D}
		{1A9984BF-3566-496C-9E61-AB98B97C496F} = {D1A6BA94-A7A6-44A7-95D6-38FDC4EF210D}
		{B0646EDD-EC7E-41B1-A88A-C99050E94C44} = {D1A6BA94-A7A6-44A7-95D6-38FDC4EF210D}
		{E7ECF92D-97F8-4D2C-B672-EFF2642AD654} = {D1A6BA94-A7A6-44A7-95D6-38FDC4EF210D}
		{742A46F8-0C60-4ED9-920C-981F963119B4} = {D1A6BA94-A7A6-44A7-95D6-38FDC4EF210D}
		{551A99BB-29FF-4946-B5F1-2B5BD9B13952} = {D1A6BA94-A7A6-44A7-95D6-38FDC4EF210D}
		{815650B2-3D2E-49F3-9737-AA6795E23E01} = {D1A6BA94-A7A6-44A7-95D6-38FDC4EF210D}
		{F0F63FFA-BBDE-467A-8D54-0757758DC12D} = {D1A6BA94-A7A6-44A7-95D6-38FDC4EF210D}
		{9CF5AF8A-75E6-4547-9FF8-E9DF16D2A1D7} = {D1A6BA94-A7A6-44A7-95D6-38FDC4EF210D}
		{0A1DE683-B1FE-4334-8678-0BEE71E582D9} = {D1A6BA94-A7A6-44A7-95D6-38FDC4EF210D}
		{1B743AAF-C83E-4514-A227-81AAA7FA8B5B} = {D1A6BA94-A7A6-44A7-95D6-38FDC4EF210D}
		{75F63838-ABD6-42E3-BE76-4F0B274ED473} = {D1A6BA94-A7A6-44A7-95D6-38FDC4EF210D}
		{8FC404AC-8972-487A-917A-110B16232F42} = {D1A6BA94-A7A6-44A7-95D6-38FDC4EF210D}
		{CB8B34FB-A7CB-403A-9433-080D52C4A40F} = {D1A6BA94-A7A6-44A7-95D6-38FDC4EF210D}
		{43E23F8C-92D6-434F-9461-2A90413E57B9} = {D1A6BA94-A7A6-44A7-95D6-38FDC4EF210D}
		{F36F1A1E-8B91-411B-ABF4-27C3A969FA70} = {D1A6BA94-A7A6-44A7-95D6-38FDC4EF210D}
		{28819C70-6D69-4C84-8582-FE1F60E7E68B} = {D1A6BA94-A7A6-44A7-95D6-38FDC4EF210D}
		{EB82C475-6A9D-46D7-91C3-D335421751A7} = {D1A6BA94-A7A6-44A7-95D6-38FDC4EF210D}
		{A65A6C58-A260-4787-940B-453D070212BF} = {D1A6BA94-A7A6-44A7-95D6-38FDC4EF210D}
		{E2CDAE53-E903-44F5-94D7-79571C94AB64} = {D1A6BA94-A7A6-44A7-95D6-38FDC4EF210D}
		{3653DE2A-EEDE-4559-AA55-58D5B2A00022} = {D1A6BA94-A7A6-44A7-95D6-38FDC4EF210D}
		{D50936B6-A8AA-45C0-9D54-4D7B98639539} = {D1A6BA94-A7A6-44A7-95D6-38FDC4EF210D}
		{53AD89E2-B737-42FD-B33F-9641C515F4C7} = {D1A6BA94-A7A6-44A7-95D6-38FDC4EF210D}
	EndGlobalSection
EndGlobal
