
Microsoft Visual Studio Solution File, Format Version 12.00
# Visual Studio Version 17
VisualStudioVersion = 17.4.33103.184
MinimumVisualStudioVersion = 10.0.40219.1
Project("{9A19103F-16F7-4668-BE54-9A1E7A4F7556}") = "01-1-HelloWorld", "01-1-HelloWorld\01-1-HelloWorld.csproj", "{DBECB47A-64F0-4396-84AB-B966C7284D49}"
EndProject
Project("{9A19103F-16F7-4668-BE54-9A1E7A4F7556}") = "01-2-HelloForms", "01-2-HelloForms\01-2-HelloForms.csproj", "{F5AEC884-57B1-424F-9891-992E34A78D86}"
EndProject
Project("{9A19103F-16F7-4668-BE54-9A1E7A4F7556}") = "01-3-Classes", "01-3-Classes\01-3-Classes.csproj", "{40C69040-11A5-43A2-B38B-2B19838ECBFE}"
EndProject
Project("{9A19103F-16F7-4668-BE54-9A1E7A4F7556}") = "01-4-ObjectParameters", "01-4-ObjectParameters\01-4-ObjectParameters.csproj", "{AB50D93B-1B36-45EC-8819-C3A01561CAA9}"
EndProject
Project("{9A19103F-16F7-4668-BE54-9A1E7A4F7556}") = "01-5-Properties", "01-5-Properties\01-5-Properties.csproj", "{656A61EB-E435-47B4-A142-EA303B40611F}"
EndProject
Project("{9A19103F-16F7-4668-BE54-9A1E7A4F7556}") = "01-6-AutoProperties", "01-6-AutoProperties\01-6-AutoProperties.csproj", "{C558563A-E338-46A0-A972-49143A557164}"
EndProject
Project("{9A19103F-16F7-4668-BE54-9A1E7A4F7556}") = "01-7-ParameterizedConstructors", "01-7-ParameterizedConstructors\01-7-ParameterizedConstructors.csproj", "{34599ECD-088A-483E-B166-22003C8F3304}"
EndProject
Project("{9A19103F-16F7-4668-BE54-9A1E7A4F7556}") = "01-8-ObjectInitializers", "01-8-ObjectInitializers\01-8-ObjectInitializers.csproj", "{016C36E7-E2F9-4F4D-8A0D-EF9C70185DE2}"
EndProject
Project("{9A19103F-16F7-4668-BE54-9A1E7A4F7556}") = "01-9-ObjectsInTheWild", "01-9-ObjectsInTheWild\01-9-ObjectsInTheWild.csproj", "{5454C938-5B2C-499A-A13B-0FC7DCB1AF00}"
EndProject
Project("{9A19103F-16F7-4668-BE54-9A1E7A4F7556}") = "02-1-Encapsulation", "02-1-Encapsulation\02-1-Encapsulation.csproj", "{74AEAFED-0045-4A1E-B3C4-AE98CE9F8313}"
EndProject
Project("{9A19103F-16F7-4668-BE54-9A1E7A4F7556}") = "02-2-Dependencies", "02-2-Dependency\02-2-Dependencies.csproj", "{C02A0777-D908-4910-A645-E38EC4EE95DE}"
EndProject
Project("{9A19103F-16F7-4668-BE54-9A1E7A4F7556}") = "02-3-ObjectArrays", "02-3-ObjectArrays\02-3-ObjectArrays.csproj", "{F9DC91DB-6EA3-4B92-9113-906CA3481C87}"
EndProject
Project("{9A19103F-16F7-4668-BE54-9A1E7A4F7556}") = "02-4-ObjectLists", "02-4-ObjectLists\02-4-ObjectLists.csproj", "{96B9C194-CF99-4A20-99E0-E8AE3456AF26}"
EndProject
Project("{9A19103F-16F7-4668-BE54-9A1E7A4F7556}") = "04-4-ToString", "02-5-ToString\04-4-ToString.csproj", "{6EF85900-2911-419C-B2B1-AC60E0134C33}"
EndProject
Project("{9A19103F-16F7-4668-BE54-9A1E7A4F7556}") = "02-6-StaticClasses", "02-6-StaticHelpers\02-6-StaticClasses.csproj", "{95FF15F5-13B5-4889-8D4C-ACCA5806F445}"
EndProject
Project("{9A19103F-16F7-4668-BE54-9A1E7A4F7556}") = "02-7-StaticFields", "02-7-StaticFields\02-7-StaticFields.csproj", "{522D8D02-74A3-46D1-B115-D06291BC0BE0}"
EndProject
Project("{9A19103F-16F7-4668-BE54-9A1E7A4F7556}") = "02-8-DiceRoller", "02-8-DiceRoller\02-8-DiceRoller.csproj", "{52F89F6D-B80F-4D68-98D7-C2FCA1533842}"
EndProject
Project("{9A19103F-16F7-4668-BE54-9A1E7A4F7556}") = "02-9-Backpack", "02-9-Backpack\02-9-Backpack.csproj", "{EA86A5B2-2B4A-49DF-85C7-8E4A8226B9BF}"
EndProject
Project("{9A19103F-16F7-4668-BE54-9A1E7A4F7556}") = "03-1-Abstraction", "03-1-Abstraction\03-1-Abstraction.csproj", "{E9E6772A-E1C2-4E04-929E-361F696A421C}"
EndProject
Project("{9A19103F-16F7-4668-BE54-9A1E7A4F7556}") = "03-2-Association", "03-2-Association\03-2-Association.csproj", "{9A187895-2BAA-46DE-A22D-C3B11E29356C}"
EndProject
Project("{9A19103F-16F7-4668-BE54-9A1E7A4F7556}") = "03-3-Aggregation", "03-3-Aggregation\03-3-Aggregation.csproj", "{A4D62C48-C525-435B-A21D-771050DD7EB3}"
EndProject
Project("{9A19103F-16F7-4668-BE54-9A1E7A4F7556}") = "03-4-Composition", "03-4-Composition\03-4-Composition.csproj", "{CC45CF3B-EB96-4734-B036-4F42231CABDE}"
EndProject
Project("{9A19103F-16F7-4668-BE54-9A1E7A4F7556}") = "03-5-NullValues", "03-5-NullValues\03-5-NullValues.csproj", "{0C47D8C6-2AFF-49B6-862A-5DA7CFF2740A}"
EndProject
Project("{9A19103F-16F7-4668-BE54-9A1E7A4F7556}") = "03-6-CopyConstructors", "03-6-CopyConstructors\03-6-CopyConstructors.csproj", "{49C83F71-582B-4884-9503-BE61B5FBCAC3}"
EndProject
Project("{9A19103F-16F7-4668-BE54-9A1E7A4F7556}") = "04-1-Inheritance", "04-1-Inheritance\04-1-Inheritance.csproj", "{3CC89CD9-850B-4868-A448-D83C235224F0}"
EndProject
Project("{9A19103F-16F7-4668-BE54-9A1E7A4F7556}") = "04-2-Inheritance", "04-2-Inheritance\04-2-Inheritance.csproj", "{C7325201-9A19-4478-B1BE-09200524FE34}"
EndProject
Project("{9A19103F-16F7-4668-BE54-9A1E7A4F7556}") = "04-3-Shapes", "04-3-Shapes\04-3-Shapes.csproj", "{726BF58B-A657-4943-AFD6-4F46ED27190F}"
EndProject
Project("{9A19103F-16F7-4668-BE54-9A1E7A4F7556}") = "04-7-CustomExceptions", "04-4-CustomExceptions\04-7-CustomExceptions.csproj", "{915E1387-A820-4327-9D97-25AA30B36E09}"
EndProject
Project("{9A19103F-16F7-4668-BE54-9A1E7A4F7556}") = "04-5-Equals", "04-5-Equals\04-5-Equals.csproj", "{012748A0-63F4-4432-BEE7-DDEBF3A55FAE}"
EndProject
Project("{9A19103F-16F7-4668-BE54-9A1E7A4F7556}") = "04-6-HashCode", "04-6-HashCode\04-6-HashCode.csproj", "{B0519992-61ED-485B-BE04-385CCCEBD596}"
EndProject
Project("{9A19103F-16F7-4668-BE54-9A1E7A4F7556}") = "05-1-Polymorphism", "05-1-Polymorphism\05-1-Polymorphism.csproj", "{E6DFDF33-93FC-4B20-BF8D-D33E7D59C1B8}"
EndProject
Project("{9A19103F-16F7-4668-BE54-9A1E7A4F7556}") = "05-2-AbstractClasses", "05-2-AbstractClasses\05-2-AbstractClasses.csproj", "{FD70CE5B-18C7-4363-929C-504A43B9F624}"
EndProject
Project("{9A19103F-16F7-4668-BE54-9A1E7A4F7556}") = "06-1-Generics", "06-1-GenericMethods\06-1-Generics.csproj", "{78697195-A33C-47EB-8724-12DA50A622AC}"
EndProject
Project("{9A19103F-16F7-4668-BE54-9A1E7A4F7556}") = "07-1-WinTroll", "07-1-WinTroll\07-1-WinTroll.csproj", "{1F2ED80D-F836-4425-B80B-440E538A7B91}"
EndProject
Project("{9A19103F-16F7-4668-BE54-9A1E7A4F7556}") = "08-1-Interfaces", "08-1-Interfaces\08-1-Interfaces.csproj", "{CF7AE82D-35BF-4837-BE00-2A6E8DD1C589}"
EndProject
Project("{9A19103F-16F7-4668-BE54-9A1E7A4F7556}") = "08-2-IComparable", "08-2-IComparable\08-2-IComparable.csproj", "{EF8BDB3E-3E18-4E3B-AE67-F7CF299422D2}"
EndProject
Project("{9A19103F-16F7-4668-BE54-9A1E7A4F7556}") = "08-3-IComparer", "08-3-IComparer\08-3-IComparer.csproj", "{67756E6F-4DF0-45EC-8786-C8F1F7477E17}"
EndProject
Project("{9A19103F-16F7-4668-BE54-9A1E7A4F7556}") = "08-4-ICloneable", "08-4-ICloneable\08-4-ICloneable.csproj", "{848C92D6-3FDE-44B2-A869-BB0750E07FCD}"
EndProject
Project("{9A19103F-16F7-4668-BE54-9A1E7A4F7556}") = "08-5-ShallowCopy", "08-5-ShallowCopy\08-5-ShallowCopy.csproj", "{A90FCC20-693C-4193-869C-678BE08591EC}"
EndProject
Project("{9A19103F-16F7-4668-BE54-9A1E7A4F7556}") = "08-6-DeepCopy", "08-6-DeepCopy\08-6-DeepCopy.csproj", "{591E464C-5831-467B-B829-EEE4609CFCF5}"
EndProject
Project("{9A19103F-16F7-4668-BE54-9A1E7A4F7556}") = "08-7-DeepCopy", "08-7-DeepCopy\08-7-DeepCopy.csproj", "{DEF1BFC9-D7C8-450B-9D74-AD957B48656A}"
EndProject
Project("{9A19103F-16F7-4668-BE54-9A1E7A4F7556}") = "09-1-TextFiles", "09-1-Files\09-1-TextFiles.csproj", "{A6855409-51BA-4FA0-8691-FD023EE79EFF}"
EndProject
Project("{9A19103F-16F7-4668-BE54-9A1E7A4F7556}") = "09-2-BinaryFiles", "09-2-BinaryFiles\09-2-BinaryFiles.csproj", "{72562241-CB11-49B3-B7C1-75B56E5E563B}"
EndProject
Project("{9A19103F-16F7-4668-BE54-9A1E7A4F7556}") = "09-3-FileEncoding", "09-3-FileEncoding\09-3-FileEncoding.csproj", "{941E0A94-E8B6-4AC5-B98A-D94FD6C0DD54}"
EndProject
Project("{9A19103F-16F7-4668-BE54-9A1E7A4F7556}") = "09-4-JSONSerialization", "09-4-JSONSerialization\09-4-JSONSerialization.csproj", "{EDE92743-B5FD-47CF-A5E6-713FBF9D03CB}"
EndProject
Project("{2150E333-8FDC-42A3-9474-1A3956D46DE8}") = "xdev", "xdev", "{28A93952-991F-45F1-A3E6-EF06E43EFCC0}"
EndProject
Project("{9A19103F-16F7-4668-BE54-9A1E7A4F7556}") = "01-1-Objects", "dev\01-1-Objects\01-1-Objects.csproj", "{6CEEAA1E-BE00-418D-908F-1CFB352173EA}"
EndProject
Project("{9A19103F-16F7-4668-BE54-9A1E7A4F7556}") = "01-8-Strings", "dev\01-8-Strings\01-8-Strings.csproj", "{6905B539-210B-4AE9-BC67-48BCE301AE7F}"
EndProject
Project("{9A19103F-16F7-4668-BE54-9A1E7A4F7556}") = "Lists", "dev\02-3-Lists\Lists.csproj", "{D4173C46-D392-4287-A388-06A4F48952F5}"
EndProject
Project("{9A19103F-16F7-4668-BE54-9A1E7A4F7556}") = "03-5-EnumeratedTypes", "dev\03-5-EnumeratedTypes\03-5-EnumeratedTypes.csproj", "{F76ECABC-EB72-4BC0-89F9-A4D7251AD1CB}"
EndProject
Project("{9A19103F-16F7-4668-BE54-9A1E7A4F7556}") = "03-6-WinForms", "dev\03-6-WinForms\03-6-WinForms.csproj", "{0F941BB9-03A2-42E2-A393-3AB5A472BF97}"
EndProject
Project("{9A19103F-16F7-4668-BE54-9A1E7A4F7556}") = "ExceptionHandling", "dev\04-4-ExceptionsBasic\ExceptionHandling.csproj", "{912EA5A2-CC56-4678-AA5E-653319452A93}"
EndProject
Project("{9A19103F-16F7-4668-BE54-9A1E7A4F7556}") = "Exceptions2", "dev\04-5-Exceptions\Exceptions2.csproj", "{3030C036-F2E7-4E3C-B60D-E1B4A194E98D}"
EndProject
Project("{9A19103F-16F7-4668-BE54-9A1E7A4F7556}") = "05-1-Algorithms", "dev\05-1-Algorithms\05-1-Algorithms.csproj", "{C0945916-90F0-4A66-8E9B-DDD33663F324}"
EndProject
Project("{9A19103F-16F7-4668-BE54-9A1E7A4F7556}") = "05-2-SortingLists", "dev\05-1-SortingLists\05-2-SortingLists.csproj", "{21BBD834-2C3F-45B4-9580-92144CE165FB}"
EndProject
Project("{9A19103F-16F7-4668-BE54-9A1E7A4F7556}") = "06-4-StringBuilder", "dev\06-4-StringBuilder\06-4-StringBuilder.csproj", "{F791214E-3C28-4797-A2B6-F6828BB3E882}"
EndProject
Project("{9A19103F-16F7-4668-BE54-9A1E7A4F7556}") = "06-5-DateTime", "dev\06-5-DateTime\06-5-DateTime.csproj", "{A95A9FF7-1BE1-4E8D-9E7D-28DC0B7268A7}"
EndProject
Project("{9A19103F-16F7-4668-BE54-9A1E7A4F7556}") = "XX-Dictionary", "dev\09-1-Dictionary\XX-Dictionary.csproj", "{7CD2D2AE-9C2F-4AC6-94BC-D4D422B2A37D}"
EndProject
Project("{9A19103F-16F7-4668-BE54-9A1E7A4F7556}") = "Hashing", "dev\09-3-Hashing\Hashing.csproj", "{75E35AAC-27EF-4B06-AE62-B3A6F91E6FC0}"
EndProject
Project("{9A19103F-16F7-4668-BE54-9A1E7A4F7556}") = "12-1-HelloWinForms", "dev\12-1-HelloWinForms\12-1-HelloWinForms.csproj", "{26A1DC74-EBEB-48DD-B6C0-48ACC4D40D72}"
EndProject
Project("{9A19103F-16F7-4668-BE54-9A1E7A4F7556}") = "XX-Alexandria", "dev\XX-Alexandria\XX-Alexandria.csproj", "{CC7F8AB4-119F-474B-BD84-899696C6B3DF}"
EndProject
Project("{9A19103F-16F7-4668-BE54-9A1E7A4F7556}") = "XX-BindingSource", "dev\XX-BindingSource\XX-BindingSource.csproj", "{C90EE322-89CC-42AE-B0E1-D33C5AED9A49}"
EndProject
Project("{9A19103F-16F7-4668-BE54-9A1E7A4F7556}") = "XX-Containers", "dev\XX-Containers\XX-Containers.csproj", "{638D4CBF-F0B1-46FE-8398-781A79037ADA}"
EndProject
Project("{9A19103F-16F7-4668-BE54-9A1E7A4F7556}") = "XX-GroupBox", "dev\XX-GroupBox\XX-GroupBox.csproj", "{C441D035-8079-4345-B349-53D1D4F537A8}"
EndProject
Project("{9A19103F-16F7-4668-BE54-9A1E7A4F7556}") = "XX-PhysicsSim", "dev\XX-PhysicsSim\XX-PhysicsSim.csproj", "{0D8618F8-0480-4328-96D5-CCEBFA4E5BDF}"
EndProject
Project("{9A19103F-16F7-4668-BE54-9A1E7A4F7556}") = "XX-UsingObjects", "dev\XX-UsingObjects\XX-UsingObjects.csproj", "{376737CD-EAE8-4EBF-93A0-C6A2DB5FB7A2}"
EndProject
Project("{9A19103F-16F7-4668-BE54-9A1E7A4F7556}") = "SampleClasses", "SampleClasses\SampleClasses.csproj", "{E3C252A1-A7F1-426C-A3EC-06E2897D0625}"
EndProject
Project("{2150E333-8FDC-42A3-9474-1A3956D46DE8}") = "Forms", "Forms", "{238F75B6-F573-4E9E-9448-433F333ED022}"
EndProject
Project("{9A19103F-16F7-4668-BE54-9A1E7A4F7556}") = "CircleCalculator", "Forms\CircleCalculator\CircleCalculator.csproj", "{D924B142-C833-4480-B677-4A090FC96398}"
EndProject
Project("{9A19103F-16F7-4668-BE54-9A1E7A4F7556}") = "Looter", "Forms\Looter\Looter.csproj", "{4D338026-3FA0-40E8-8AF2-C040920F6BE6}"
EndProject
Project("{9A19103F-16F7-4668-BE54-9A1E7A4F7556}") = "AsyncAwait", "Forms\AsyncAwait\AsyncAwait.csproj", "{229201F5-3D0C-47D3-AC71-09F1F9DAD0A9}"
EndProject
Project("{9A19103F-16F7-4668-BE54-9A1E7A4F7556}") = "Hexer", "Forms\Hexer\Hexer.csproj", "{D0C2C27C-535E-40EA-B45C-765F36D65D40}"
EndProject
Project("{9A19103F-16F7-4668-BE54-9A1E7A4F7556}") = "SuperDiceRoller", "Forms\SuperDiceRoller\SuperDiceRoller.csproj", "{3D2DBADB-72B7-4977-9EE4-03EA2A66FE50}"
EndProject
Project("{2150E333-8FDC-42A3-9474-1A3956D46DE8}") = "Database", "Database", "{E4C495BA-EB5E-4B8F-A278-A481FFADD316}"
	ProjectSection(SolutionItems) = preProject
		Database\scripts\instnwnd.sql = Database\scripts\instnwnd.sql
		Database\northwind.mdf = Database\northwind.mdf
		Database\northwind_log.ldf = Database\northwind_log.ldf
	EndProjectSection
EndProject
Project("{9A19103F-16F7-4668-BE54-9A1E7A4F7556}") = "11-2-ModelViewPresenter", "11-2-ModelViewPresenter\11-2-ModelViewPresenter.csproj", "{1E6A1211-3DB4-444E-9038-902321888A9D}"
EndProject
Project("{9A19103F-16F7-4668-BE54-9A1E7A4F7556}") = "10-1-AsyncAwait", "10-1-AsyncAwait\10-1-AsyncAwait.csproj", "{ABE9DC31-B8BD-42C8-8F49-D2006C434A24}"
EndProject
Project("{9A19103F-16F7-4668-BE54-9A1E7A4F7556}") = "TinyMVP", "Forms\TinyMVP\TinyMVP.csproj", "{F923C764-7F31-4AE7-8E1B-6C7B7F4ED0E8}"
EndProject
Project("{9A19103F-16F7-4668-BE54-9A1E7A4F7556}") = "WavPlayer", "Forms\WavPlayer\WavPlayer.csproj", "{9D5DF7D5-8B69-46BD-9C1F-C2F9EB02B2E5}"
EndProject
Project("{9A19103F-16F7-4668-BE54-9A1E7A4F7556}") = "11-1-Singleton", "11-1-Singleton\11-1-Singleton.csproj", "{D4AA6EC4-65A4-4247-AB95-2250D2DEE0DB}"
EndProject
Project("{9A19103F-16F7-4668-BE54-9A1E7A4F7556}") = "12-1-Delegates", "12-1-Delegates\12-1-Delegates.csproj", "{14CE0994-1DFE-4576-BAFD-900DD8C3325F}"
EndProject
Project("{9A19103F-16F7-4668-BE54-9A1E7A4F7556}") = "12-2-DelegateMulticast", "12-2-DelegateMulticast\12-2-DelegateMulticast.csproj", "{C17EDCDD-AA89-4966-84A5-5F23AF7D86BB}"
EndProject
Project("{9A19103F-16F7-4668-BE54-9A1E7A4F7556}") = "12-3-LamdaExpressions", "12-3-LamdaExpressions\12-3-LamdaExpressions.csproj", "{83529C0C-2577-4A90-A545-E58A0F2D1EBF}"
EndProject
Project("{9A19103F-16F7-4668-BE54-9A1E7A4F7556}") = "12-4-AnonymousMethods", "12-4-AnonymousMethods\12-4-AnonymousMethods.csproj", "{D38AB2C5-3CDC-45FB-A74F-88E7835C7E1F}"
EndProject
Project("{9A19103F-16F7-4668-BE54-9A1E7A4F7556}") = "13-1-LINQ", "13-1-LINQ\13-1-LINQ.csproj", "{4ABF8628-553D-44DC-9A37-7FA3734F1D6B}"
EndProject
Project("{9A19103F-16F7-4668-BE54-9A1E7A4F7556}") = "ChatClient", "Forms\ChatClient\ChatClient.csproj", "{6F0AEC2B-E4EB-4474-9DFA-59319BB15245}"
EndProject
Project("{9A19103F-16F7-4668-BE54-9A1E7A4F7556}") = "ChatEngine", "Forms\ChatEngine\ChatEngine.csproj", "{447E6C68-8D20-4EDA-959A-C5B8200B8B24}"
EndProject
Project("{9A19103F-16F7-4668-BE54-9A1E7A4F7556}") = "ChatServer", "Forms\ChatServer\ChatServer.csproj", "{81637546-9FAB-4280-871B-469A7B567519}"
EndProject
Project("{FAE04EC0-301F-11D3-BF4B-00C04F79EFBC}") = "05-3-AbstractClasses", "05-3-AbstractClasses\05-3-AbstractClasses.csproj", "{5A8EBBEF-EC54-4804-8207-603D169EE658}"
EndProject
Global
	GlobalSection(SolutionConfigurationPlatforms) = preSolution
		Debug|Any CPU = Debug|Any CPU
		Debug|x64 = Debug|x64
		Debug|x86 = Debug|x86
		Release|Any CPU = Release|Any CPU
		Release|x64 = Release|x64
		Release|x86 = Release|x86
	EndGlobalSection
	GlobalSection(ProjectConfigurationPlatforms) = postSolution
		{DBECB47A-64F0-4396-84AB-B966C7284D49}.Debug|Any CPU.ActiveCfg = Debug|Any CPU
		{DBECB47A-64F0-4396-84AB-B966C7284D49}.Debug|Any CPU.Build.0 = Debug|Any CPU
		{DBECB47A-64F0-4396-84AB-B966C7284D49}.Debug|x64.ActiveCfg = Debug|Any CPU
		{DBECB47A-64F0-4396-84AB-B966C7284D49}.Debug|x64.Build.0 = Debug|Any CPU
		{DBECB47A-64F0-4396-84AB-B966C7284D49}.Debug|x86.ActiveCfg = Debug|Any CPU
		{DBECB47A-64F0-4396-84AB-B966C7284D49}.Debug|x86.Build.0 = Debug|Any CPU
		{DBECB47A-64F0-4396-84AB-B966C7284D49}.Release|Any CPU.ActiveCfg = Release|Any CPU
		{DBECB47A-64F0-4396-84AB-B966C7284D49}.Release|Any CPU.Build.0 = Release|Any CPU
		{DBECB47A-64F0-4396-84AB-B966C7284D49}.Release|x64.ActiveCfg = Release|Any CPU
		{DBECB47A-64F0-4396-84AB-B966C7284D49}.Release|x64.Build.0 = Release|Any CPU
		{DBECB47A-64F0-4396-84AB-B966C7284D49}.Release|x86.ActiveCfg = Release|Any CPU
		{DBECB47A-64F0-4396-84AB-B966C7284D49}.Release|x86.Build.0 = Release|Any CPU
		{F5AEC884-57B1-424F-9891-992E34A78D86}.Debug|Any CPU.ActiveCfg = Debug|Any CPU
		{F5AEC884-57B1-424F-9891-992E34A78D86}.Debug|Any CPU.Build.0 = Debug|Any CPU
		{F5AEC884-57B1-424F-9891-992E34A78D86}.Debug|x64.ActiveCfg = Debug|Any CPU
		{F5AEC884-57B1-424F-9891-992E34A78D86}.Debug|x64.Build.0 = Debug|Any CPU
		{F5AEC884-57B1-424F-9891-992E34A78D86}.Debug|x86.ActiveCfg = Debug|Any CPU
		{F5AEC884-57B1-424F-9891-992E34A78D86}.Debug|x86.Build.0 = Debug|Any CPU
		{F5AEC884-57B1-424F-9891-992E34A78D86}.Release|Any CPU.ActiveCfg = Release|Any CPU
		{F5AEC884-57B1-424F-9891-992E34A78D86}.Release|Any CPU.Build.0 = Release|Any CPU
		{F5AEC884-57B1-424F-9891-992E34A78D86}.Release|x64.ActiveCfg = Release|Any CPU
		{F5AEC884-57B1-424F-9891-992E34A78D86}.Release|x64.Build.0 = Release|Any CPU
		{F5AEC884-57B1-424F-9891-992E34A78D86}.Release|x86.ActiveCfg = Release|Any CPU
		{F5AEC884-57B1-424F-9891-992E34A78D86}.Release|x86.Build.0 = Release|Any CPU
		{40C69040-11A5-43A2-B38B-2B19838ECBFE}.Debug|Any CPU.ActiveCfg = Debug|Any CPU
		{40C69040-11A5-43A2-B38B-2B19838ECBFE}.Debug|Any CPU.Build.0 = Debug|Any CPU
		{40C69040-11A5-43A2-B38B-2B19838ECBFE}.Debug|x64.ActiveCfg = Debug|Any CPU
		{40C69040-11A5-43A2-B38B-2B19838ECBFE}.Debug|x64.Build.0 = Debug|Any CPU
		{40C69040-11A5-43A2-B38B-2B19838ECBFE}.Debug|x86.ActiveCfg = Debug|Any CPU
		{40C69040-11A5-43A2-B38B-2B19838ECBFE}.Debug|x86.Build.0 = Debug|Any CPU
		{40C69040-11A5-43A2-B38B-2B19838ECBFE}.Release|Any CPU.ActiveCfg = Release|Any CPU
		{40C69040-11A5-43A2-B38B-2B19838ECBFE}.Release|Any CPU.Build.0 = Release|Any CPU
		{40C69040-11A5-43A2-B38B-2B19838ECBFE}.Release|x64.ActiveCfg = Release|Any CPU
		{40C69040-11A5-43A2-B38B-2B19838ECBFE}.Release|x64.Build.0 = Release|Any CPU
		{40C69040-11A5-43A2-B38B-2B19838ECBFE}.Release|x86.ActiveCfg = Release|Any CPU
		{40C69040-11A5-43A2-B38B-2B19838ECBFE}.Release|x86.Build.0 = Release|Any CPU
		{AB50D93B-1B36-45EC-8819-C3A01561CAA9}.Debug|Any CPU.ActiveCfg = Debug|Any CPU
		{AB50D93B-1B36-45EC-8819-C3A01561CAA9}.Debug|Any CPU.Build.0 = Debug|Any CPU
		{AB50D93B-1B36-45EC-8819-C3A01561CAA9}.Debug|x64.ActiveCfg = Debug|Any CPU
		{AB50D93B-1B36-45EC-8819-C3A01561CAA9}.Debug|x64.Build.0 = Debug|Any CPU
		{AB50D93B-1B36-45EC-8819-C3A01561CAA9}.Debug|x86.ActiveCfg = Debug|Any CPU
		{AB50D93B-1B36-45EC-8819-C3A01561CAA9}.Debug|x86.Build.0 = Debug|Any CPU
		{AB50D93B-1B36-45EC-8819-C3A01561CAA9}.Release|Any CPU.ActiveCfg = Release|Any CPU
		{AB50D93B-1B36-45EC-8819-C3A01561CAA9}.Release|Any CPU.Build.0 = Release|Any CPU
		{AB50D93B-1B36-45EC-8819-C3A01561CAA9}.Release|x64.ActiveCfg = Release|Any CPU
		{AB50D93B-1B36-45EC-8819-C3A01561CAA9}.Release|x64.Build.0 = Release|Any CPU
		{AB50D93B-1B36-45EC-8819-C3A01561CAA9}.Release|x86.ActiveCfg = Release|Any CPU
		{AB50D93B-1B36-45EC-8819-C3A01561CAA9}.Release|x86.Build.0 = Release|Any CPU
		{656A61EB-E435-47B4-A142-EA303B40611F}.Debug|Any CPU.ActiveCfg = Debug|Any CPU
		{656A61EB-E435-47B4-A142-EA303B40611F}.Debug|Any CPU.Build.0 = Debug|Any CPU
		{656A61EB-E435-47B4-A142-EA303B40611F}.Debug|x64.ActiveCfg = Debug|Any CPU
		{656A61EB-E435-47B4-A142-EA303B40611F}.Debug|x64.Build.0 = Debug|Any CPU
		{656A61EB-E435-47B4-A142-EA303B40611F}.Debug|x86.ActiveCfg = Debug|Any CPU
		{656A61EB-E435-47B4-A142-EA303B40611F}.Debug|x86.Build.0 = Debug|Any CPU
		{656A61EB-E435-47B4-A142-EA303B40611F}.Release|Any CPU.ActiveCfg = Release|Any CPU
		{656A61EB-E435-47B4-A142-EA303B40611F}.Release|Any CPU.Build.0 = Release|Any CPU
		{656A61EB-E435-47B4-A142-EA303B40611F}.Release|x64.ActiveCfg = Release|Any CPU
		{656A61EB-E435-47B4-A142-EA303B40611F}.Release|x64.Build.0 = Release|Any CPU
		{656A61EB-E435-47B4-A142-EA303B40611F}.Release|x86.ActiveCfg = Release|Any CPU
		{656A61EB-E435-47B4-A142-EA303B40611F}.Release|x86.Build.0 = Release|Any CPU
		{C558563A-E338-46A0-A972-49143A557164}.Debug|Any CPU.ActiveCfg = Debug|Any CPU
		{C558563A-E338-46A0-A972-49143A557164}.Debug|Any CPU.Build.0 = Debug|Any CPU
		{C558563A-E338-46A0-A972-49143A557164}.Debug|x64.ActiveCfg = Debug|Any CPU
		{C558563A-E338-46A0-A972-49143A557164}.Debug|x64.Build.0 = Debug|Any CPU
		{C558563A-E338-46A0-A972-49143A557164}.Debug|x86.ActiveCfg = Debug|Any CPU
		{C558563A-E338-46A0-A972-49143A557164}.Debug|x86.Build.0 = Debug|Any CPU
		{C558563A-E338-46A0-A972-49143A557164}.Release|Any CPU.ActiveCfg = Release|Any CPU
		{C558563A-E338-46A0-A972-49143A557164}.Release|Any CPU.Build.0 = Release|Any CPU
		{C558563A-E338-46A0-A972-49143A557164}.Release|x64.ActiveCfg = Release|Any CPU
		{C558563A-E338-46A0-A972-49143A557164}.Release|x64.Build.0 = Release|Any CPU
		{C558563A-E338-46A0-A972-49143A557164}.Release|x86.ActiveCfg = Release|Any CPU
		{C558563A-E338-46A0-A972-49143A557164}.Release|x86.Build.0 = Release|Any CPU
		{34599ECD-088A-483E-B166-22003C8F3304}.Debug|Any CPU.ActiveCfg = Debug|Any CPU
		{34599ECD-088A-483E-B166-22003C8F3304}.Debug|Any CPU.Build.0 = Debug|Any CPU
		{34599ECD-088A-483E-B166-22003C8F3304}.Debug|x64.ActiveCfg = Debug|Any CPU
		{34599ECD-088A-483E-B166-22003C8F3304}.Debug|x64.Build.0 = Debug|Any CPU
		{34599ECD-088A-483E-B166-22003C8F3304}.Debug|x86.ActiveCfg = Debug|Any CPU
		{34599ECD-088A-483E-B166-22003C8F3304}.Debug|x86.Build.0 = Debug|Any CPU
		{34599ECD-088A-483E-B166-22003C8F3304}.Release|Any CPU.ActiveCfg = Release|Any CPU
		{34599ECD-088A-483E-B166-22003C8F3304}.Release|Any CPU.Build.0 = Release|Any CPU
		{34599ECD-088A-483E-B166-22003C8F3304}.Release|x64.ActiveCfg = Release|Any CPU
		{34599ECD-088A-483E-B166-22003C8F3304}.Release|x64.Build.0 = Release|Any CPU
		{34599ECD-088A-483E-B166-22003C8F3304}.Release|x86.ActiveCfg = Release|Any CPU
		{34599ECD-088A-483E-B166-22003C8F3304}.Release|x86.Build.0 = Release|Any CPU
		{016C36E7-E2F9-4F4D-8A0D-EF9C70185DE2}.Debug|Any CPU.ActiveCfg = Debug|Any CPU
		{016C36E7-E2F9-4F4D-8A0D-EF9C70185DE2}.Debug|Any CPU.Build.0 = Debug|Any CPU
		{016C36E7-E2F9-4F4D-8A0D-EF9C70185DE2}.Debug|x64.ActiveCfg = Debug|Any CPU
		{016C36E7-E2F9-4F4D-8A0D-EF9C70185DE2}.Debug|x64.Build.0 = Debug|Any CPU
		{016C36E7-E2F9-4F4D-8A0D-EF9C70185DE2}.Debug|x86.ActiveCfg = Debug|Any CPU
		{016C36E7-E2F9-4F4D-8A0D-EF9C70185DE2}.Debug|x86.Build.0 = Debug|Any CPU
		{016C36E7-E2F9-4F4D-8A0D-EF9C70185DE2}.Release|Any CPU.ActiveCfg = Release|Any CPU
		{016C36E7-E2F9-4F4D-8A0D-EF9C70185DE2}.Release|Any CPU.Build.0 = Release|Any CPU
		{016C36E7-E2F9-4F4D-8A0D-EF9C70185DE2}.Release|x64.ActiveCfg = Release|Any CPU
		{016C36E7-E2F9-4F4D-8A0D-EF9C70185DE2}.Release|x64.Build.0 = Release|Any CPU
		{016C36E7-E2F9-4F4D-8A0D-EF9C70185DE2}.Release|x86.ActiveCfg = Release|Any CPU
		{016C36E7-E2F9-4F4D-8A0D-EF9C70185DE2}.Release|x86.Build.0 = Release|Any CPU
		{5454C938-5B2C-499A-A13B-0FC7DCB1AF00}.Debug|Any CPU.ActiveCfg = Debug|Any CPU
		{5454C938-5B2C-499A-A13B-0FC7DCB1AF00}.Debug|Any CPU.Build.0 = Debug|Any CPU
		{5454C938-5B2C-499A-A13B-0FC7DCB1AF00}.Debug|x64.ActiveCfg = Debug|Any CPU
		{5454C938-5B2C-499A-A13B-0FC7DCB1AF00}.Debug|x64.Build.0 = Debug|Any CPU
		{5454C938-5B2C-499A-A13B-0FC7DCB1AF00}.Debug|x86.ActiveCfg = Debug|Any CPU
		{5454C938-5B2C-499A-A13B-0FC7DCB1AF00}.Debug|x86.Build.0 = Debug|Any CPU
		{5454C938-5B2C-499A-A13B-0FC7DCB1AF00}.Release|Any CPU.ActiveCfg = Release|Any CPU
		{5454C938-5B2C-499A-A13B-0FC7DCB1AF00}.Release|Any CPU.Build.0 = Release|Any CPU
		{5454C938-5B2C-499A-A13B-0FC7DCB1AF00}.Release|x64.ActiveCfg = Release|Any CPU
		{5454C938-5B2C-499A-A13B-0FC7DCB1AF00}.Release|x64.Build.0 = Release|Any CPU
		{5454C938-5B2C-499A-A13B-0FC7DCB1AF00}.Release|x86.ActiveCfg = Release|Any CPU
		{5454C938-5B2C-499A-A13B-0FC7DCB1AF00}.Release|x86.Build.0 = Release|Any CPU
		{74AEAFED-0045-4A1E-B3C4-AE98CE9F8313}.Debug|Any CPU.ActiveCfg = Debug|Any CPU
		{74AEAFED-0045-4A1E-B3C4-AE98CE9F8313}.Debug|Any CPU.Build.0 = Debug|Any CPU
		{74AEAFED-0045-4A1E-B3C4-AE98CE9F8313}.Debug|x64.ActiveCfg = Debug|Any CPU
		{74AEAFED-0045-4A1E-B3C4-AE98CE9F8313}.Debug|x64.Build.0 = Debug|Any CPU
		{74AEAFED-0045-4A1E-B3C4-AE98CE9F8313}.Debug|x86.ActiveCfg = Debug|Any CPU
		{74AEAFED-0045-4A1E-B3C4-AE98CE9F8313}.Debug|x86.Build.0 = Debug|Any CPU
		{74AEAFED-0045-4A1E-B3C4-AE98CE9F8313}.Release|Any CPU.ActiveCfg = Release|Any CPU
		{74AEAFED-0045-4A1E-B3C4-AE98CE9F8313}.Release|Any CPU.Build.0 = Release|Any CPU
		{74AEAFED-0045-4A1E-B3C4-AE98CE9F8313}.Release|x64.ActiveCfg = Release|Any CPU
		{74AEAFED-0045-4A1E-B3C4-AE98CE9F8313}.Release|x64.Build.0 = Release|Any CPU
		{74AEAFED-0045-4A1E-B3C4-AE98CE9F8313}.Release|x86.ActiveCfg = Release|Any CPU
		{74AEAFED-0045-4A1E-B3C4-AE98CE9F8313}.Release|x86.Build.0 = Release|Any CPU
		{C02A0777-D908-4910-A645-E38EC4EE95DE}.Debug|Any CPU.ActiveCfg = Debug|Any CPU
		{C02A0777-D908-4910-A645-E38EC4EE95DE}.Debug|Any CPU.Build.0 = Debug|Any CPU
		{C02A0777-D908-4910-A645-E38EC4EE95DE}.Debug|x64.ActiveCfg = Debug|Any CPU
		{C02A0777-D908-4910-A645-E38EC4EE95DE}.Debug|x64.Build.0 = Debug|Any CPU
		{C02A0777-D908-4910-A645-E38EC4EE95DE}.Debug|x86.ActiveCfg = Debug|Any CPU
		{C02A0777-D908-4910-A645-E38EC4EE95DE}.Debug|x86.Build.0 = Debug|Any CPU
		{C02A0777-D908-4910-A645-E38EC4EE95DE}.Release|Any CPU.ActiveCfg = Release|Any CPU
		{C02A0777-D908-4910-A645-E38EC4EE95DE}.Release|Any CPU.Build.0 = Release|Any CPU
		{C02A0777-D908-4910-A645-E38EC4EE95DE}.Release|x64.ActiveCfg = Release|Any CPU
		{C02A0777-D908-4910-A645-E38EC4EE95DE}.Release|x64.Build.0 = Release|Any CPU
		{C02A0777-D908-4910-A645-E38EC4EE95DE}.Release|x86.ActiveCfg = Release|Any CPU
		{C02A0777-D908-4910-A645-E38EC4EE95DE}.Release|x86.Build.0 = Release|Any CPU
		{F9DC91DB-6EA3-4B92-9113-906CA3481C87}.Debug|Any CPU.ActiveCfg = Debug|Any CPU
		{F9DC91DB-6EA3-4B92-9113-906CA3481C87}.Debug|Any CPU.Build.0 = Debug|Any CPU
		{F9DC91DB-6EA3-4B92-9113-906CA3481C87}.Debug|x64.ActiveCfg = Debug|Any CPU
		{F9DC91DB-6EA3-4B92-9113-906CA3481C87}.Debug|x64.Build.0 = Debug|Any CPU
		{F9DC91DB-6EA3-4B92-9113-906CA3481C87}.Debug|x86.ActiveCfg = Debug|Any CPU
		{F9DC91DB-6EA3-4B92-9113-906CA3481C87}.Debug|x86.Build.0 = Debug|Any CPU
		{F9DC91DB-6EA3-4B92-9113-906CA3481C87}.Release|Any CPU.ActiveCfg = Release|Any CPU
		{F9DC91DB-6EA3-4B92-9113-906CA3481C87}.Release|Any CPU.Build.0 = Release|Any CPU
		{F9DC91DB-6EA3-4B92-9113-906CA3481C87}.Release|x64.ActiveCfg = Release|Any CPU
		{F9DC91DB-6EA3-4B92-9113-906CA3481C87}.Release|x64.Build.0 = Release|Any CPU
		{F9DC91DB-6EA3-4B92-9113-906CA3481C87}.Release|x86.ActiveCfg = Release|Any CPU
		{F9DC91DB-6EA3-4B92-9113-906CA3481C87}.Release|x86.Build.0 = Release|Any CPU
		{96B9C194-CF99-4A20-99E0-E8AE3456AF26}.Debug|Any CPU.ActiveCfg = Debug|Any CPU
		{96B9C194-CF99-4A20-99E0-E8AE3456AF26}.Debug|Any CPU.Build.0 = Debug|Any CPU
		{96B9C194-CF99-4A20-99E0-E8AE3456AF26}.Debug|x64.ActiveCfg = Debug|Any CPU
		{96B9C194-CF99-4A20-99E0-E8AE3456AF26}.Debug|x64.Build.0 = Debug|Any CPU
		{96B9C194-CF99-4A20-99E0-E8AE3456AF26}.Debug|x86.ActiveCfg = Debug|Any CPU
		{96B9C194-CF99-4A20-99E0-E8AE3456AF26}.Debug|x86.Build.0 = Debug|Any CPU
		{96B9C194-CF99-4A20-99E0-E8AE3456AF26}.Release|Any CPU.ActiveCfg = Release|Any CPU
		{96B9C194-CF99-4A20-99E0-E8AE3456AF26}.Release|Any CPU.Build.0 = Release|Any CPU
		{96B9C194-CF99-4A20-99E0-E8AE3456AF26}.Release|x64.ActiveCfg = Release|Any CPU
		{96B9C194-CF99-4A20-99E0-E8AE3456AF26}.Release|x64.Build.0 = Release|Any CPU
		{96B9C194-CF99-4A20-99E0-E8AE3456AF26}.Release|x86.ActiveCfg = Release|Any CPU
		{96B9C194-CF99-4A20-99E0-E8AE3456AF26}.Release|x86.Build.0 = Release|Any CPU
		{6EF85900-2911-419C-B2B1-AC60E0134C33}.Debug|Any CPU.ActiveCfg = Debug|Any CPU
		{6EF85900-2911-419C-B2B1-AC60E0134C33}.Debug|Any CPU.Build.0 = Debug|Any CPU
		{6EF85900-2911-419C-B2B1-AC60E0134C33}.Debug|x64.ActiveCfg = Debug|Any CPU
		{6EF85900-2911-419C-B2B1-AC60E0134C33}.Debug|x64.Build.0 = Debug|Any CPU
		{6EF85900-2911-419C-B2B1-AC60E0134C33}.Debug|x86.ActiveCfg = Debug|Any CPU
		{6EF85900-2911-419C-B2B1-AC60E0134C33}.Debug|x86.Build.0 = Debug|Any CPU
		{6EF85900-2911-419C-B2B1-AC60E0134C33}.Release|Any CPU.ActiveCfg = Release|Any CPU
		{6EF85900-2911-419C-B2B1-AC60E0134C33}.Release|Any CPU.Build.0 = Release|Any CPU
		{6EF85900-2911-419C-B2B1-AC60E0134C33}.Release|x64.ActiveCfg = Release|Any CPU
		{6EF85900-2911-419C-B2B1-AC60E0134C33}.Release|x64.Build.0 = Release|Any CPU
		{6EF85900-2911-419C-B2B1-AC60E0134C33}.Release|x86.ActiveCfg = Release|Any CPU
		{6EF85900-2911-419C-B2B1-AC60E0134C33}.Release|x86.Build.0 = Release|Any CPU
		{95FF15F5-13B5-4889-8D4C-ACCA5806F445}.Debug|Any CPU.ActiveCfg = Debug|Any CPU
		{95FF15F5-13B5-4889-8D4C-ACCA5806F445}.Debug|Any CPU.Build.0 = Debug|Any CPU
		{95FF15F5-13B5-4889-8D4C-ACCA5806F445}.Debug|x64.ActiveCfg = Debug|Any CPU
		{95FF15F5-13B5-4889-8D4C-ACCA5806F445}.Debug|x64.Build.0 = Debug|Any CPU
		{95FF15F5-13B5-4889-8D4C-ACCA5806F445}.Debug|x86.ActiveCfg = Debug|Any CPU
		{95FF15F5-13B5-4889-8D4C-ACCA5806F445}.Debug|x86.Build.0 = Debug|Any CPU
		{95FF15F5-13B5-4889-8D4C-ACCA5806F445}.Release|Any CPU.ActiveCfg = Release|Any CPU
		{95FF15F5-13B5-4889-8D4C-ACCA5806F445}.Release|Any CPU.Build.0 = Release|Any CPU
		{95FF15F5-13B5-4889-8D4C-ACCA5806F445}.Release|x64.ActiveCfg = Release|Any CPU
		{95FF15F5-13B5-4889-8D4C-ACCA5806F445}.Release|x64.Build.0 = Release|Any CPU
		{95FF15F5-13B5-4889-8D4C-ACCA5806F445}.Release|x86.ActiveCfg = Release|Any CPU
		{95FF15F5-13B5-4889-8D4C-ACCA5806F445}.Release|x86.Build.0 = Release|Any CPU
		{522D8D02-74A3-46D1-B115-D06291BC0BE0}.Debug|Any CPU.ActiveCfg = Debug|Any CPU
		{522D8D02-74A3-46D1-B115-D06291BC0BE0}.Debug|Any CPU.Build.0 = Debug|Any CPU
		{522D8D02-74A3-46D1-B115-D06291BC0BE0}.Debug|x64.ActiveCfg = Debug|Any CPU
		{522D8D02-74A3-46D1-B115-D06291BC0BE0}.Debug|x64.Build.0 = Debug|Any CPU
		{522D8D02-74A3-46D1-B115-D06291BC0BE0}.Debug|x86.ActiveCfg = Debug|Any CPU
		{522D8D02-74A3-46D1-B115-D06291BC0BE0}.Debug|x86.Build.0 = Debug|Any CPU
		{522D8D02-74A3-46D1-B115-D06291BC0BE0}.Release|Any CPU.ActiveCfg = Release|Any CPU
		{522D8D02-74A3-46D1-B115-D06291BC0BE0}.Release|Any CPU.Build.0 = Release|Any CPU
		{522D8D02-74A3-46D1-B115-D06291BC0BE0}.Release|x64.ActiveCfg = Release|Any CPU
		{522D8D02-74A3-46D1-B115-D06291BC0BE0}.Release|x64.Build.0 = Release|Any CPU
		{522D8D02-74A3-46D1-B115-D06291BC0BE0}.Release|x86.ActiveCfg = Release|Any CPU
		{522D8D02-74A3-46D1-B115-D06291BC0BE0}.Release|x86.Build.0 = Release|Any CPU
		{52F89F6D-B80F-4D68-98D7-C2FCA1533842}.Debug|Any CPU.ActiveCfg = Debug|Any CPU
		{52F89F6D-B80F-4D68-98D7-C2FCA1533842}.Debug|Any CPU.Build.0 = Debug|Any CPU
		{52F89F6D-B80F-4D68-98D7-C2FCA1533842}.Debug|x64.ActiveCfg = Debug|Any CPU
		{52F89F6D-B80F-4D68-98D7-C2FCA1533842}.Debug|x64.Build.0 = Debug|Any CPU
		{52F89F6D-B80F-4D68-98D7-C2FCA1533842}.Debug|x86.ActiveCfg = Debug|Any CPU
		{52F89F6D-B80F-4D68-98D7-C2FCA1533842}.Debug|x86.Build.0 = Debug|Any CPU
		{52F89F6D-B80F-4D68-98D7-C2FCA1533842}.Release|Any CPU.ActiveCfg = Release|Any CPU
		{52F89F6D-B80F-4D68-98D7-C2FCA1533842}.Release|Any CPU.Build.0 = Release|Any CPU
		{52F89F6D-B80F-4D68-98D7-C2FCA1533842}.Release|x64.ActiveCfg = Release|Any CPU
		{52F89F6D-B80F-4D68-98D7-C2FCA1533842}.Release|x64.Build.0 = Release|Any CPU
		{52F89F6D-B80F-4D68-98D7-C2FCA1533842}.Release|x86.ActiveCfg = Release|Any CPU
		{52F89F6D-B80F-4D68-98D7-C2FCA1533842}.Release|x86.Build.0 = Release|Any CPU
		{EA86A5B2-2B4A-49DF-85C7-8E4A8226B9BF}.Debug|Any CPU.ActiveCfg = Debug|Any CPU
		{EA86A5B2-2B4A-49DF-85C7-8E4A8226B9BF}.Debug|Any CPU.Build.0 = Debug|Any CPU
		{EA86A5B2-2B4A-49DF-85C7-8E4A8226B9BF}.Debug|x64.ActiveCfg = Debug|Any CPU
		{EA86A5B2-2B4A-49DF-85C7-8E4A8226B9BF}.Debug|x64.Build.0 = Debug|Any CPU
		{EA86A5B2-2B4A-49DF-85C7-8E4A8226B9BF}.Debug|x86.ActiveCfg = Debug|Any CPU
		{EA86A5B2-2B4A-49DF-85C7-8E4A8226B9BF}.Debug|x86.Build.0 = Debug|Any CPU
		{EA86A5B2-2B4A-49DF-85C7-8E4A8226B9BF}.Release|Any CPU.ActiveCfg = Release|Any CPU
		{EA86A5B2-2B4A-49DF-85C7-8E4A8226B9BF}.Release|Any CPU.Build.0 = Release|Any CPU
		{EA86A5B2-2B4A-49DF-85C7-8E4A8226B9BF}.Release|x64.ActiveCfg = Release|Any CPU
		{EA86A5B2-2B4A-49DF-85C7-8E4A8226B9BF}.Release|x64.Build.0 = Release|Any CPU
		{EA86A5B2-2B4A-49DF-85C7-8E4A8226B9BF}.Release|x86.ActiveCfg = Release|Any CPU
		{EA86A5B2-2B4A-49DF-85C7-8E4A8226B9BF}.Release|x86.Build.0 = Release|Any CPU
		{E9E6772A-E1C2-4E04-929E-361F696A421C}.Debug|Any CPU.ActiveCfg = Debug|Any CPU
		{E9E6772A-E1C2-4E04-929E-361F696A421C}.Debug|Any CPU.Build.0 = Debug|Any CPU
		{E9E6772A-E1C2-4E04-929E-361F696A421C}.Debug|x64.ActiveCfg = Debug|Any CPU
		{E9E6772A-E1C2-4E04-929E-361F696A421C}.Debug|x64.Build.0 = Debug|Any CPU
		{E9E6772A-E1C2-4E04-929E-361F696A421C}.Debug|x86.ActiveCfg = Debug|Any CPU
		{E9E6772A-E1C2-4E04-929E-361F696A421C}.Debug|x86.Build.0 = Debug|Any CPU
		{E9E6772A-E1C2-4E04-929E-361F696A421C}.Release|Any CPU.ActiveCfg = Release|Any CPU
		{E9E6772A-E1C2-4E04-929E-361F696A421C}.Release|Any CPU.Build.0 = Release|Any CPU
		{E9E6772A-E1C2-4E04-929E-361F696A421C}.Release|x64.ActiveCfg = Release|Any CPU
		{E9E6772A-E1C2-4E04-929E-361F696A421C}.Release|x64.Build.0 = Release|Any CPU
		{E9E6772A-E1C2-4E04-929E-361F696A421C}.Release|x86.ActiveCfg = Release|Any CPU
		{E9E6772A-E1C2-4E04-929E-361F696A421C}.Release|x86.Build.0 = Release|Any CPU
		{9A187895-2BAA-46DE-A22D-C3B11E29356C}.Debug|Any CPU.ActiveCfg = Debug|Any CPU
		{9A187895-2BAA-46DE-A22D-C3B11E29356C}.Debug|Any CPU.Build.0 = Debug|Any CPU
		{9A187895-2BAA-46DE-A22D-C3B11E29356C}.Debug|x64.ActiveCfg = Debug|Any CPU
		{9A187895-2BAA-46DE-A22D-C3B11E29356C}.Debug|x64.Build.0 = Debug|Any CPU
		{9A187895-2BAA-46DE-A22D-C3B11E29356C}.Debug|x86.ActiveCfg = Debug|Any CPU
		{9A187895-2BAA-46DE-A22D-C3B11E29356C}.Debug|x86.Build.0 = Debug|Any CPU
		{9A187895-2BAA-46DE-A22D-C3B11E29356C}.Release|Any CPU.ActiveCfg = Release|Any CPU
		{9A187895-2BAA-46DE-A22D-C3B11E29356C}.Release|Any CPU.Build.0 = Release|Any CPU
		{9A187895-2BAA-46DE-A22D-C3B11E29356C}.Release|x64.ActiveCfg = Release|Any CPU
		{9A187895-2BAA-46DE-A22D-C3B11E29356C}.Release|x64.Build.0 = Release|Any CPU
		{9A187895-2BAA-46DE-A22D-C3B11E29356C}.Release|x86.ActiveCfg = Release|Any CPU
		{9A187895-2BAA-46DE-A22D-C3B11E29356C}.Release|x86.Build.0 = Release|Any CPU
		{A4D62C48-C525-435B-A21D-771050DD7EB3}.Debug|Any CPU.ActiveCfg = Debug|Any CPU
		{A4D62C48-C525-435B-A21D-771050DD7EB3}.Debug|Any CPU.Build.0 = Debug|Any CPU
		{A4D62C48-C525-435B-A21D-771050DD7EB3}.Debug|x64.ActiveCfg = Debug|Any CPU
		{A4D62C48-C525-435B-A21D-771050DD7EB3}.Debug|x64.Build.0 = Debug|Any CPU
		{A4D62C48-C525-435B-A21D-771050DD7EB3}.Debug|x86.ActiveCfg = Debug|Any CPU
		{A4D62C48-C525-435B-A21D-771050DD7EB3}.Debug|x86.Build.0 = Debug|Any CPU
		{A4D62C48-C525-435B-A21D-771050DD7EB3}.Release|Any CPU.ActiveCfg = Release|Any CPU
		{A4D62C48-C525-435B-A21D-771050DD7EB3}.Release|Any CPU.Build.0 = Release|Any CPU
		{A4D62C48-C525-435B-A21D-771050DD7EB3}.Release|x64.ActiveCfg = Release|Any CPU
		{A4D62C48-C525-435B-A21D-771050DD7EB3}.Release|x64.Build.0 = Release|Any CPU
		{A4D62C48-C525-435B-A21D-771050DD7EB3}.Release|x86.ActiveCfg = Release|Any CPU
		{A4D62C48-C525-435B-A21D-771050DD7EB3}.Release|x86.Build.0 = Release|Any CPU
		{CC45CF3B-EB96-4734-B036-4F42231CABDE}.Debug|Any CPU.ActiveCfg = Debug|Any CPU
		{CC45CF3B-EB96-4734-B036-4F42231CABDE}.Debug|Any CPU.Build.0 = Debug|Any CPU
		{CC45CF3B-EB96-4734-B036-4F42231CABDE}.Debug|x64.ActiveCfg = Debug|Any CPU
		{CC45CF3B-EB96-4734-B036-4F42231CABDE}.Debug|x64.Build.0 = Debug|Any CPU
		{CC45CF3B-EB96-4734-B036-4F42231CABDE}.Debug|x86.ActiveCfg = Debug|Any CPU
		{CC45CF3B-EB96-4734-B036-4F42231CABDE}.Debug|x86.Build.0 = Debug|Any CPU
		{CC45CF3B-EB96-4734-B036-4F42231CABDE}.Release|Any CPU.ActiveCfg = Release|Any CPU
		{CC45CF3B-EB96-4734-B036-4F42231CABDE}.Release|Any CPU.Build.0 = Release|Any CPU
		{CC45CF3B-EB96-4734-B036-4F42231CABDE}.Release|x64.ActiveCfg = Release|Any CPU
		{CC45CF3B-EB96-4734-B036-4F42231CABDE}.Release|x64.Build.0 = Release|Any CPU
		{CC45CF3B-EB96-4734-B036-4F42231CABDE}.Release|x86.ActiveCfg = Release|Any CPU
		{CC45CF3B-EB96-4734-B036-4F42231CABDE}.Release|x86.Build.0 = Release|Any CPU
		{0C47D8C6-2AFF-49B6-862A-5DA7CFF2740A}.Debug|Any CPU.ActiveCfg = Debug|Any CPU
		{0C47D8C6-2AFF-49B6-862A-5DA7CFF2740A}.Debug|Any CPU.Build.0 = Debug|Any CPU
		{0C47D8C6-2AFF-49B6-862A-5DA7CFF2740A}.Debug|x64.ActiveCfg = Debug|Any CPU
		{0C47D8C6-2AFF-49B6-862A-5DA7CFF2740A}.Debug|x64.Build.0 = Debug|Any CPU
		{0C47D8C6-2AFF-49B6-862A-5DA7CFF2740A}.Debug|x86.ActiveCfg = Debug|Any CPU
		{0C47D8C6-2AFF-49B6-862A-5DA7CFF2740A}.Debug|x86.Build.0 = Debug|Any CPU
		{0C47D8C6-2AFF-49B6-862A-5DA7CFF2740A}.Release|Any CPU.ActiveCfg = Release|Any CPU
		{0C47D8C6-2AFF-49B6-862A-5DA7CFF2740A}.Release|Any CPU.Build.0 = Release|Any CPU
		{0C47D8C6-2AFF-49B6-862A-5DA7CFF2740A}.Release|x64.ActiveCfg = Release|Any CPU
		{0C47D8C6-2AFF-49B6-862A-5DA7CFF2740A}.Release|x64.Build.0 = Release|Any CPU
		{0C47D8C6-2AFF-49B6-862A-5DA7CFF2740A}.Release|x86.ActiveCfg = Release|Any CPU
		{0C47D8C6-2AFF-49B6-862A-5DA7CFF2740A}.Release|x86.Build.0 = Release|Any CPU
		{49C83F71-582B-4884-9503-BE61B5FBCAC3}.Debug|Any CPU.ActiveCfg = Debug|Any CPU
		{49C83F71-582B-4884-9503-BE61B5FBCAC3}.Debug|Any CPU.Build.0 = Debug|Any CPU
		{49C83F71-582B-4884-9503-BE61B5FBCAC3}.Debug|x64.ActiveCfg = Debug|Any CPU
		{49C83F71-582B-4884-9503-BE61B5FBCAC3}.Debug|x64.Build.0 = Debug|Any CPU
		{49C83F71-582B-4884-9503-BE61B5FBCAC3}.Debug|x86.ActiveCfg = Debug|Any CPU
		{49C83F71-582B-4884-9503-BE61B5FBCAC3}.Debug|x86.Build.0 = Debug|Any CPU
		{49C83F71-582B-4884-9503-BE61B5FBCAC3}.Release|Any CPU.ActiveCfg = Release|Any CPU
		{49C83F71-582B-4884-9503-BE61B5FBCAC3}.Release|Any CPU.Build.0 = Release|Any CPU
		{49C83F71-582B-4884-9503-BE61B5FBCAC3}.Release|x64.ActiveCfg = Release|Any CPU
		{49C83F71-582B-4884-9503-BE61B5FBCAC3}.Release|x64.Build.0 = Release|Any CPU
		{49C83F71-582B-4884-9503-BE61B5FBCAC3}.Release|x86.ActiveCfg = Release|Any CPU
		{49C83F71-582B-4884-9503-BE61B5FBCAC3}.Release|x86.Build.0 = Release|Any CPU
		{3CC89CD9-850B-4868-A448-D83C235224F0}.Debug|Any CPU.ActiveCfg = Debug|Any CPU
		{3CC89CD9-850B-4868-A448-D83C235224F0}.Debug|Any CPU.Build.0 = Debug|Any CPU
		{3CC89CD9-850B-4868-A448-D83C235224F0}.Debug|x64.ActiveCfg = Debug|Any CPU
		{3CC89CD9-850B-4868-A448-D83C235224F0}.Debug|x64.Build.0 = Debug|Any CPU
		{3CC89CD9-850B-4868-A448-D83C235224F0}.Debug|x86.ActiveCfg = Debug|Any CPU
		{3CC89CD9-850B-4868-A448-D83C235224F0}.Debug|x86.Build.0 = Debug|Any CPU
		{3CC89CD9-850B-4868-A448-D83C235224F0}.Release|Any CPU.ActiveCfg = Release|Any CPU
		{3CC89CD9-850B-4868-A448-D83C235224F0}.Release|Any CPU.Build.0 = Release|Any CPU
		{3CC89CD9-850B-4868-A448-D83C235224F0}.Release|x64.ActiveCfg = Release|Any CPU
		{3CC89CD9-850B-4868-A448-D83C235224F0}.Release|x64.Build.0 = Release|Any CPU
		{3CC89CD9-850B-4868-A448-D83C235224F0}.Release|x86.ActiveCfg = Release|Any CPU
		{3CC89CD9-850B-4868-A448-D83C235224F0}.Release|x86.Build.0 = Release|Any CPU
		{C7325201-9A19-4478-B1BE-09200524FE34}.Debug|Any CPU.ActiveCfg = Debug|Any CPU
		{C7325201-9A19-4478-B1BE-09200524FE34}.Debug|Any CPU.Build.0 = Debug|Any CPU
		{C7325201-9A19-4478-B1BE-09200524FE34}.Debug|x64.ActiveCfg = Debug|Any CPU
		{C7325201-9A19-4478-B1BE-09200524FE34}.Debug|x64.Build.0 = Debug|Any CPU
		{C7325201-9A19-4478-B1BE-09200524FE34}.Debug|x86.ActiveCfg = Debug|Any CPU
		{C7325201-9A19-4478-B1BE-09200524FE34}.Debug|x86.Build.0 = Debug|Any CPU
		{C7325201-9A19-4478-B1BE-09200524FE34}.Release|Any CPU.ActiveCfg = Release|Any CPU
		{C7325201-9A19-4478-B1BE-09200524FE34}.Release|Any CPU.Build.0 = Release|Any CPU
		{C7325201-9A19-4478-B1BE-09200524FE34}.Release|x64.ActiveCfg = Release|Any CPU
		{C7325201-9A19-4478-B1BE-09200524FE34}.Release|x64.Build.0 = Release|Any CPU
		{C7325201-9A19-4478-B1BE-09200524FE34}.Release|x86.ActiveCfg = Release|Any CPU
		{C7325201-9A19-4478-B1BE-09200524FE34}.Release|x86.Build.0 = Release|Any CPU
		{726BF58B-A657-4943-AFD6-4F46ED27190F}.Debug|Any CPU.ActiveCfg = Debug|Any CPU
		{726BF58B-A657-4943-AFD6-4F46ED27190F}.Debug|Any CPU.Build.0 = Debug|Any CPU
		{726BF58B-A657-4943-AFD6-4F46ED27190F}.Debug|x64.ActiveCfg = Debug|Any CPU
		{726BF58B-A657-4943-AFD6-4F46ED27190F}.Debug|x64.Build.0 = Debug|Any CPU
		{726BF58B-A657-4943-AFD6-4F46ED27190F}.Debug|x86.ActiveCfg = Debug|Any CPU
		{726BF58B-A657-4943-AFD6-4F46ED27190F}.Debug|x86.Build.0 = Debug|Any CPU
		{726BF58B-A657-4943-AFD6-4F46ED27190F}.Release|Any CPU.ActiveCfg = Release|Any CPU
		{726BF58B-A657-4943-AFD6-4F46ED27190F}.Release|Any CPU.Build.0 = Release|Any CPU
		{726BF58B-A657-4943-AFD6-4F46ED27190F}.Release|x64.ActiveCfg = Release|Any CPU
		{726BF58B-A657-4943-AFD6-4F46ED27190F}.Release|x64.Build.0 = Release|Any CPU
		{726BF58B-A657-4943-AFD6-4F46ED27190F}.Release|x86.ActiveCfg = Release|Any CPU
		{726BF58B-A657-4943-AFD6-4F46ED27190F}.Release|x86.Build.0 = Release|Any CPU
		{915E1387-A820-4327-9D97-25AA30B36E09}.Debug|Any CPU.ActiveCfg = Debug|Any CPU
		{915E1387-A820-4327-9D97-25AA30B36E09}.Debug|Any CPU.Build.0 = Debug|Any CPU
		{915E1387-A820-4327-9D97-25AA30B36E09}.Debug|x64.ActiveCfg = Debug|Any CPU
		{915E1387-A820-4327-9D97-25AA30B36E09}.Debug|x64.Build.0 = Debug|Any CPU
		{915E1387-A820-4327-9D97-25AA30B36E09}.Debug|x86.ActiveCfg = Debug|Any CPU
		{915E1387-A820-4327-9D97-25AA30B36E09}.Debug|x86.Build.0 = Debug|Any CPU
		{915E1387-A820-4327-9D97-25AA30B36E09}.Release|Any CPU.ActiveCfg = Release|Any CPU
		{915E1387-A820-4327-9D97-25AA30B36E09}.Release|Any CPU.Build.0 = Release|Any CPU
		{915E1387-A820-4327-9D97-25AA30B36E09}.Release|x64.ActiveCfg = Release|Any CPU
		{915E1387-A820-4327-9D97-25AA30B36E09}.Release|x64.Build.0 = Release|Any CPU
		{915E1387-A820-4327-9D97-25AA30B36E09}.Release|x86.ActiveCfg = Release|Any CPU
		{915E1387-A820-4327-9D97-25AA30B36E09}.Release|x86.Build.0 = Release|Any CPU
		{012748A0-63F4-4432-BEE7-DDEBF3A55FAE}.Debug|Any CPU.ActiveCfg = Debug|Any CPU
		{012748A0-63F4-4432-BEE7-DDEBF3A55FAE}.Debug|Any CPU.Build.0 = Debug|Any CPU
		{012748A0-63F4-4432-BEE7-DDEBF3A55FAE}.Debug|x64.ActiveCfg = Debug|Any CPU
		{012748A0-63F4-4432-BEE7-DDEBF3A55FAE}.Debug|x64.Build.0 = Debug|Any CPU
		{012748A0-63F4-4432-BEE7-DDEBF3A55FAE}.Debug|x86.ActiveCfg = Debug|Any CPU
		{012748A0-63F4-4432-BEE7-DDEBF3A55FAE}.Debug|x86.Build.0 = Debug|Any CPU
		{012748A0-63F4-4432-BEE7-DDEBF3A55FAE}.Release|Any CPU.ActiveCfg = Release|Any CPU
		{012748A0-63F4-4432-BEE7-DDEBF3A55FAE}.Release|Any CPU.Build.0 = Release|Any CPU
		{012748A0-63F4-4432-BEE7-DDEBF3A55FAE}.Release|x64.ActiveCfg = Release|Any CPU
		{012748A0-63F4-4432-BEE7-DDEBF3A55FAE}.Release|x64.Build.0 = Release|Any CPU
		{012748A0-63F4-4432-BEE7-DDEBF3A55FAE}.Release|x86.ActiveCfg = Release|Any CPU
		{012748A0-63F4-4432-BEE7-DDEBF3A55FAE}.Release|x86.Build.0 = Release|Any CPU
		{B0519992-61ED-485B-BE04-385CCCEBD596}.Debug|Any CPU.ActiveCfg = Debug|Any CPU
		{B0519992-61ED-485B-BE04-385CCCEBD596}.Debug|Any CPU.Build.0 = Debug|Any CPU
		{B0519992-61ED-485B-BE04-385CCCEBD596}.Debug|x64.ActiveCfg = Debug|Any CPU
		{B0519992-61ED-485B-BE04-385CCCEBD596}.Debug|x64.Build.0 = Debug|Any CPU
		{B0519992-61ED-485B-BE04-385CCCEBD596}.Debug|x86.ActiveCfg = Debug|Any CPU
		{B0519992-61ED-485B-BE04-385CCCEBD596}.Debug|x86.Build.0 = Debug|Any CPU
		{B0519992-61ED-485B-BE04-385CCCEBD596}.Release|Any CPU.ActiveCfg = Release|Any CPU
		{B0519992-61ED-485B-BE04-385CCCEBD596}.Release|Any CPU.Build.0 = Release|Any CPU
		{B0519992-61ED-485B-BE04-385CCCEBD596}.Release|x64.ActiveCfg = Release|Any CPU
		{B0519992-61ED-485B-BE04-385CCCEBD596}.Release|x64.Build.0 = Release|Any CPU
		{B0519992-61ED-485B-BE04-385CCCEBD596}.Release|x86.ActiveCfg = Release|Any CPU
		{B0519992-61ED-485B-BE04-385CCCEBD596}.Release|x86.Build.0 = Release|Any CPU
		{E6DFDF33-93FC-4B20-BF8D-D33E7D59C1B8}.Debug|Any CPU.ActiveCfg = Debug|Any CPU
		{E6DFDF33-93FC-4B20-BF8D-D33E7D59C1B8}.Debug|Any CPU.Build.0 = Debug|Any CPU
		{E6DFDF33-93FC-4B20-BF8D-D33E7D59C1B8}.Debug|x64.ActiveCfg = Debug|Any CPU
		{E6DFDF33-93FC-4B20-BF8D-D33E7D59C1B8}.Debug|x64.Build.0 = Debug|Any CPU
		{E6DFDF33-93FC-4B20-BF8D-D33E7D59C1B8}.Debug|x86.ActiveCfg = Debug|Any CPU
		{E6DFDF33-93FC-4B20-BF8D-D33E7D59C1B8}.Debug|x86.Build.0 = Debug|Any CPU
		{E6DFDF33-93FC-4B20-BF8D-D33E7D59C1B8}.Release|Any CPU.ActiveCfg = Release|Any CPU
		{E6DFDF33-93FC-4B20-BF8D-D33E7D59C1B8}.Release|Any CPU.Build.0 = Release|Any CPU
		{E6DFDF33-93FC-4B20-BF8D-D33E7D59C1B8}.Release|x64.ActiveCfg = Release|Any CPU
		{E6DFDF33-93FC-4B20-BF8D-D33E7D59C1B8}.Release|x64.Build.0 = Release|Any CPU
		{E6DFDF33-93FC-4B20-BF8D-D33E7D59C1B8}.Release|x86.ActiveCfg = Release|Any CPU
		{E6DFDF33-93FC-4B20-BF8D-D33E7D59C1B8}.Release|x86.Build.0 = Release|Any CPU
		{FD70CE5B-18C7-4363-929C-504A43B9F624}.Debug|Any CPU.ActiveCfg = Debug|Any CPU
		{FD70CE5B-18C7-4363-929C-504A43B9F624}.Debug|Any CPU.Build.0 = Debug|Any CPU
		{FD70CE5B-18C7-4363-929C-504A43B9F624}.Debug|x64.ActiveCfg = Debug|Any CPU
		{FD70CE5B-18C7-4363-929C-504A43B9F624}.Debug|x64.Build.0 = Debug|Any CPU
		{FD70CE5B-18C7-4363-929C-504A43B9F624}.Debug|x86.ActiveCfg = Debug|Any CPU
		{FD70CE5B-18C7-4363-929C-504A43B9F624}.Debug|x86.Build.0 = Debug|Any CPU
		{FD70CE5B-18C7-4363-929C-504A43B9F624}.Release|Any CPU.ActiveCfg = Release|Any CPU
		{FD70CE5B-18C7-4363-929C-504A43B9F624}.Release|Any CPU.Build.0 = Release|Any CPU
		{FD70CE5B-18C7-4363-929C-504A43B9F624}.Release|x64.ActiveCfg = Release|Any CPU
		{FD70CE5B-18C7-4363-929C-504A43B9F624}.Release|x64.Build.0 = Release|Any CPU
		{FD70CE5B-18C7-4363-929C-504A43B9F624}.Release|x86.ActiveCfg = Release|Any CPU
		{FD70CE5B-18C7-4363-929C-504A43B9F624}.Release|x86.Build.0 = Release|Any CPU
		{78697195-A33C-47EB-8724-12DA50A622AC}.Debug|Any CPU.ActiveCfg = Debug|Any CPU
		{78697195-A33C-47EB-8724-12DA50A622AC}.Debug|Any CPU.Build.0 = Debug|Any CPU
		{78697195-A33C-47EB-8724-12DA50A622AC}.Debug|x64.ActiveCfg = Debug|Any CPU
		{78697195-A33C-47EB-8724-12DA50A622AC}.Debug|x64.Build.0 = Debug|Any CPU
		{78697195-A33C-47EB-8724-12DA50A622AC}.Debug|x86.ActiveCfg = Debug|Any CPU
		{78697195-A33C-47EB-8724-12DA50A622AC}.Debug|x86.Build.0 = Debug|Any CPU
		{78697195-A33C-47EB-8724-12DA50A622AC}.Release|Any CPU.ActiveCfg = Release|Any CPU
		{78697195-A33C-47EB-8724-12DA50A622AC}.Release|Any CPU.Build.0 = Release|Any CPU
		{78697195-A33C-47EB-8724-12DA50A622AC}.Release|x64.ActiveCfg = Release|Any CPU
		{78697195-A33C-47EB-8724-12DA50A622AC}.Release|x64.Build.0 = Release|Any CPU
		{78697195-A33C-47EB-8724-12DA50A622AC}.Release|x86.ActiveCfg = Release|Any CPU
		{78697195-A33C-47EB-8724-12DA50A622AC}.Release|x86.Build.0 = Release|Any CPU
		{1F2ED80D-F836-4425-B80B-440E538A7B91}.Debug|Any CPU.ActiveCfg = Debug|Any CPU
		{1F2ED80D-F836-4425-B80B-440E538A7B91}.Debug|Any CPU.Build.0 = Debug|Any CPU
		{1F2ED80D-F836-4425-B80B-440E538A7B91}.Debug|x64.ActiveCfg = Debug|Any CPU
		{1F2ED80D-F836-4425-B80B-440E538A7B91}.Debug|x64.Build.0 = Debug|Any CPU
		{1F2ED80D-F836-4425-B80B-440E538A7B91}.Debug|x86.ActiveCfg = Debug|Any CPU
		{1F2ED80D-F836-4425-B80B-440E538A7B91}.Debug|x86.Build.0 = Debug|Any CPU
		{1F2ED80D-F836-4425-B80B-440E538A7B91}.Release|Any CPU.ActiveCfg = Release|Any CPU
		{1F2ED80D-F836-4425-B80B-440E538A7B91}.Release|Any CPU.Build.0 = Release|Any CPU
		{1F2ED80D-F836-4425-B80B-440E538A7B91}.Release|x64.ActiveCfg = Release|Any CPU
		{1F2ED80D-F836-4425-B80B-440E538A7B91}.Release|x64.Build.0 = Release|Any CPU
		{1F2ED80D-F836-4425-B80B-440E538A7B91}.Release|x86.ActiveCfg = Release|Any CPU
		{1F2ED80D-F836-4425-B80B-440E538A7B91}.Release|x86.Build.0 = Release|Any CPU
		{CF7AE82D-35BF-4837-BE00-2A6E8DD1C589}.Debug|Any CPU.ActiveCfg = Debug|Any CPU
		{CF7AE82D-35BF-4837-BE00-2A6E8DD1C589}.Debug|Any CPU.Build.0 = Debug|Any CPU
		{CF7AE82D-35BF-4837-BE00-2A6E8DD1C589}.Debug|x64.ActiveCfg = Debug|Any CPU
		{CF7AE82D-35BF-4837-BE00-2A6E8DD1C589}.Debug|x64.Build.0 = Debug|Any CPU
		{CF7AE82D-35BF-4837-BE00-2A6E8DD1C589}.Debug|x86.ActiveCfg = Debug|Any CPU
		{CF7AE82D-35BF-4837-BE00-2A6E8DD1C589}.Debug|x86.Build.0 = Debug|Any CPU
		{CF7AE82D-35BF-4837-BE00-2A6E8DD1C589}.Release|Any CPU.ActiveCfg = Release|Any CPU
		{CF7AE82D-35BF-4837-BE00-2A6E8DD1C589}.Release|Any CPU.Build.0 = Release|Any CPU
		{CF7AE82D-35BF-4837-BE00-2A6E8DD1C589}.Release|x64.ActiveCfg = Release|Any CPU
		{CF7AE82D-35BF-4837-BE00-2A6E8DD1C589}.Release|x64.Build.0 = Release|Any CPU
		{CF7AE82D-35BF-4837-BE00-2A6E8DD1C589}.Release|x86.ActiveCfg = Release|Any CPU
		{CF7AE82D-35BF-4837-BE00-2A6E8DD1C589}.Release|x86.Build.0 = Release|Any CPU
		{EF8BDB3E-3E18-4E3B-AE67-F7CF299422D2}.Debug|Any CPU.ActiveCfg = Debug|Any CPU
		{EF8BDB3E-3E18-4E3B-AE67-F7CF299422D2}.Debug|Any CPU.Build.0 = Debug|Any CPU
		{EF8BDB3E-3E18-4E3B-AE67-F7CF299422D2}.Debug|x64.ActiveCfg = Debug|Any CPU
		{EF8BDB3E-3E18-4E3B-AE67-F7CF299422D2}.Debug|x64.Build.0 = Debug|Any CPU
		{EF8BDB3E-3E18-4E3B-AE67-F7CF299422D2}.Debug|x86.ActiveCfg = Debug|Any CPU
		{EF8BDB3E-3E18-4E3B-AE67-F7CF299422D2}.Debug|x86.Build.0 = Debug|Any CPU
		{EF8BDB3E-3E18-4E3B-AE67-F7CF299422D2}.Release|Any CPU.ActiveCfg = Release|Any CPU
		{EF8BDB3E-3E18-4E3B-AE67-F7CF299422D2}.Release|Any CPU.Build.0 = Release|Any CPU
		{EF8BDB3E-3E18-4E3B-AE67-F7CF299422D2}.Release|x64.ActiveCfg = Release|Any CPU
		{EF8BDB3E-3E18-4E3B-AE67-F7CF299422D2}.Release|x64.Build.0 = Release|Any CPU
		{EF8BDB3E-3E18-4E3B-AE67-F7CF299422D2}.Release|x86.ActiveCfg = Release|Any CPU
		{EF8BDB3E-3E18-4E3B-AE67-F7CF299422D2}.Release|x86.Build.0 = Release|Any CPU
		{67756E6F-4DF0-45EC-8786-C8F1F7477E17}.Debug|Any CPU.ActiveCfg = Debug|Any CPU
		{67756E6F-4DF0-45EC-8786-C8F1F7477E17}.Debug|Any CPU.Build.0 = Debug|Any CPU
		{67756E6F-4DF0-45EC-8786-C8F1F7477E17}.Debug|x64.ActiveCfg = Debug|Any CPU
		{67756E6F-4DF0-45EC-8786-C8F1F7477E17}.Debug|x64.Build.0 = Debug|Any CPU
		{67756E6F-4DF0-45EC-8786-C8F1F7477E17}.Debug|x86.ActiveCfg = Debug|Any CPU
		{67756E6F-4DF0-45EC-8786-C8F1F7477E17}.Debug|x86.Build.0 = Debug|Any CPU
		{67756E6F-4DF0-45EC-8786-C8F1F7477E17}.Release|Any CPU.ActiveCfg = Release|Any CPU
		{67756E6F-4DF0-45EC-8786-C8F1F7477E17}.Release|Any CPU.Build.0 = Release|Any CPU
		{67756E6F-4DF0-45EC-8786-C8F1F7477E17}.Release|x64.ActiveCfg = Release|Any CPU
		{67756E6F-4DF0-45EC-8786-C8F1F7477E17}.Release|x64.Build.0 = Release|Any CPU
		{67756E6F-4DF0-45EC-8786-C8F1F7477E17}.Release|x86.ActiveCfg = Release|Any CPU
		{67756E6F-4DF0-45EC-8786-C8F1F7477E17}.Release|x86.Build.0 = Release|Any CPU
		{848C92D6-3FDE-44B2-A869-BB0750E07FCD}.Debug|Any CPU.ActiveCfg = Debug|Any CPU
		{848C92D6-3FDE-44B2-A869-BB0750E07FCD}.Debug|Any CPU.Build.0 = Debug|Any CPU
		{848C92D6-3FDE-44B2-A869-BB0750E07FCD}.Debug|x64.ActiveCfg = Debug|Any CPU
		{848C92D6-3FDE-44B2-A869-BB0750E07FCD}.Debug|x64.Build.0 = Debug|Any CPU
		{848C92D6-3FDE-44B2-A869-BB0750E07FCD}.Debug|x86.ActiveCfg = Debug|Any CPU
		{848C92D6-3FDE-44B2-A869-BB0750E07FCD}.Debug|x86.Build.0 = Debug|Any CPU
		{848C92D6-3FDE-44B2-A869-BB0750E07FCD}.Release|Any CPU.ActiveCfg = Release|Any CPU
		{848C92D6-3FDE-44B2-A869-BB0750E07FCD}.Release|Any CPU.Build.0 = Release|Any CPU
		{848C92D6-3FDE-44B2-A869-BB0750E07FCD}.Release|x64.ActiveCfg = Release|Any CPU
		{848C92D6-3FDE-44B2-A869-BB0750E07FCD}.Release|x64.Build.0 = Release|Any CPU
		{848C92D6-3FDE-44B2-A869-BB0750E07FCD}.Release|x86.ActiveCfg = Release|Any CPU
		{848C92D6-3FDE-44B2-A869-BB0750E07FCD}.Release|x86.Build.0 = Release|Any CPU
		{A90FCC20-693C-4193-869C-678BE08591EC}.Debug|Any CPU.ActiveCfg = Debug|Any CPU
		{A90FCC20-693C-4193-869C-678BE08591EC}.Debug|Any CPU.Build.0 = Debug|Any CPU
		{A90FCC20-693C-4193-869C-678BE08591EC}.Debug|x64.ActiveCfg = Debug|Any CPU
		{A90FCC20-693C-4193-869C-678BE08591EC}.Debug|x64.Build.0 = Debug|Any CPU
		{A90FCC20-693C-4193-869C-678BE08591EC}.Debug|x86.ActiveCfg = Debug|Any CPU
		{A90FCC20-693C-4193-869C-678BE08591EC}.Debug|x86.Build.0 = Debug|Any CPU
		{A90FCC20-693C-4193-869C-678BE08591EC}.Release|Any CPU.ActiveCfg = Release|Any CPU
		{A90FCC20-693C-4193-869C-678BE08591EC}.Release|Any CPU.Build.0 = Release|Any CPU
		{A90FCC20-693C-4193-869C-678BE08591EC}.Release|x64.ActiveCfg = Release|Any CPU
		{A90FCC20-693C-4193-869C-678BE08591EC}.Release|x64.Build.0 = Release|Any CPU
		{A90FCC20-693C-4193-869C-678BE08591EC}.Release|x86.ActiveCfg = Release|Any CPU
		{A90FCC20-693C-4193-869C-678BE08591EC}.Release|x86.Build.0 = Release|Any CPU
		{591E464C-5831-467B-B829-EEE4609CFCF5}.Debug|Any CPU.ActiveCfg = Debug|Any CPU
		{591E464C-5831-467B-B829-EEE4609CFCF5}.Debug|Any CPU.Build.0 = Debug|Any CPU
		{591E464C-5831-467B-B829-EEE4609CFCF5}.Debug|x64.ActiveCfg = Debug|Any CPU
		{591E464C-5831-467B-B829-EEE4609CFCF5}.Debug|x64.Build.0 = Debug|Any CPU
		{591E464C-5831-467B-B829-EEE4609CFCF5}.Debug|x86.ActiveCfg = Debug|Any CPU
		{591E464C-5831-467B-B829-EEE4609CFCF5}.Debug|x86.Build.0 = Debug|Any CPU
		{591E464C-5831-467B-B829-EEE4609CFCF5}.Release|Any CPU.ActiveCfg = Release|Any CPU
		{591E464C-5831-467B-B829-EEE4609CFCF5}.Release|Any CPU.Build.0 = Release|Any CPU
		{591E464C-5831-467B-B829-EEE4609CFCF5}.Release|x64.ActiveCfg = Release|Any CPU
		{591E464C-5831-467B-B829-EEE4609CFCF5}.Release|x64.Build.0 = Release|Any CPU
		{591E464C-5831-467B-B829-EEE4609CFCF5}.Release|x86.ActiveCfg = Release|Any CPU
		{591E464C-5831-467B-B829-EEE4609CFCF5}.Release|x86.Build.0 = Release|Any CPU
		{DEF1BFC9-D7C8-450B-9D74-AD957B48656A}.Debug|Any CPU.ActiveCfg = Debug|Any CPU
		{DEF1BFC9-D7C8-450B-9D74-AD957B48656A}.Debug|Any CPU.Build.0 = Debug|Any CPU
		{DEF1BFC9-D7C8-450B-9D74-AD957B48656A}.Debug|x64.ActiveCfg = Debug|Any CPU
		{DEF1BFC9-D7C8-450B-9D74-AD957B48656A}.Debug|x64.Build.0 = Debug|Any CPU
		{DEF1BFC9-D7C8-450B-9D74-AD957B48656A}.Debug|x86.ActiveCfg = Debug|Any CPU
		{DEF1BFC9-D7C8-450B-9D74-AD957B48656A}.Debug|x86.Build.0 = Debug|Any CPU
		{DEF1BFC9-D7C8-450B-9D74-AD957B48656A}.Release|Any CPU.ActiveCfg = Release|Any CPU
		{DEF1BFC9-D7C8-450B-9D74-AD957B48656A}.Release|Any CPU.Build.0 = Release|Any CPU
		{DEF1BFC9-D7C8-450B-9D74-AD957B48656A}.Release|x64.ActiveCfg = Release|Any CPU
		{DEF1BFC9-D7C8-450B-9D74-AD957B48656A}.Release|x64.Build.0 = Release|Any CPU
		{DEF1BFC9-D7C8-450B-9D74-AD957B48656A}.Release|x86.ActiveCfg = Release|Any CPU
		{DEF1BFC9-D7C8-450B-9D74-AD957B48656A}.Release|x86.Build.0 = Release|Any CPU
		{A6855409-51BA-4FA0-8691-FD023EE79EFF}.Debug|Any CPU.ActiveCfg = Debug|Any CPU
		{A6855409-51BA-4FA0-8691-FD023EE79EFF}.Debug|Any CPU.Build.0 = Debug|Any CPU
		{A6855409-51BA-4FA0-8691-FD023EE79EFF}.Debug|x64.ActiveCfg = Debug|Any CPU
		{A6855409-51BA-4FA0-8691-FD023EE79EFF}.Debug|x64.Build.0 = Debug|Any CPU
		{A6855409-51BA-4FA0-8691-FD023EE79EFF}.Debug|x86.ActiveCfg = Debug|Any CPU
		{A6855409-51BA-4FA0-8691-FD023EE79EFF}.Debug|x86.Build.0 = Debug|Any CPU
		{A6855409-51BA-4FA0-8691-FD023EE79EFF}.Release|Any CPU.ActiveCfg = Release|Any CPU
		{A6855409-51BA-4FA0-8691-FD023EE79EFF}.Release|Any CPU.Build.0 = Release|Any CPU
		{A6855409-51BA-4FA0-8691-FD023EE79EFF}.Release|x64.ActiveCfg = Release|Any CPU
		{A6855409-51BA-4FA0-8691-FD023EE79EFF}.Release|x64.Build.0 = Release|Any CPU
		{A6855409-51BA-4FA0-8691-FD023EE79EFF}.Release|x86.ActiveCfg = Release|Any CPU
		{A6855409-51BA-4FA0-8691-FD023EE79EFF}.Release|x86.Build.0 = Release|Any CPU
		{72562241-CB11-49B3-B7C1-75B56E5E563B}.Debug|Any CPU.ActiveCfg = Debug|Any CPU
		{72562241-CB11-49B3-B7C1-75B56E5E563B}.Debug|Any CPU.Build.0 = Debug|Any CPU
		{72562241-CB11-49B3-B7C1-75B56E5E563B}.Debug|x64.ActiveCfg = Debug|Any CPU
		{72562241-CB11-49B3-B7C1-75B56E5E563B}.Debug|x64.Build.0 = Debug|Any CPU
		{72562241-CB11-49B3-B7C1-75B56E5E563B}.Debug|x86.ActiveCfg = Debug|Any CPU
		{72562241-CB11-49B3-B7C1-75B56E5E563B}.Debug|x86.Build.0 = Debug|Any CPU
		{72562241-CB11-49B3-B7C1-75B56E5E563B}.Release|Any CPU.ActiveCfg = Release|Any CPU
		{72562241-CB11-49B3-B7C1-75B56E5E563B}.Release|Any CPU.Build.0 = Release|Any CPU
		{72562241-CB11-49B3-B7C1-75B56E5E563B}.Release|x64.ActiveCfg = Release|Any CPU
		{72562241-CB11-49B3-B7C1-75B56E5E563B}.Release|x64.Build.0 = Release|Any CPU
		{72562241-CB11-49B3-B7C1-75B56E5E563B}.Release|x86.ActiveCfg = Release|Any CPU
		{72562241-CB11-49B3-B7C1-75B56E5E563B}.Release|x86.Build.0 = Release|Any CPU
		{941E0A94-E8B6-4AC5-B98A-D94FD6C0DD54}.Debug|Any CPU.ActiveCfg = Debug|Any CPU
		{941E0A94-E8B6-4AC5-B98A-D94FD6C0DD54}.Debug|Any CPU.Build.0 = Debug|Any CPU
		{941E0A94-E8B6-4AC5-B98A-D94FD6C0DD54}.Debug|x64.ActiveCfg = Debug|Any CPU
		{941E0A94-E8B6-4AC5-B98A-D94FD6C0DD54}.Debug|x64.Build.0 = Debug|Any CPU
		{941E0A94-E8B6-4AC5-B98A-D94FD6C0DD54}.Debug|x86.ActiveCfg = Debug|Any CPU
		{941E0A94-E8B6-4AC5-B98A-D94FD6C0DD54}.Debug|x86.Build.0 = Debug|Any CPU
		{941E0A94-E8B6-4AC5-B98A-D94FD6C0DD54}.Release|Any CPU.ActiveCfg = Release|Any CPU
		{941E0A94-E8B6-4AC5-B98A-D94FD6C0DD54}.Release|Any CPU.Build.0 = Release|Any CPU
		{941E0A94-E8B6-4AC5-B98A-D94FD6C0DD54}.Release|x64.ActiveCfg = Release|Any CPU
		{941E0A94-E8B6-4AC5-B98A-D94FD6C0DD54}.Release|x64.Build.0 = Release|Any CPU
		{941E0A94-E8B6-4AC5-B98A-D94FD6C0DD54}.Release|x86.ActiveCfg = Release|Any CPU
		{941E0A94-E8B6-4AC5-B98A-D94FD6C0DD54}.Release|x86.Build.0 = Release|Any CPU
		{EDE92743-B5FD-47CF-A5E6-713FBF9D03CB}.Debug|Any CPU.ActiveCfg = Debug|Any CPU
		{EDE92743-B5FD-47CF-A5E6-713FBF9D03CB}.Debug|Any CPU.Build.0 = Debug|Any CPU
		{EDE92743-B5FD-47CF-A5E6-713FBF9D03CB}.Debug|x64.ActiveCfg = Debug|Any CPU
		{EDE92743-B5FD-47CF-A5E6-713FBF9D03CB}.Debug|x64.Build.0 = Debug|Any CPU
		{EDE92743-B5FD-47CF-A5E6-713FBF9D03CB}.Debug|x86.ActiveCfg = Debug|Any CPU
		{EDE92743-B5FD-47CF-A5E6-713FBF9D03CB}.Debug|x86.Build.0 = Debug|Any CPU
		{EDE92743-B5FD-47CF-A5E6-713FBF9D03CB}.Release|Any CPU.ActiveCfg = Release|Any CPU
		{EDE92743-B5FD-47CF-A5E6-713FBF9D03CB}.Release|Any CPU.Build.0 = Release|Any CPU
		{EDE92743-B5FD-47CF-A5E6-713FBF9D03CB}.Release|x64.ActiveCfg = Release|Any CPU
		{EDE92743-B5FD-47CF-A5E6-713FBF9D03CB}.Release|x64.Build.0 = Release|Any CPU
		{EDE92743-B5FD-47CF-A5E6-713FBF9D03CB}.Release|x86.ActiveCfg = Release|Any CPU
		{EDE92743-B5FD-47CF-A5E6-713FBF9D03CB}.Release|x86.Build.0 = Release|Any CPU
		{6CEEAA1E-BE00-418D-908F-1CFB352173EA}.Debug|Any CPU.ActiveCfg = Debug|Any CPU
		{6CEEAA1E-BE00-418D-908F-1CFB352173EA}.Debug|Any CPU.Build.0 = Debug|Any CPU
		{6CEEAA1E-BE00-418D-908F-1CFB352173EA}.Debug|x64.ActiveCfg = Debug|Any CPU
		{6CEEAA1E-BE00-418D-908F-1CFB352173EA}.Debug|x64.Build.0 = Debug|Any CPU
		{6CEEAA1E-BE00-418D-908F-1CFB352173EA}.Debug|x86.ActiveCfg = Debug|Any CPU
		{6CEEAA1E-BE00-418D-908F-1CFB352173EA}.Debug|x86.Build.0 = Debug|Any CPU
		{6CEEAA1E-BE00-418D-908F-1CFB352173EA}.Release|Any CPU.ActiveCfg = Release|Any CPU
		{6CEEAA1E-BE00-418D-908F-1CFB352173EA}.Release|Any CPU.Build.0 = Release|Any CPU
		{6CEEAA1E-BE00-418D-908F-1CFB352173EA}.Release|x64.ActiveCfg = Release|Any CPU
		{6CEEAA1E-BE00-418D-908F-1CFB352173EA}.Release|x64.Build.0 = Release|Any CPU
		{6CEEAA1E-BE00-418D-908F-1CFB352173EA}.Release|x86.ActiveCfg = Release|Any CPU
		{6CEEAA1E-BE00-418D-908F-1CFB352173EA}.Release|x86.Build.0 = Release|Any CPU
		{6905B539-210B-4AE9-BC67-48BCE301AE7F}.Debug|Any CPU.ActiveCfg = Debug|Any CPU
		{6905B539-210B-4AE9-BC67-48BCE301AE7F}.Debug|Any CPU.Build.0 = Debug|Any CPU
		{6905B539-210B-4AE9-BC67-48BCE301AE7F}.Debug|x64.ActiveCfg = Debug|Any CPU
		{6905B539-210B-4AE9-BC67-48BCE301AE7F}.Debug|x64.Build.0 = Debug|Any CPU
		{6905B539-210B-4AE9-BC67-48BCE301AE7F}.Debug|x86.ActiveCfg = Debug|Any CPU
		{6905B539-210B-4AE9-BC67-48BCE301AE7F}.Debug|x86.Build.0 = Debug|Any CPU
		{6905B539-210B-4AE9-BC67-48BCE301AE7F}.Release|Any CPU.ActiveCfg = Release|Any CPU
		{6905B539-210B-4AE9-BC67-48BCE301AE7F}.Release|Any CPU.Build.0 = Release|Any CPU
		{6905B539-210B-4AE9-BC67-48BCE301AE7F}.Release|x64.ActiveCfg = Release|Any CPU
		{6905B539-210B-4AE9-BC67-48BCE301AE7F}.Release|x64.Build.0 = Release|Any CPU
		{6905B539-210B-4AE9-BC67-48BCE301AE7F}.Release|x86.ActiveCfg = Release|Any CPU
		{6905B539-210B-4AE9-BC67-48BCE301AE7F}.Release|x86.Build.0 = Release|Any CPU
		{D4173C46-D392-4287-A388-06A4F48952F5}.Debug|Any CPU.ActiveCfg = Debug|Any CPU
		{D4173C46-D392-4287-A388-06A4F48952F5}.Debug|Any CPU.Build.0 = Debug|Any CPU
		{D4173C46-D392-4287-A388-06A4F48952F5}.Debug|x64.ActiveCfg = Debug|Any CPU
		{D4173C46-D392-4287-A388-06A4F48952F5}.Debug|x64.Build.0 = Debug|Any CPU
		{D4173C46-D392-4287-A388-06A4F48952F5}.Debug|x86.ActiveCfg = Debug|Any CPU
		{D4173C46-D392-4287-A388-06A4F48952F5}.Debug|x86.Build.0 = Debug|Any CPU
		{D4173C46-D392-4287-A388-06A4F48952F5}.Release|Any CPU.ActiveCfg = Release|Any CPU
		{D4173C46-D392-4287-A388-06A4F48952F5}.Release|Any CPU.Build.0 = Release|Any CPU
		{D4173C46-D392-4287-A388-06A4F48952F5}.Release|x64.ActiveCfg = Release|Any CPU
		{D4173C46-D392-4287-A388-06A4F48952F5}.Release|x64.Build.0 = Release|Any CPU
		{D4173C46-D392-4287-A388-06A4F48952F5}.Release|x86.ActiveCfg = Release|Any CPU
		{D4173C46-D392-4287-A388-06A4F48952F5}.Release|x86.Build.0 = Release|Any CPU
		{F76ECABC-EB72-4BC0-89F9-A4D7251AD1CB}.Debug|Any CPU.ActiveCfg = Debug|Any CPU
		{F76ECABC-EB72-4BC0-89F9-A4D7251AD1CB}.Debug|Any CPU.Build.0 = Debug|Any CPU
		{F76ECABC-EB72-4BC0-89F9-A4D7251AD1CB}.Debug|x64.ActiveCfg = Debug|Any CPU
		{F76ECABC-EB72-4BC0-89F9-A4D7251AD1CB}.Debug|x64.Build.0 = Debug|Any CPU
		{F76ECABC-EB72-4BC0-89F9-A4D7251AD1CB}.Debug|x86.ActiveCfg = Debug|Any CPU
		{F76ECABC-EB72-4BC0-89F9-A4D7251AD1CB}.Debug|x86.Build.0 = Debug|Any CPU
		{F76ECABC-EB72-4BC0-89F9-A4D7251AD1CB}.Release|Any CPU.ActiveCfg = Release|Any CPU
		{F76ECABC-EB72-4BC0-89F9-A4D7251AD1CB}.Release|Any CPU.Build.0 = Release|Any CPU
		{F76ECABC-EB72-4BC0-89F9-A4D7251AD1CB}.Release|x64.ActiveCfg = Release|Any CPU
		{F76ECABC-EB72-4BC0-89F9-A4D7251AD1CB}.Release|x64.Build.0 = Release|Any CPU
		{F76ECABC-EB72-4BC0-89F9-A4D7251AD1CB}.Release|x86.ActiveCfg = Release|Any CPU
		{F76ECABC-EB72-4BC0-89F9-A4D7251AD1CB}.Release|x86.Build.0 = Release|Any CPU
		{0F941BB9-03A2-42E2-A393-3AB5A472BF97}.Debug|Any CPU.ActiveCfg = Debug|Any CPU
		{0F941BB9-03A2-42E2-A393-3AB5A472BF97}.Debug|Any CPU.Build.0 = Debug|Any CPU
		{0F941BB9-03A2-42E2-A393-3AB5A472BF97}.Debug|x64.ActiveCfg = Debug|Any CPU
		{0F941BB9-03A2-42E2-A393-3AB5A472BF97}.Debug|x64.Build.0 = Debug|Any CPU
		{0F941BB9-03A2-42E2-A393-3AB5A472BF97}.Debug|x86.ActiveCfg = Debug|Any CPU
		{0F941BB9-03A2-42E2-A393-3AB5A472BF97}.Debug|x86.Build.0 = Debug|Any CPU
		{0F941BB9-03A2-42E2-A393-3AB5A472BF97}.Release|Any CPU.ActiveCfg = Release|Any CPU
		{0F941BB9-03A2-42E2-A393-3AB5A472BF97}.Release|Any CPU.Build.0 = Release|Any CPU
		{0F941BB9-03A2-42E2-A393-3AB5A472BF97}.Release|x64.ActiveCfg = Release|Any CPU
		{0F941BB9-03A2-42E2-A393-3AB5A472BF97}.Release|x64.Build.0 = Release|Any CPU
		{0F941BB9-03A2-42E2-A393-3AB5A472BF97}.Release|x86.ActiveCfg = Release|Any CPU
		{0F941BB9-03A2-42E2-A393-3AB5A472BF97}.Release|x86.Build.0 = Release|Any CPU
		{912EA5A2-CC56-4678-AA5E-653319452A93}.Debug|Any CPU.ActiveCfg = Debug|Any CPU
		{912EA5A2-CC56-4678-AA5E-653319452A93}.Debug|Any CPU.Build.0 = Debug|Any CPU
		{912EA5A2-CC56-4678-AA5E-653319452A93}.Debug|x64.ActiveCfg = Debug|Any CPU
		{912EA5A2-CC56-4678-AA5E-653319452A93}.Debug|x64.Build.0 = Debug|Any CPU
		{912EA5A2-CC56-4678-AA5E-653319452A93}.Debug|x86.ActiveCfg = Debug|Any CPU
		{912EA5A2-CC56-4678-AA5E-653319452A93}.Debug|x86.Build.0 = Debug|Any CPU
		{912EA5A2-CC56-4678-AA5E-653319452A93}.Release|Any CPU.ActiveCfg = Release|Any CPU
		{912EA5A2-CC56-4678-AA5E-653319452A93}.Release|Any CPU.Build.0 = Release|Any CPU
		{912EA5A2-CC56-4678-AA5E-653319452A93}.Release|x64.ActiveCfg = Release|Any CPU
		{912EA5A2-CC56-4678-AA5E-653319452A93}.Release|x64.Build.0 = Release|Any CPU
		{912EA5A2-CC56-4678-AA5E-653319452A93}.Release|x86.ActiveCfg = Release|Any CPU
		{912EA5A2-CC56-4678-AA5E-653319452A93}.Release|x86.Build.0 = Release|Any CPU
		{3030C036-F2E7-4E3C-B60D-E1B4A194E98D}.Debug|Any CPU.ActiveCfg = Debug|Any CPU
		{3030C036-F2E7-4E3C-B60D-E1B4A194E98D}.Debug|Any CPU.Build.0 = Debug|Any CPU
		{3030C036-F2E7-4E3C-B60D-E1B4A194E98D}.Debug|x64.ActiveCfg = Debug|Any CPU
		{3030C036-F2E7-4E3C-B60D-E1B4A194E98D}.Debug|x64.Build.0 = Debug|Any CPU
		{3030C036-F2E7-4E3C-B60D-E1B4A194E98D}.Debug|x86.ActiveCfg = Debug|Any CPU
		{3030C036-F2E7-4E3C-B60D-E1B4A194E98D}.Debug|x86.Build.0 = Debug|Any CPU
		{3030C036-F2E7-4E3C-B60D-E1B4A194E98D}.Release|Any CPU.ActiveCfg = Release|Any CPU
		{3030C036-F2E7-4E3C-B60D-E1B4A194E98D}.Release|Any CPU.Build.0 = Release|Any CPU
		{3030C036-F2E7-4E3C-B60D-E1B4A194E98D}.Release|x64.ActiveCfg = Release|Any CPU
		{3030C036-F2E7-4E3C-B60D-E1B4A194E98D}.Release|x64.Build.0 = Release|Any CPU
		{3030C036-F2E7-4E3C-B60D-E1B4A194E98D}.Release|x86.ActiveCfg = Release|Any CPU
		{3030C036-F2E7-4E3C-B60D-E1B4A194E98D}.Release|x86.Build.0 = Release|Any CPU
		{C0945916-90F0-4A66-8E9B-DDD33663F324}.Debug|Any CPU.ActiveCfg = Debug|Any CPU
		{C0945916-90F0-4A66-8E9B-DDD33663F324}.Debug|Any CPU.Build.0 = Debug|Any CPU
		{C0945916-90F0-4A66-8E9B-DDD33663F324}.Debug|x64.ActiveCfg = Debug|Any CPU
		{C0945916-90F0-4A66-8E9B-DDD33663F324}.Debug|x64.Build.0 = Debug|Any CPU
		{C0945916-90F0-4A66-8E9B-DDD33663F324}.Debug|x86.ActiveCfg = Debug|Any CPU
		{C0945916-90F0-4A66-8E9B-DDD33663F324}.Debug|x86.Build.0 = Debug|Any CPU
		{C0945916-90F0-4A66-8E9B-DDD33663F324}.Release|Any CPU.ActiveCfg = Release|Any CPU
		{C0945916-90F0-4A66-8E9B-DDD33663F324}.Release|Any CPU.Build.0 = Release|Any CPU
		{C0945916-90F0-4A66-8E9B-DDD33663F324}.Release|x64.ActiveCfg = Release|Any CPU
		{C0945916-90F0-4A66-8E9B-DDD33663F324}.Release|x64.Build.0 = Release|Any CPU
		{C0945916-90F0-4A66-8E9B-DDD33663F324}.Release|x86.ActiveCfg = Release|Any CPU
		{C0945916-90F0-4A66-8E9B-DDD33663F324}.Release|x86.Build.0 = Release|Any CPU
		{21BBD834-2C3F-45B4-9580-92144CE165FB}.Debug|Any CPU.ActiveCfg = Debug|Any CPU
		{21BBD834-2C3F-45B4-9580-92144CE165FB}.Debug|Any CPU.Build.0 = Debug|Any CPU
		{21BBD834-2C3F-45B4-9580-92144CE165FB}.Debug|x64.ActiveCfg = Debug|Any CPU
		{21BBD834-2C3F-45B4-9580-92144CE165FB}.Debug|x64.Build.0 = Debug|Any CPU
		{21BBD834-2C3F-45B4-9580-92144CE165FB}.Debug|x86.ActiveCfg = Debug|Any CPU
		{21BBD834-2C3F-45B4-9580-92144CE165FB}.Debug|x86.Build.0 = Debug|Any CPU
		{21BBD834-2C3F-45B4-9580-92144CE165FB}.Release|Any CPU.ActiveCfg = Release|Any CPU
		{21BBD834-2C3F-45B4-9580-92144CE165FB}.Release|Any CPU.Build.0 = Release|Any CPU
		{21BBD834-2C3F-45B4-9580-92144CE165FB}.Release|x64.ActiveCfg = Release|Any CPU
		{21BBD834-2C3F-45B4-9580-92144CE165FB}.Release|x64.Build.0 = Release|Any CPU
		{21BBD834-2C3F-45B4-9580-92144CE165FB}.Release|x86.ActiveCfg = Release|Any CPU
		{21BBD834-2C3F-45B4-9580-92144CE165FB}.Release|x86.Build.0 = Release|Any CPU
		{F791214E-3C28-4797-A2B6-F6828BB3E882}.Debug|Any CPU.ActiveCfg = Debug|Any CPU
		{F791214E-3C28-4797-A2B6-F6828BB3E882}.Debug|Any CPU.Build.0 = Debug|Any CPU
		{F791214E-3C28-4797-A2B6-F6828BB3E882}.Debug|x64.ActiveCfg = Debug|Any CPU
		{F791214E-3C28-4797-A2B6-F6828BB3E882}.Debug|x64.Build.0 = Debug|Any CPU
		{F791214E-3C28-4797-A2B6-F6828BB3E882}.Debug|x86.ActiveCfg = Debug|Any CPU
		{F791214E-3C28-4797-A2B6-F6828BB3E882}.Debug|x86.Build.0 = Debug|Any CPU
		{F791214E-3C28-4797-A2B6-F6828BB3E882}.Release|Any CPU.ActiveCfg = Release|Any CPU
		{F791214E-3C28-4797-A2B6-F6828BB3E882}.Release|Any CPU.Build.0 = Release|Any CPU
		{F791214E-3C28-4797-A2B6-F6828BB3E882}.Release|x64.ActiveCfg = Release|Any CPU
		{F791214E-3C28-4797-A2B6-F6828BB3E882}.Release|x64.Build.0 = Release|Any CPU
		{F791214E-3C28-4797-A2B6-F6828BB3E882}.Release|x86.ActiveCfg = Release|Any CPU
		{F791214E-3C28-4797-A2B6-F6828BB3E882}.Release|x86.Build.0 = Release|Any CPU
		{A95A9FF7-1BE1-4E8D-9E7D-28DC0B7268A7}.Debug|Any CPU.ActiveCfg = Debug|Any CPU
		{A95A9FF7-1BE1-4E8D-9E7D-28DC0B7268A7}.Debug|Any CPU.Build.0 = Debug|Any CPU
		{A95A9FF7-1BE1-4E8D-9E7D-28DC0B7268A7}.Debug|x64.ActiveCfg = Debug|Any CPU
		{A95A9FF7-1BE1-4E8D-9E7D-28DC0B7268A7}.Debug|x64.Build.0 = Debug|Any CPU
		{A95A9FF7-1BE1-4E8D-9E7D-28DC0B7268A7}.Debug|x86.ActiveCfg = Debug|Any CPU
		{A95A9FF7-1BE1-4E8D-9E7D-28DC0B7268A7}.Debug|x86.Build.0 = Debug|Any CPU
		{A95A9FF7-1BE1-4E8D-9E7D-28DC0B7268A7}.Release|Any CPU.ActiveCfg = Release|Any CPU
		{A95A9FF7-1BE1-4E8D-9E7D-28DC0B7268A7}.Release|Any CPU.Build.0 = Release|Any CPU
		{A95A9FF7-1BE1-4E8D-9E7D-28DC0B7268A7}.Release|x64.ActiveCfg = Release|Any CPU
		{A95A9FF7-1BE1-4E8D-9E7D-28DC0B7268A7}.Release|x64.Build.0 = Release|Any CPU
		{A95A9FF7-1BE1-4E8D-9E7D-28DC0B7268A7}.Release|x86.ActiveCfg = Release|Any CPU
		{A95A9FF7-1BE1-4E8D-9E7D-28DC0B7268A7}.Release|x86.Build.0 = Release|Any CPU
		{7CD2D2AE-9C2F-4AC6-94BC-D4D422B2A37D}.Debug|Any CPU.ActiveCfg = Debug|Any CPU
		{7CD2D2AE-9C2F-4AC6-94BC-D4D422B2A37D}.Debug|Any CPU.Build.0 = Debug|Any CPU
		{7CD2D2AE-9C2F-4AC6-94BC-D4D422B2A37D}.Debug|x64.ActiveCfg = Debug|Any CPU
		{7CD2D2AE-9C2F-4AC6-94BC-D4D422B2A37D}.Debug|x64.Build.0 = Debug|Any CPU
		{7CD2D2AE-9C2F-4AC6-94BC-D4D422B2A37D}.Debug|x86.ActiveCfg = Debug|Any CPU
		{7CD2D2AE-9C2F-4AC6-94BC-D4D422B2A37D}.Debug|x86.Build.0 = Debug|Any CPU
		{7CD2D2AE-9C2F-4AC6-94BC-D4D422B2A37D}.Release|Any CPU.ActiveCfg = Release|Any CPU
		{7CD2D2AE-9C2F-4AC6-94BC-D4D422B2A37D}.Release|Any CPU.Build.0 = Release|Any CPU
		{7CD2D2AE-9C2F-4AC6-94BC-D4D422B2A37D}.Release|x64.ActiveCfg = Release|Any CPU
		{7CD2D2AE-9C2F-4AC6-94BC-D4D422B2A37D}.Release|x64.Build.0 = Release|Any CPU
		{7CD2D2AE-9C2F-4AC6-94BC-D4D422B2A37D}.Release|x86.ActiveCfg = Release|Any CPU
		{7CD2D2AE-9C2F-4AC6-94BC-D4D422B2A37D}.Release|x86.Build.0 = Release|Any CPU
		{75E35AAC-27EF-4B06-AE62-B3A6F91E6FC0}.Debug|Any CPU.ActiveCfg = Debug|Any CPU
		{75E35AAC-27EF-4B06-AE62-B3A6F91E6FC0}.Debug|Any CPU.Build.0 = Debug|Any CPU
		{75E35AAC-27EF-4B06-AE62-B3A6F91E6FC0}.Debug|x64.ActiveCfg = Debug|Any CPU
		{75E35AAC-27EF-4B06-AE62-B3A6F91E6FC0}.Debug|x64.Build.0 = Debug|Any CPU
		{75E35AAC-27EF-4B06-AE62-B3A6F91E6FC0}.Debug|x86.ActiveCfg = Debug|Any CPU
		{75E35AAC-27EF-4B06-AE62-B3A6F91E6FC0}.Debug|x86.Build.0 = Debug|Any CPU
		{75E35AAC-27EF-4B06-AE62-B3A6F91E6FC0}.Release|Any CPU.ActiveCfg = Release|Any CPU
		{75E35AAC-27EF-4B06-AE62-B3A6F91E6FC0}.Release|Any CPU.Build.0 = Release|Any CPU
		{75E35AAC-27EF-4B06-AE62-B3A6F91E6FC0}.Release|x64.ActiveCfg = Release|Any CPU
		{75E35AAC-27EF-4B06-AE62-B3A6F91E6FC0}.Release|x64.Build.0 = Release|Any CPU
		{75E35AAC-27EF-4B06-AE62-B3A6F91E6FC0}.Release|x86.ActiveCfg = Release|Any CPU
		{75E35AAC-27EF-4B06-AE62-B3A6F91E6FC0}.Release|x86.Build.0 = Release|Any CPU
		{26A1DC74-EBEB-48DD-B6C0-48ACC4D40D72}.Debug|Any CPU.ActiveCfg = Debug|Any CPU
		{26A1DC74-EBEB-48DD-B6C0-48ACC4D40D72}.Debug|Any CPU.Build.0 = Debug|Any CPU
		{26A1DC74-EBEB-48DD-B6C0-48ACC4D40D72}.Debug|x64.ActiveCfg = Debug|Any CPU
		{26A1DC74-EBEB-48DD-B6C0-48ACC4D40D72}.Debug|x64.Build.0 = Debug|Any CPU
		{26A1DC74-EBEB-48DD-B6C0-48ACC4D40D72}.Debug|x86.ActiveCfg = Debug|Any CPU
		{26A1DC74-EBEB-48DD-B6C0-48ACC4D40D72}.Debug|x86.Build.0 = Debug|Any CPU
		{26A1DC74-EBEB-48DD-B6C0-48ACC4D40D72}.Release|Any CPU.ActiveCfg = Release|Any CPU
		{26A1DC74-EBEB-48DD-B6C0-48ACC4D40D72}.Release|Any CPU.Build.0 = Release|Any CPU
		{26A1DC74-EBEB-48DD-B6C0-48ACC4D40D72}.Release|x64.ActiveCfg = Release|Any CPU
		{26A1DC74-EBEB-48DD-B6C0-48ACC4D40D72}.Release|x64.Build.0 = Release|Any CPU
		{26A1DC74-EBEB-48DD-B6C0-48ACC4D40D72}.Release|x86.ActiveCfg = Release|Any CPU
		{26A1DC74-EBEB-48DD-B6C0-48ACC4D40D72}.Release|x86.Build.0 = Release|Any CPU
		{CC7F8AB4-119F-474B-BD84-899696C6B3DF}.Debug|Any CPU.ActiveCfg = Debug|Any CPU
		{CC7F8AB4-119F-474B-BD84-899696C6B3DF}.Debug|Any CPU.Build.0 = Debug|Any CPU
		{CC7F8AB4-119F-474B-BD84-899696C6B3DF}.Debug|x64.ActiveCfg = Debug|Any CPU
		{CC7F8AB4-119F-474B-BD84-899696C6B3DF}.Debug|x64.Build.0 = Debug|Any CPU
		{CC7F8AB4-119F-474B-BD84-899696C6B3DF}.Debug|x86.ActiveCfg = Debug|Any CPU
		{CC7F8AB4-119F-474B-BD84-899696C6B3DF}.Debug|x86.Build.0 = Debug|Any CPU
		{CC7F8AB4-119F-474B-BD84-899696C6B3DF}.Release|Any CPU.ActiveCfg = Release|Any CPU
		{CC7F8AB4-119F-474B-BD84-899696C6B3DF}.Release|Any CPU.Build.0 = Release|Any CPU
		{CC7F8AB4-119F-474B-BD84-899696C6B3DF}.Release|x64.ActiveCfg = Release|Any CPU
		{CC7F8AB4-119F-474B-BD84-899696C6B3DF}.Release|x64.Build.0 = Release|Any CPU
		{CC7F8AB4-119F-474B-BD84-899696C6B3DF}.Release|x86.ActiveCfg = Release|Any CPU
		{CC7F8AB4-119F-474B-BD84-899696C6B3DF}.Release|x86.Build.0 = Release|Any CPU
		{C90EE322-89CC-42AE-B0E1-D33C5AED9A49}.Debug|Any CPU.ActiveCfg = Debug|Any CPU
		{C90EE322-89CC-42AE-B0E1-D33C5AED9A49}.Debug|Any CPU.Build.0 = Debug|Any CPU
		{C90EE322-89CC-42AE-B0E1-D33C5AED9A49}.Debug|x64.ActiveCfg = Debug|Any CPU
		{C90EE322-89CC-42AE-B0E1-D33C5AED9A49}.Debug|x64.Build.0 = Debug|Any CPU
		{C90EE322-89CC-42AE-B0E1-D33C5AED9A49}.Debug|x86.ActiveCfg = Debug|Any CPU
		{C90EE322-89CC-42AE-B0E1-D33C5AED9A49}.Debug|x86.Build.0 = Debug|Any CPU
		{C90EE322-89CC-42AE-B0E1-D33C5AED9A49}.Release|Any CPU.ActiveCfg = Release|Any CPU
		{C90EE322-89CC-42AE-B0E1-D33C5AED9A49}.Release|Any CPU.Build.0 = Release|Any CPU
		{C90EE322-89CC-42AE-B0E1-D33C5AED9A49}.Release|x64.ActiveCfg = Release|Any CPU
		{C90EE322-89CC-42AE-B0E1-D33C5AED9A49}.Release|x64.Build.0 = Release|Any CPU
		{C90EE322-89CC-42AE-B0E1-D33C5AED9A49}.Release|x86.ActiveCfg = Release|Any CPU
		{C90EE322-89CC-42AE-B0E1-D33C5AED9A49}.Release|x86.Build.0 = Release|Any CPU
		{638D4CBF-F0B1-46FE-8398-781A79037ADA}.Debug|Any CPU.ActiveCfg = Debug|Any CPU
		{638D4CBF-F0B1-46FE-8398-781A79037ADA}.Debug|Any CPU.Build.0 = Debug|Any CPU
		{638D4CBF-F0B1-46FE-8398-781A79037ADA}.Debug|x64.ActiveCfg = Debug|Any CPU
		{638D4CBF-F0B1-46FE-8398-781A79037ADA}.Debug|x64.Build.0 = Debug|Any CPU
		{638D4CBF-F0B1-46FE-8398-781A79037ADA}.Debug|x86.ActiveCfg = Debug|Any CPU
		{638D4CBF-F0B1-46FE-8398-781A79037ADA}.Debug|x86.Build.0 = Debug|Any CPU
		{638D4CBF-F0B1-46FE-8398-781A79037ADA}.Release|Any CPU.ActiveCfg = Release|Any CPU
		{638D4CBF-F0B1-46FE-8398-781A79037ADA}.Release|Any CPU.Build.0 = Release|Any CPU
		{638D4CBF-F0B1-46FE-8398-781A79037ADA}.Release|x64.ActiveCfg = Release|Any CPU
		{638D4CBF-F0B1-46FE-8398-781A79037ADA}.Release|x64.Build.0 = Release|Any CPU
		{638D4CBF-F0B1-46FE-8398-781A79037ADA}.Release|x86.ActiveCfg = Release|Any CPU
		{638D4CBF-F0B1-46FE-8398-781A79037ADA}.Release|x86.Build.0 = Release|Any CPU
		{C441D035-8079-4345-B349-53D1D4F537A8}.Debug|Any CPU.ActiveCfg = Debug|Any CPU
		{C441D035-8079-4345-B349-53D1D4F537A8}.Debug|Any CPU.Build.0 = Debug|Any CPU
		{C441D035-8079-4345-B349-53D1D4F537A8}.Debug|x64.ActiveCfg = Debug|Any CPU
		{C441D035-8079-4345-B349-53D1D4F537A8}.Debug|x64.Build.0 = Debug|Any CPU
		{C441D035-8079-4345-B349-53D1D4F537A8}.Debug|x86.ActiveCfg = Debug|Any CPU
		{C441D035-8079-4345-B349-53D1D4F537A8}.Debug|x86.Build.0 = Debug|Any CPU
		{C441D035-8079-4345-B349-53D1D4F537A8}.Release|Any CPU.ActiveCfg = Release|Any CPU
		{C441D035-8079-4345-B349-53D1D4F537A8}.Release|Any CPU.Build.0 = Release|Any CPU
		{C441D035-8079-4345-B349-53D1D4F537A8}.Release|x64.ActiveCfg = Release|Any CPU
		{C441D035-8079-4345-B349-53D1D4F537A8}.Release|x64.Build.0 = Release|Any CPU
		{C441D035-8079-4345-B349-53D1D4F537A8}.Release|x86.ActiveCfg = Release|Any CPU
		{C441D035-8079-4345-B349-53D1D4F537A8}.Release|x86.Build.0 = Release|Any CPU
		{0D8618F8-0480-4328-96D5-CCEBFA4E5BDF}.Debug|Any CPU.ActiveCfg = Debug|Any CPU
		{0D8618F8-0480-4328-96D5-CCEBFA4E5BDF}.Debug|Any CPU.Build.0 = Debug|Any CPU
		{0D8618F8-0480-4328-96D5-CCEBFA4E5BDF}.Debug|x64.ActiveCfg = Debug|Any CPU
		{0D8618F8-0480-4328-96D5-CCEBFA4E5BDF}.Debug|x64.Build.0 = Debug|Any CPU
		{0D8618F8-0480-4328-96D5-CCEBFA4E5BDF}.Debug|x86.ActiveCfg = Debug|Any CPU
		{0D8618F8-0480-4328-96D5-CCEBFA4E5BDF}.Debug|x86.Build.0 = Debug|Any CPU
		{0D8618F8-0480-4328-96D5-CCEBFA4E5BDF}.Release|Any CPU.ActiveCfg = Release|Any CPU
		{0D8618F8-0480-4328-96D5-CCEBFA4E5BDF}.Release|Any CPU.Build.0 = Release|Any CPU
		{0D8618F8-0480-4328-96D5-CCEBFA4E5BDF}.Release|x64.ActiveCfg = Release|Any CPU
		{0D8618F8-0480-4328-96D5-CCEBFA4E5BDF}.Release|x64.Build.0 = Release|Any CPU
		{0D8618F8-0480-4328-96D5-CCEBFA4E5BDF}.Release|x86.ActiveCfg = Release|Any CPU
		{0D8618F8-0480-4328-96D5-CCEBFA4E5BDF}.Release|x86.Build.0 = Release|Any CPU
		{376737CD-EAE8-4EBF-93A0-C6A2DB5FB7A2}.Debug|Any CPU.ActiveCfg = Debug|Any CPU
		{376737CD-EAE8-4EBF-93A0-C6A2DB5FB7A2}.Debug|Any CPU.Build.0 = Debug|Any CPU
		{376737CD-EAE8-4EBF-93A0-C6A2DB5FB7A2}.Debug|x64.ActiveCfg = Debug|Any CPU
		{376737CD-EAE8-4EBF-93A0-C6A2DB5FB7A2}.Debug|x64.Build.0 = Debug|Any CPU
		{376737CD-EAE8-4EBF-93A0-C6A2DB5FB7A2}.Debug|x86.ActiveCfg = Debug|Any CPU
		{376737CD-EAE8-4EBF-93A0-C6A2DB5FB7A2}.Debug|x86.Build.0 = Debug|Any CPU
		{376737CD-EAE8-4EBF-93A0-C6A2DB5FB7A2}.Release|Any CPU.ActiveCfg = Release|Any CPU
		{376737CD-EAE8-4EBF-93A0-C6A2DB5FB7A2}.Release|Any CPU.Build.0 = Release|Any CPU
		{376737CD-EAE8-4EBF-93A0-C6A2DB5FB7A2}.Release|x64.ActiveCfg = Release|Any CPU
		{376737CD-EAE8-4EBF-93A0-C6A2DB5FB7A2}.Release|x64.Build.0 = Release|Any CPU
		{376737CD-EAE8-4EBF-93A0-C6A2DB5FB7A2}.Release|x86.ActiveCfg = Release|Any CPU
		{376737CD-EAE8-4EBF-93A0-C6A2DB5FB7A2}.Release|x86.Build.0 = Release|Any CPU
		{E3C252A1-A7F1-426C-A3EC-06E2897D0625}.Debug|Any CPU.ActiveCfg = Debug|Any CPU
		{E3C252A1-A7F1-426C-A3EC-06E2897D0625}.Debug|Any CPU.Build.0 = Debug|Any CPU
		{E3C252A1-A7F1-426C-A3EC-06E2897D0625}.Debug|x64.ActiveCfg = Debug|Any CPU
		{E3C252A1-A7F1-426C-A3EC-06E2897D0625}.Debug|x64.Build.0 = Debug|Any CPU
		{E3C252A1-A7F1-426C-A3EC-06E2897D0625}.Debug|x86.ActiveCfg = Debug|Any CPU
		{E3C252A1-A7F1-426C-A3EC-06E2897D0625}.Debug|x86.Build.0 = Debug|Any CPU
		{E3C252A1-A7F1-426C-A3EC-06E2897D0625}.Release|Any CPU.ActiveCfg = Release|Any CPU
		{E3C252A1-A7F1-426C-A3EC-06E2897D0625}.Release|Any CPU.Build.0 = Release|Any CPU
		{E3C252A1-A7F1-426C-A3EC-06E2897D0625}.Release|x64.ActiveCfg = Release|Any CPU
		{E3C252A1-A7F1-426C-A3EC-06E2897D0625}.Release|x64.Build.0 = Release|Any CPU
		{E3C252A1-A7F1-426C-A3EC-06E2897D0625}.Release|x86.ActiveCfg = Release|Any CPU
		{E3C252A1-A7F1-426C-A3EC-06E2897D0625}.Release|x86.Build.0 = Release|Any CPU
		{D924B142-C833-4480-B677-4A090FC96398}.Debug|Any CPU.ActiveCfg = Debug|Any CPU
		{D924B142-C833-4480-B677-4A090FC96398}.Debug|Any CPU.Build.0 = Debug|Any CPU
		{D924B142-C833-4480-B677-4A090FC96398}.Debug|x64.ActiveCfg = Debug|Any CPU
		{D924B142-C833-4480-B677-4A090FC96398}.Debug|x64.Build.0 = Debug|Any CPU
		{D924B142-C833-4480-B677-4A090FC96398}.Debug|x86.ActiveCfg = Debug|Any CPU
		{D924B142-C833-4480-B677-4A090FC96398}.Debug|x86.Build.0 = Debug|Any CPU
		{D924B142-C833-4480-B677-4A090FC96398}.Release|Any CPU.ActiveCfg = Release|Any CPU
		{D924B142-C833-4480-B677-4A090FC96398}.Release|Any CPU.Build.0 = Release|Any CPU
		{D924B142-C833-4480-B677-4A090FC96398}.Release|x64.ActiveCfg = Release|Any CPU
		{D924B142-C833-4480-B677-4A090FC96398}.Release|x64.Build.0 = Release|Any CPU
		{D924B142-C833-4480-B677-4A090FC96398}.Release|x86.ActiveCfg = Release|Any CPU
		{D924B142-C833-4480-B677-4A090FC96398}.Release|x86.Build.0 = Release|Any CPU
		{4D338026-3FA0-40E8-8AF2-C040920F6BE6}.Debug|Any CPU.ActiveCfg = Debug|Any CPU
		{4D338026-3FA0-40E8-8AF2-C040920F6BE6}.Debug|Any CPU.Build.0 = Debug|Any CPU
		{4D338026-3FA0-40E8-8AF2-C040920F6BE6}.Debug|x64.ActiveCfg = Debug|Any CPU
		{4D338026-3FA0-40E8-8AF2-C040920F6BE6}.Debug|x64.Build.0 = Debug|Any CPU
		{4D338026-3FA0-40E8-8AF2-C040920F6BE6}.Debug|x86.ActiveCfg = Debug|Any CPU
		{4D338026-3FA0-40E8-8AF2-C040920F6BE6}.Debug|x86.Build.0 = Debug|Any CPU
		{4D338026-3FA0-40E8-8AF2-C040920F6BE6}.Release|Any CPU.ActiveCfg = Release|Any CPU
		{4D338026-3FA0-40E8-8AF2-C040920F6BE6}.Release|Any CPU.Build.0 = Release|Any CPU
		{4D338026-3FA0-40E8-8AF2-C040920F6BE6}.Release|x64.ActiveCfg = Release|Any CPU
		{4D338026-3FA0-40E8-8AF2-C040920F6BE6}.Release|x64.Build.0 = Release|Any CPU
		{4D338026-3FA0-40E8-8AF2-C040920F6BE6}.Release|x86.ActiveCfg = Release|Any CPU
		{4D338026-3FA0-40E8-8AF2-C040920F6BE6}.Release|x86.Build.0 = Release|Any CPU
		{229201F5-3D0C-47D3-AC71-09F1F9DAD0A9}.Debug|Any CPU.ActiveCfg = Debug|Any CPU
		{229201F5-3D0C-47D3-AC71-09F1F9DAD0A9}.Debug|Any CPU.Build.0 = Debug|Any CPU
		{229201F5-3D0C-47D3-AC71-09F1F9DAD0A9}.Debug|x64.ActiveCfg = Debug|Any CPU
		{229201F5-3D0C-47D3-AC71-09F1F9DAD0A9}.Debug|x64.Build.0 = Debug|Any CPU
		{229201F5-3D0C-47D3-AC71-09F1F9DAD0A9}.Debug|x86.ActiveCfg = Debug|Any CPU
		{229201F5-3D0C-47D3-AC71-09F1F9DAD0A9}.Debug|x86.Build.0 = Debug|Any CPU
		{229201F5-3D0C-47D3-AC71-09F1F9DAD0A9}.Release|Any CPU.ActiveCfg = Release|Any CPU
		{229201F5-3D0C-47D3-AC71-09F1F9DAD0A9}.Release|Any CPU.Build.0 = Release|Any CPU
		{229201F5-3D0C-47D3-AC71-09F1F9DAD0A9}.Release|x64.ActiveCfg = Release|Any CPU
		{229201F5-3D0C-47D3-AC71-09F1F9DAD0A9}.Release|x64.Build.0 = Release|Any CPU
		{229201F5-3D0C-47D3-AC71-09F1F9DAD0A9}.Release|x86.ActiveCfg = Release|Any CPU
		{229201F5-3D0C-47D3-AC71-09F1F9DAD0A9}.Release|x86.Build.0 = Release|Any CPU
		{D0C2C27C-535E-40EA-B45C-765F36D65D40}.Debug|Any CPU.ActiveCfg = Debug|Any CPU
		{D0C2C27C-535E-40EA-B45C-765F36D65D40}.Debug|Any CPU.Build.0 = Debug|Any CPU
		{D0C2C27C-535E-40EA-B45C-765F36D65D40}.Debug|x64.ActiveCfg = Debug|Any CPU
		{D0C2C27C-535E-40EA-B45C-765F36D65D40}.Debug|x64.Build.0 = Debug|Any CPU
		{D0C2C27C-535E-40EA-B45C-765F36D65D40}.Debug|x86.ActiveCfg = Debug|Any CPU
		{D0C2C27C-535E-40EA-B45C-765F36D65D40}.Debug|x86.Build.0 = Debug|Any CPU
		{D0C2C27C-535E-40EA-B45C-765F36D65D40}.Release|Any CPU.ActiveCfg = Release|Any CPU
		{D0C2C27C-535E-40EA-B45C-765F36D65D40}.Release|Any CPU.Build.0 = Release|Any CPU
		{D0C2C27C-535E-40EA-B45C-765F36D65D40}.Release|x64.ActiveCfg = Release|Any CPU
		{D0C2C27C-535E-40EA-B45C-765F36D65D40}.Release|x64.Build.0 = Release|Any CPU
		{D0C2C27C-535E-40EA-B45C-765F36D65D40}.Release|x86.ActiveCfg = Release|Any CPU
		{D0C2C27C-535E-40EA-B45C-765F36D65D40}.Release|x86.Build.0 = Release|Any CPU
		{3D2DBADB-72B7-4977-9EE4-03EA2A66FE50}.Debug|Any CPU.ActiveCfg = Debug|Any CPU
		{3D2DBADB-72B7-4977-9EE4-03EA2A66FE50}.Debug|Any CPU.Build.0 = Debug|Any CPU
		{3D2DBADB-72B7-4977-9EE4-03EA2A66FE50}.Debug|x64.ActiveCfg = Debug|Any CPU
		{3D2DBADB-72B7-4977-9EE4-03EA2A66FE50}.Debug|x64.Build.0 = Debug|Any CPU
		{3D2DBADB-72B7-4977-9EE4-03EA2A66FE50}.Debug|x86.ActiveCfg = Debug|Any CPU
		{3D2DBADB-72B7-4977-9EE4-03EA2A66FE50}.Debug|x86.Build.0 = Debug|Any CPU
		{3D2DBADB-72B7-4977-9EE4-03EA2A66FE50}.Release|Any CPU.ActiveCfg = Release|Any CPU
		{3D2DBADB-72B7-4977-9EE4-03EA2A66FE50}.Release|Any CPU.Build.0 = Release|Any CPU
		{3D2DBADB-72B7-4977-9EE4-03EA2A66FE50}.Release|x64.ActiveCfg = Release|Any CPU
		{3D2DBADB-72B7-4977-9EE4-03EA2A66FE50}.Release|x64.Build.0 = Release|Any CPU
		{3D2DBADB-72B7-4977-9EE4-03EA2A66FE50}.Release|x86.ActiveCfg = Release|Any CPU
		{3D2DBADB-72B7-4977-9EE4-03EA2A66FE50}.Release|x86.Build.0 = Release|Any CPU
		{1E6A1211-3DB4-444E-9038-902321888A9D}.Debug|Any CPU.ActiveCfg = Debug|Any CPU
		{1E6A1211-3DB4-444E-9038-902321888A9D}.Debug|Any CPU.Build.0 = Debug|Any CPU
		{1E6A1211-3DB4-444E-9038-902321888A9D}.Debug|x64.ActiveCfg = Debug|Any CPU
		{1E6A1211-3DB4-444E-9038-902321888A9D}.Debug|x64.Build.0 = Debug|Any CPU
		{1E6A1211-3DB4-444E-9038-902321888A9D}.Debug|x86.ActiveCfg = Debug|Any CPU
		{1E6A1211-3DB4-444E-9038-902321888A9D}.Debug|x86.Build.0 = Debug|Any CPU
		{1E6A1211-3DB4-444E-9038-902321888A9D}.Release|Any CPU.ActiveCfg = Release|Any CPU
		{1E6A1211-3DB4-444E-9038-902321888A9D}.Release|Any CPU.Build.0 = Release|Any CPU
		{1E6A1211-3DB4-444E-9038-902321888A9D}.Release|x64.ActiveCfg = Release|Any CPU
		{1E6A1211-3DB4-444E-9038-902321888A9D}.Release|x64.Build.0 = Release|Any CPU
		{1E6A1211-3DB4-444E-9038-902321888A9D}.Release|x86.ActiveCfg = Release|Any CPU
		{1E6A1211-3DB4-444E-9038-902321888A9D}.Release|x86.Build.0 = Release|Any CPU
		{ABE9DC31-B8BD-42C8-8F49-D2006C434A24}.Debug|Any CPU.ActiveCfg = Debug|Any CPU
		{ABE9DC31-B8BD-42C8-8F49-D2006C434A24}.Debug|Any CPU.Build.0 = Debug|Any CPU
		{ABE9DC31-B8BD-42C8-8F49-D2006C434A24}.Debug|x64.ActiveCfg = Debug|Any CPU
		{ABE9DC31-B8BD-42C8-8F49-D2006C434A24}.Debug|x64.Build.0 = Debug|Any CPU
		{ABE9DC31-B8BD-42C8-8F49-D2006C434A24}.Debug|x86.ActiveCfg = Debug|Any CPU
		{ABE9DC31-B8BD-42C8-8F49-D2006C434A24}.Debug|x86.Build.0 = Debug|Any CPU
		{ABE9DC31-B8BD-42C8-8F49-D2006C434A24}.Release|Any CPU.ActiveCfg = Release|Any CPU
		{ABE9DC31-B8BD-42C8-8F49-D2006C434A24}.Release|Any CPU.Build.0 = Release|Any CPU
		{ABE9DC31-B8BD-42C8-8F49-D2006C434A24}.Release|x64.ActiveCfg = Release|Any CPU
		{ABE9DC31-B8BD-42C8-8F49-D2006C434A24}.Release|x64.Build.0 = Release|Any CPU
		{ABE9DC31-B8BD-42C8-8F49-D2006C434A24}.Release|x86.ActiveCfg = Release|Any CPU
		{ABE9DC31-B8BD-42C8-8F49-D2006C434A24}.Release|x86.Build.0 = Release|Any CPU
		{F923C764-7F31-4AE7-8E1B-6C7B7F4ED0E8}.Debug|Any CPU.ActiveCfg = Debug|Any CPU
		{F923C764-7F31-4AE7-8E1B-6C7B7F4ED0E8}.Debug|Any CPU.Build.0 = Debug|Any CPU
		{F923C764-7F31-4AE7-8E1B-6C7B7F4ED0E8}.Debug|x64.ActiveCfg = Debug|Any CPU
		{F923C764-7F31-4AE7-8E1B-6C7B7F4ED0E8}.Debug|x64.Build.0 = Debug|Any CPU
		{F923C764-7F31-4AE7-8E1B-6C7B7F4ED0E8}.Debug|x86.ActiveCfg = Debug|Any CPU
		{F923C764-7F31-4AE7-8E1B-6C7B7F4ED0E8}.Debug|x86.Build.0 = Debug|Any CPU
		{F923C764-7F31-4AE7-8E1B-6C7B7F4ED0E8}.Release|Any CPU.ActiveCfg = Release|Any CPU
		{F923C764-7F31-4AE7-8E1B-6C7B7F4ED0E8}.Release|Any CPU.Build.0 = Release|Any CPU
		{F923C764-7F31-4AE7-8E1B-6C7B7F4ED0E8}.Release|x64.ActiveCfg = Release|Any CPU
		{F923C764-7F31-4AE7-8E1B-6C7B7F4ED0E8}.Release|x64.Build.0 = Release|Any CPU
		{F923C764-7F31-4AE7-8E1B-6C7B7F4ED0E8}.Release|x86.ActiveCfg = Release|Any CPU
		{F923C764-7F31-4AE7-8E1B-6C7B7F4ED0E8}.Release|x86.Build.0 = Release|Any CPU
		{9D5DF7D5-8B69-46BD-9C1F-C2F9EB02B2E5}.Debug|Any CPU.ActiveCfg = Debug|Any CPU
		{9D5DF7D5-8B69-46BD-9C1F-C2F9EB02B2E5}.Debug|Any CPU.Build.0 = Debug|Any CPU
		{9D5DF7D5-8B69-46BD-9C1F-C2F9EB02B2E5}.Debug|x64.ActiveCfg = Debug|Any CPU
		{9D5DF7D5-8B69-46BD-9C1F-C2F9EB02B2E5}.Debug|x64.Build.0 = Debug|Any CPU
		{9D5DF7D5-8B69-46BD-9C1F-C2F9EB02B2E5}.Debug|x86.ActiveCfg = Debug|Any CPU
		{9D5DF7D5-8B69-46BD-9C1F-C2F9EB02B2E5}.Debug|x86.Build.0 = Debug|Any CPU
		{9D5DF7D5-8B69-46BD-9C1F-C2F9EB02B2E5}.Release|Any CPU.ActiveCfg = Release|Any CPU
		{9D5DF7D5-8B69-46BD-9C1F-C2F9EB02B2E5}.Release|Any CPU.Build.0 = Release|Any CPU
		{9D5DF7D5-8B69-46BD-9C1F-C2F9EB02B2E5}.Release|x64.ActiveCfg = Release|Any CPU
		{9D5DF7D5-8B69-46BD-9C1F-C2F9EB02B2E5}.Release|x64.Build.0 = Release|Any CPU
		{9D5DF7D5-8B69-46BD-9C1F-C2F9EB02B2E5}.Release|x86.ActiveCfg = Release|Any CPU
		{9D5DF7D5-8B69-46BD-9C1F-C2F9EB02B2E5}.Release|x86.Build.0 = Release|Any CPU
		{D4AA6EC4-65A4-4247-AB95-2250D2DEE0DB}.Debug|Any CPU.ActiveCfg = Debug|Any CPU
		{D4AA6EC4-65A4-4247-AB95-2250D2DEE0DB}.Debug|Any CPU.Build.0 = Debug|Any CPU
		{D4AA6EC4-65A4-4247-AB95-2250D2DEE0DB}.Debug|x64.ActiveCfg = Debug|Any CPU
		{D4AA6EC4-65A4-4247-AB95-2250D2DEE0DB}.Debug|x64.Build.0 = Debug|Any CPU
		{D4AA6EC4-65A4-4247-AB95-2250D2DEE0DB}.Debug|x86.ActiveCfg = Debug|Any CPU
		{D4AA6EC4-65A4-4247-AB95-2250D2DEE0DB}.Debug|x86.Build.0 = Debug|Any CPU
		{D4AA6EC4-65A4-4247-AB95-2250D2DEE0DB}.Release|Any CPU.ActiveCfg = Release|Any CPU
		{D4AA6EC4-65A4-4247-AB95-2250D2DEE0DB}.Release|Any CPU.Build.0 = Release|Any CPU
		{D4AA6EC4-65A4-4247-AB95-2250D2DEE0DB}.Release|x64.ActiveCfg = Release|Any CPU
		{D4AA6EC4-65A4-4247-AB95-2250D2DEE0DB}.Release|x64.Build.0 = Release|Any CPU
		{D4AA6EC4-65A4-4247-AB95-2250D2DEE0DB}.Release|x86.ActiveCfg = Release|Any CPU
		{D4AA6EC4-65A4-4247-AB95-2250D2DEE0DB}.Release|x86.Build.0 = Release|Any CPU
		{14CE0994-1DFE-4576-BAFD-900DD8C3325F}.Debug|Any CPU.ActiveCfg = Debug|Any CPU
		{14CE0994-1DFE-4576-BAFD-900DD8C3325F}.Debug|Any CPU.Build.0 = Debug|Any CPU
		{14CE0994-1DFE-4576-BAFD-900DD8C3325F}.Debug|x64.ActiveCfg = Debug|Any CPU
		{14CE0994-1DFE-4576-BAFD-900DD8C3325F}.Debug|x64.Build.0 = Debug|Any CPU
		{14CE0994-1DFE-4576-BAFD-900DD8C3325F}.Debug|x86.ActiveCfg = Debug|Any CPU
		{14CE0994-1DFE-4576-BAFD-900DD8C3325F}.Debug|x86.Build.0 = Debug|Any CPU
		{14CE0994-1DFE-4576-BAFD-900DD8C3325F}.Release|Any CPU.ActiveCfg = Release|Any CPU
		{14CE0994-1DFE-4576-BAFD-900DD8C3325F}.Release|Any CPU.Build.0 = Release|Any CPU
		{14CE0994-1DFE-4576-BAFD-900DD8C3325F}.Release|x64.ActiveCfg = Release|Any CPU
		{14CE0994-1DFE-4576-BAFD-900DD8C3325F}.Release|x64.Build.0 = Release|Any CPU
		{14CE0994-1DFE-4576-BAFD-900DD8C3325F}.Release|x86.ActiveCfg = Release|Any CPU
		{14CE0994-1DFE-4576-BAFD-900DD8C3325F}.Release|x86.Build.0 = Release|Any CPU
		{C17EDCDD-AA89-4966-84A5-5F23AF7D86BB}.Debug|Any CPU.ActiveCfg = Debug|Any CPU
		{C17EDCDD-AA89-4966-84A5-5F23AF7D86BB}.Debug|Any CPU.Build.0 = Debug|Any CPU
		{C17EDCDD-AA89-4966-84A5-5F23AF7D86BB}.Debug|x64.ActiveCfg = Debug|Any CPU
		{C17EDCDD-AA89-4966-84A5-5F23AF7D86BB}.Debug|x64.Build.0 = Debug|Any CPU
		{C17EDCDD-AA89-4966-84A5-5F23AF7D86BB}.Debug|x86.ActiveCfg = Debug|Any CPU
		{C17EDCDD-AA89-4966-84A5-5F23AF7D86BB}.Debug|x86.Build.0 = Debug|Any CPU
		{C17EDCDD-AA89-4966-84A5-5F23AF7D86BB}.Release|Any CPU.ActiveCfg = Release|Any CPU
		{C17EDCDD-AA89-4966-84A5-5F23AF7D86BB}.Release|Any CPU.Build.0 = Release|Any CPU
		{C17EDCDD-AA89-4966-84A5-5F23AF7D86BB}.Release|x64.ActiveCfg = Release|Any CPU
		{C17EDCDD-AA89-4966-84A5-5F23AF7D86BB}.Release|x64.Build.0 = Release|Any CPU
		{C17EDCDD-AA89-4966-84A5-5F23AF7D86BB}.Release|x86.ActiveCfg = Release|Any CPU
		{C17EDCDD-AA89-4966-84A5-5F23AF7D86BB}.Release|x86.Build.0 = Release|Any CPU
		{83529C0C-2577-4A90-A545-E58A0F2D1EBF}.Debug|Any CPU.ActiveCfg = Debug|Any CPU
		{83529C0C-2577-4A90-A545-E58A0F2D1EBF}.Debug|Any CPU.Build.0 = Debug|Any CPU
		{83529C0C-2577-4A90-A545-E58A0F2D1EBF}.Debug|x64.ActiveCfg = Debug|Any CPU
		{83529C0C-2577-4A90-A545-E58A0F2D1EBF}.Debug|x64.Build.0 = Debug|Any CPU
		{83529C0C-2577-4A90-A545-E58A0F2D1EBF}.Debug|x86.ActiveCfg = Debug|Any CPU
		{83529C0C-2577-4A90-A545-E58A0F2D1EBF}.Debug|x86.Build.0 = Debug|Any CPU
		{83529C0C-2577-4A90-A545-E58A0F2D1EBF}.Release|Any CPU.ActiveCfg = Release|Any CPU
		{83529C0C-2577-4A90-A545-E58A0F2D1EBF}.Release|Any CPU.Build.0 = Release|Any CPU
		{83529C0C-2577-4A90-A545-E58A0F2D1EBF}.Release|x64.ActiveCfg = Release|Any CPU
		{83529C0C-2577-4A90-A545-E58A0F2D1EBF}.Release|x64.Build.0 = Release|Any CPU
		{83529C0C-2577-4A90-A545-E58A0F2D1EBF}.Release|x86.ActiveCfg = Release|Any CPU
		{83529C0C-2577-4A90-A545-E58A0F2D1EBF}.Release|x86.Build.0 = Release|Any CPU
		{D38AB2C5-3CDC-45FB-A74F-88E7835C7E1F}.Debug|Any CPU.ActiveCfg = Debug|Any CPU
		{D38AB2C5-3CDC-45FB-A74F-88E7835C7E1F}.Debug|Any CPU.Build.0 = Debug|Any CPU
		{D38AB2C5-3CDC-45FB-A74F-88E7835C7E1F}.Debug|x64.ActiveCfg = Debug|Any CPU
		{D38AB2C5-3CDC-45FB-A74F-88E7835C7E1F}.Debug|x64.Build.0 = Debug|Any CPU
		{D38AB2C5-3CDC-45FB-A74F-88E7835C7E1F}.Debug|x86.ActiveCfg = Debug|Any CPU
		{D38AB2C5-3CDC-45FB-A74F-88E7835C7E1F}.Debug|x86.Build.0 = Debug|Any CPU
		{D38AB2C5-3CDC-45FB-A74F-88E7835C7E1F}.Release|Any CPU.ActiveCfg = Release|Any CPU
		{D38AB2C5-3CDC-45FB-A74F-88E7835C7E1F}.Release|Any CPU.Build.0 = Release|Any CPU
		{D38AB2C5-3CDC-45FB-A74F-88E7835C7E1F}.Release|x64.ActiveCfg = Release|Any CPU
		{D38AB2C5-3CDC-45FB-A74F-88E7835C7E1F}.Release|x64.Build.0 = Release|Any CPU
		{D38AB2C5-3CDC-45FB-A74F-88E7835C7E1F}.Release|x86.ActiveCfg = Release|Any CPU
		{D38AB2C5-3CDC-45FB-A74F-88E7835C7E1F}.Release|x86.Build.0 = Release|Any CPU
		{4ABF8628-553D-44DC-9A37-7FA3734F1D6B}.Debug|Any CPU.ActiveCfg = Debug|Any CPU
		{4ABF8628-553D-44DC-9A37-7FA3734F1D6B}.Debug|Any CPU.Build.0 = Debug|Any CPU
		{4ABF8628-553D-44DC-9A37-7FA3734F1D6B}.Debug|x64.ActiveCfg = Debug|Any CPU
		{4ABF8628-553D-44DC-9A37-7FA3734F1D6B}.Debug|x64.Build.0 = Debug|Any CPU
		{4ABF8628-553D-44DC-9A37-7FA3734F1D6B}.Debug|x86.ActiveCfg = Debug|Any CPU
		{4ABF8628-553D-44DC-9A37-7FA3734F1D6B}.Debug|x86.Build.0 = Debug|Any CPU
		{4ABF8628-553D-44DC-9A37-7FA3734F1D6B}.Release|Any CPU.ActiveCfg = Release|Any CPU
		{4ABF8628-553D-44DC-9A37-7FA3734F1D6B}.Release|Any CPU.Build.0 = Release|Any CPU
		{4ABF8628-553D-44DC-9A37-7FA3734F1D6B}.Release|x64.ActiveCfg = Release|Any CPU
		{4ABF8628-553D-44DC-9A37-7FA3734F1D6B}.Release|x64.Build.0 = Release|Any CPU
		{4ABF8628-553D-44DC-9A37-7FA3734F1D6B}.Release|x86.ActiveCfg = Release|Any CPU
		{4ABF8628-553D-44DC-9A37-7FA3734F1D6B}.Release|x86.Build.0 = Release|Any CPU
		{6F0AEC2B-E4EB-4474-9DFA-59319BB15245}.Debug|Any CPU.ActiveCfg = Debug|Any CPU
		{6F0AEC2B-E4EB-4474-9DFA-59319BB15245}.Debug|Any CPU.Build.0 = Debug|Any CPU
		{6F0AEC2B-E4EB-4474-9DFA-59319BB15245}.Debug|x64.ActiveCfg = Debug|Any CPU
		{6F0AEC2B-E4EB-4474-9DFA-59319BB15245}.Debug|x64.Build.0 = Debug|Any CPU
		{6F0AEC2B-E4EB-4474-9DFA-59319BB15245}.Debug|x86.ActiveCfg = Debug|Any CPU
		{6F0AEC2B-E4EB-4474-9DFA-59319BB15245}.Debug|x86.Build.0 = Debug|Any CPU
		{6F0AEC2B-E4EB-4474-9DFA-59319BB15245}.Release|Any CPU.ActiveCfg = Release|Any CPU
		{6F0AEC2B-E4EB-4474-9DFA-59319BB15245}.Release|Any CPU.Build.0 = Release|Any CPU
		{6F0AEC2B-E4EB-4474-9DFA-59319BB15245}.Release|x64.ActiveCfg = Release|Any CPU
		{6F0AEC2B-E4EB-4474-9DFA-59319BB15245}.Release|x64.Build.0 = Release|Any CPU
		{6F0AEC2B-E4EB-4474-9DFA-59319BB15245}.Release|x86.ActiveCfg = Release|Any CPU
		{6F0AEC2B-E4EB-4474-9DFA-59319BB15245}.Release|x86.Build.0 = Release|Any CPU
		{447E6C68-8D20-4EDA-959A-C5B8200B8B24}.Debug|Any CPU.ActiveCfg = Debug|Any CPU
		{447E6C68-8D20-4EDA-959A-C5B8200B8B24}.Debug|Any CPU.Build.0 = Debug|Any CPU
		{447E6C68-8D20-4EDA-959A-C5B8200B8B24}.Debug|x64.ActiveCfg = Debug|Any CPU
		{447E6C68-8D20-4EDA-959A-C5B8200B8B24}.Debug|x64.Build.0 = Debug|Any CPU
		{447E6C68-8D20-4EDA-959A-C5B8200B8B24}.Debug|x86.ActiveCfg = Debug|Any CPU
		{447E6C68-8D20-4EDA-959A-C5B8200B8B24}.Debug|x86.Build.0 = Debug|Any CPU
		{447E6C68-8D20-4EDA-959A-C5B8200B8B24}.Release|Any CPU.ActiveCfg = Release|Any CPU
		{447E6C68-8D20-4EDA-959A-C5B8200B8B24}.Release|Any CPU.Build.0 = Release|Any CPU
		{447E6C68-8D20-4EDA-959A-C5B8200B8B24}.Release|x64.ActiveCfg = Release|Any CPU
		{447E6C68-8D20-4EDA-959A-C5B8200B8B24}.Release|x64.Build.0 = Release|Any CPU
		{447E6C68-8D20-4EDA-959A-C5B8200B8B24}.Release|x86.ActiveCfg = Release|Any CPU
		{447E6C68-8D20-4EDA-959A-C5B8200B8B24}.Release|x86.Build.0 = Release|Any CPU
		{81637546-9FAB-4280-871B-469A7B567519}.Debug|Any CPU.ActiveCfg = Debug|Any CPU
		{81637546-9FAB-4280-871B-469A7B567519}.Debug|Any CPU.Build.0 = Debug|Any CPU
		{81637546-9FAB-4280-871B-469A7B567519}.Debug|x64.ActiveCfg = Debug|Any CPU
		{81637546-9FAB-4280-871B-469A7B567519}.Debug|x64.Build.0 = Debug|Any CPU
		{81637546-9FAB-4280-871B-469A7B567519}.Debug|x86.ActiveCfg = Debug|Any CPU
		{81637546-9FAB-4280-871B-469A7B567519}.Debug|x86.Build.0 = Debug|Any CPU
		{81637546-9FAB-4280-871B-469A7B567519}.Release|Any CPU.ActiveCfg = Release|Any CPU
		{81637546-9FAB-4280-871B-469A7B567519}.Release|Any CPU.Build.0 = Release|Any CPU
		{81637546-9FAB-4280-871B-469A7B567519}.Release|x64.ActiveCfg = Release|Any CPU
		{81637546-9FAB-4280-871B-469A7B567519}.Release|x64.Build.0 = Release|Any CPU
		{81637546-9FAB-4280-871B-469A7B567519}.Release|x86.ActiveCfg = Release|Any CPU
		{81637546-9FAB-4280-871B-469A7B567519}.Release|x86.Build.0 = Release|Any CPU
		{5A8EBBEF-EC54-4804-8207-603D169EE658}.Debug|Any CPU.ActiveCfg = Debug|Any CPU
		{5A8EBBEF-EC54-4804-8207-603D169EE658}.Debug|Any CPU.Build.0 = Debug|Any CPU
		{5A8EBBEF-EC54-4804-8207-603D169EE658}.Debug|x64.ActiveCfg = Debug|Any CPU
		{5A8EBBEF-EC54-4804-8207-603D169EE658}.Debug|x64.Build.0 = Debug|Any CPU
		{5A8EBBEF-EC54-4804-8207-603D169EE658}.Debug|x86.ActiveCfg = Debug|Any CPU
		{5A8EBBEF-EC54-4804-8207-603D169EE658}.Debug|x86.Build.0 = Debug|Any CPU
		{5A8EBBEF-EC54-4804-8207-603D169EE658}.Release|Any CPU.ActiveCfg = Release|Any CPU
		{5A8EBBEF-EC54-4804-8207-603D169EE658}.Release|Any CPU.Build.0 = Release|Any CPU
		{5A8EBBEF-EC54-4804-8207-603D169EE658}.Release|x64.ActiveCfg = Release|Any CPU
		{5A8EBBEF-EC54-4804-8207-603D169EE658}.Release|x64.Build.0 = Release|Any CPU
		{5A8EBBEF-EC54-4804-8207-603D169EE658}.Release|x86.ActiveCfg = Release|Any CPU
		{5A8EBBEF-EC54-4804-8207-603D169EE658}.Release|x86.Build.0 = Release|Any CPU
	EndGlobalSection
	GlobalSection(SolutionProperties) = preSolution
		HideSolutionNode = FALSE
	EndGlobalSection
	GlobalSection(NestedProjects) = preSolution
		{6CEEAA1E-BE00-418D-908F-1CFB352173EA} = {28A93952-991F-45F1-A3E6-EF06E43EFCC0}
		{6905B539-210B-4AE9-BC67-48BCE301AE7F} = {28A93952-991F-45F1-A3E6-EF06E43EFCC0}
		{D4173C46-D392-4287-A388-06A4F48952F5} = {28A93952-991F-45F1-A3E6-EF06E43EFCC0}
		{F76ECABC-EB72-4BC0-89F9-A4D7251AD1CB} = {28A93952-991F-45F1-A3E6-EF06E43EFCC0}
		{0F941BB9-03A2-42E2-A393-3AB5A472BF97} = {28A93952-991F-45F1-A3E6-EF06E43EFCC0}
		{912EA5A2-CC56-4678-AA5E-653319452A93} = {28A93952-991F-45F1-A3E6-EF06E43EFCC0}
		{3030C036-F2E7-4E3C-B60D-E1B4A194E98D} = {28A93952-991F-45F1-A3E6-EF06E43EFCC0}
		{C0945916-90F0-4A66-8E9B-DDD33663F324} = {28A93952-991F-45F1-A3E6-EF06E43EFCC0}
		{21BBD834-2C3F-45B4-9580-92144CE165FB} = {28A93952-991F-45F1-A3E6-EF06E43EFCC0}
		{F791214E-3C28-4797-A2B6-F6828BB3E882} = {28A93952-991F-45F1-A3E6-EF06E43EFCC0}
		{A95A9FF7-1BE1-4E8D-9E7D-28DC0B7268A7} = {28A93952-991F-45F1-A3E6-EF06E43EFCC0}
		{7CD2D2AE-9C2F-4AC6-94BC-D4D422B2A37D} = {28A93952-991F-45F1-A3E6-EF06E43EFCC0}
		{75E35AAC-27EF-4B06-AE62-B3A6F91E6FC0} = {28A93952-991F-45F1-A3E6-EF06E43EFCC0}
		{26A1DC74-EBEB-48DD-B6C0-48ACC4D40D72} = {28A93952-991F-45F1-A3E6-EF06E43EFCC0}
		{CC7F8AB4-119F-474B-BD84-899696C6B3DF} = {28A93952-991F-45F1-A3E6-EF06E43EFCC0}
		{C90EE322-89CC-42AE-B0E1-D33C5AED9A49} = {28A93952-991F-45F1-A3E6-EF06E43EFCC0}
		{638D4CBF-F0B1-46FE-8398-781A79037ADA} = {28A93952-991F-45F1-A3E6-EF06E43EFCC0}
		{C441D035-8079-4345-B349-53D1D4F537A8} = {28A93952-991F-45F1-A3E6-EF06E43EFCC0}
		{0D8618F8-0480-4328-96D5-CCEBFA4E5BDF} = {28A93952-991F-45F1-A3E6-EF06E43EFCC0}
		{376737CD-EAE8-4EBF-93A0-C6A2DB5FB7A2} = {28A93952-991F-45F1-A3E6-EF06E43EFCC0}
		{D924B142-C833-4480-B677-4A090FC96398} = {238F75B6-F573-4E9E-9448-433F333ED022}
		{4D338026-3FA0-40E8-8AF2-C040920F6BE6} = {238F75B6-F573-4E9E-9448-433F333ED022}
		{229201F5-3D0C-47D3-AC71-09F1F9DAD0A9} = {238F75B6-F573-4E9E-9448-433F333ED022}
		{D0C2C27C-535E-40EA-B45C-765F36D65D40} = {238F75B6-F573-4E9E-9448-433F333ED022}
		{3D2DBADB-72B7-4977-9EE4-03EA2A66FE50} = {238F75B6-F573-4E9E-9448-433F333ED022}
		{F923C764-7F31-4AE7-8E1B-6C7B7F4ED0E8} = {238F75B6-F573-4E9E-9448-433F333ED022}
		{9D5DF7D5-8B69-46BD-9C1F-C2F9EB02B2E5} = {238F75B6-F573-4E9E-9448-433F333ED022}
		{6F0AEC2B-E4EB-4474-9DFA-59319BB15245} = {238F75B6-F573-4E9E-9448-433F333ED022}
		{447E6C68-8D20-4EDA-959A-C5B8200B8B24} = {238F75B6-F573-4E9E-9448-433F333ED022}
		{81637546-9FAB-4280-871B-469A7B567519} = {238F75B6-F573-4E9E-9448-433F333ED022}
	EndGlobalSection
	GlobalSection(ExtensibilityGlobals) = postSolution
		SolutionGuid = {DF9102D7-E284-4898-9C33-9C2227D29B4C}
	EndGlobalSection
EndGlobal
